// !$*UTF8*$!
{
	archiveVersion = 1;
	classes = {
	};
	objectVersion = 46;
	objects = {

/* Begin PBXBuildFile section */
		B0003DAA1DADB86B00F710C8 /* ProfileLayout.xib in Resources */ = {isa = PBXBuildFile; fileRef = B0003DA91DADB86B00F710C8 /* ProfileLayout.xib */; };
		B0003DAE1DADB8BF00F710C8 /* ProfileController.swift in Sources */ = {isa = PBXBuildFile; fileRef = B0003DAD1DADB8BF00F710C8 /* ProfileController.swift */; };
		B0041D621DB03B750013C56A /* campfire@2x.png in Resources */ = {isa = PBXBuildFile; fileRef = B0041D611DB03B750013C56A /* campfire@2x.png */; };
		B0041D641DB03D070013C56A /* StoryLayout.xib in Resources */ = {isa = PBXBuildFile; fileRef = B0041D631DB03D070013C56A /* StoryLayout.xib */; };
		B0041D6D1DB041230013C56A /* story1.png in Resources */ = {isa = PBXBuildFile; fileRef = B0041D681DB041230013C56A /* story1.png */; };
		B0041D6E1DB041230013C56A /* story2.png in Resources */ = {isa = PBXBuildFile; fileRef = B0041D691DB041230013C56A /* story2.png */; };
		B0041D6F1DB041230013C56A /* story3.png in Resources */ = {isa = PBXBuildFile; fileRef = B0041D6A1DB041230013C56A /* story3.png */; };
		B0041D701DB041230013C56A /* story4.png in Resources */ = {isa = PBXBuildFile; fileRef = B0041D6B1DB041230013C56A /* story4.png */; };
		B0041D711DB041230013C56A /* story5.png in Resources */ = {isa = PBXBuildFile; fileRef = B0041D6C1DB041230013C56A /* story5.png */; };
		B0041D731DB043910013C56A /* EndOfChapterLayout.xib in Resources */ = {isa = PBXBuildFile; fileRef = B0041D721DB043910013C56A /* EndOfChapterLayout.xib */; };
		B00F40551DAD588D0020C2CE /* bgLoading.png in Resources */ = {isa = PBXBuildFile; fileRef = B00F40541DAD588D0020C2CE /* bgLoading.png */; };
		B00F405B1DAD5C940020C2CE /* NavCellLayout.xib in Resources */ = {isa = PBXBuildFile; fileRef = B00F405A1DAD5C940020C2CE /* NavCellLayout.xib */; };
		B00F405D1DAD5D330020C2CE /* iconNav.png in Resources */ = {isa = PBXBuildFile; fileRef = B00F405C1DAD5D330020C2CE /* iconNav.png */; };
		B00F405F1DAD5D870020C2CE /* NavCell.swift in Sources */ = {isa = PBXBuildFile; fileRef = B00F405E1DAD5D870020C2CE /* NavCell.swift */; };
		B00F40611DAD64580020C2CE /* NavMenu.swift in Sources */ = {isa = PBXBuildFile; fileRef = B00F40601DAD64580020C2CE /* NavMenu.swift */; };
		B037898B1DAD501100DCCACC /* PortalController.swift in Sources */ = {isa = PBXBuildFile; fileRef = B03789891DAD501100DCCACC /* PortalController.swift */; };
		B037898C1DAD501100DCCACC /* StoryController.swift in Sources */ = {isa = PBXBuildFile; fileRef = B037898A1DAD501100DCCACC /* StoryController.swift */; };
		B037898E1DAD54BF00DCCACC /* PortalLayout.xib in Resources */ = {isa = PBXBuildFile; fileRef = B037898D1DAD54BF00DCCACC /* PortalLayout.xib */; };
		B03789991DAD571A00DCCACC /* DidactGothic.ttf in Resources */ = {isa = PBXBuildFile; fileRef = B03789981DAD571A00DCCACC /* DidactGothic.ttf */; };
		B043486C1D99EEEF00C8EE2B /* AppDelegate.swift in Sources */ = {isa = PBXBuildFile; fileRef = B043486B1D99EEEF00C8EE2B /* AppDelegate.swift */; };
		B04348771D99EEEF00C8EE2B /* Assets.xcassets in Resources */ = {isa = PBXBuildFile; fileRef = B04348761D99EEEF00C8EE2B /* Assets.xcassets */; };
		B04348851D99F0BF00C8EE2B /* GameScene.swift in Sources */ = {isa = PBXBuildFile; fileRef = B04348841D99F0BF00C8EE2B /* GameScene.swift */; };
		B04348881D99F0E800C8EE2B /* SKScenePlus.swift in Sources */ = {isa = PBXBuildFile; fileRef = B04348871D99F0E800C8EE2B /* SKScenePlus.swift */; };
		B043488E1D99F18A00C8EE2B /* Atlasser.swift in Sources */ = {isa = PBXBuildFile; fileRef = B04348891D99F18A00C8EE2B /* Atlasser.swift */; };
		B043488F1D99F18A00C8EE2B /* DataUtils.swift in Sources */ = {isa = PBXBuildFile; fileRef = B043488A1D99F18A00C8EE2B /* DataUtils.swift */; };
		B04348901D99F18A00C8EE2B /* SKMultilineLabel.swift in Sources */ = {isa = PBXBuildFile; fileRef = B043488B1D99F18A00C8EE2B /* SKMultilineLabel.swift */; };
		B04348911D99F18A00C8EE2B /* SpriteKitUtils.swift in Sources */ = {isa = PBXBuildFile; fileRef = B043488C1D99F18A00C8EE2B /* SpriteKitUtils.swift */; };
		B043911A1D9EDC44000CC018 /* UIKitUtils.swift in Sources */ = {isa = PBXBuildFile; fileRef = B04391191D9EDC44000CC018 /* UIKitUtils.swift */; };
		B043911C1D9EDC51000CC018 /* MasterController.swift in Sources */ = {isa = PBXBuildFile; fileRef = B043911B1D9EDC51000CC018 /* MasterController.swift */; };
		B05508201DAEBD7200BDD1F2 /* StylizedButton.swift in Sources */ = {isa = PBXBuildFile; fileRef = B055081F1DAEBD7200BDD1F2 /* StylizedButton.swift */; };
		B05508221DAEC66C00BDD1F2 /* MyShelfLayout.xib in Resources */ = {isa = PBXBuildFile; fileRef = B05508211DAEC66C00BDD1F2 /* MyShelfLayout.xib */; };
		B05508261DAEE07400BDD1F2 /* MyShelfController.swift in Sources */ = {isa = PBXBuildFile; fileRef = B05508251DAEE07400BDD1F2 /* MyShelfController.swift */; };
		B055082A1DAEE15400BDD1F2 /* ShortSceneLayout.xib in Resources */ = {isa = PBXBuildFile; fileRef = B05508291DAEE15400BDD1F2 /* ShortSceneLayout.xib */; };
		B055082C1DAEE31F00BDD1F2 /* cass@2x.png in Resources */ = {isa = PBXBuildFile; fileRef = B055082B1DAEE31F00BDD1F2 /* cass@2x.png */; };
		B055082E1DAEE60400BDD1F2 /* iconCassName@2x.png in Resources */ = {isa = PBXBuildFile; fileRef = B055082D1DAEE60400BDD1F2 /* iconCassName@2x.png */; };
		B05508301DAEE7A500BDD1F2 /* iconEdit@2x.png in Resources */ = {isa = PBXBuildFile; fileRef = B055082F1DAEE7A500BDD1F2 /* iconEdit@2x.png */; };
		B05508321DAEECFD00BDD1F2 /* CredBar.swift in Sources */ = {isa = PBXBuildFile; fileRef = B05508311DAEECFD00BDD1F2 /* CredBar.swift */; };
		B05508341DAEED4300BDD1F2 /* CredBarLayout.xib in Resources */ = {isa = PBXBuildFile; fileRef = B05508331DAEED4300BDD1F2 /* CredBarLayout.xib */; };
		B05508361DAF025E00BDD1F2 /* AchievementLayout.xib in Resources */ = {isa = PBXBuildFile; fileRef = B05508351DAF025E00BDD1F2 /* AchievementLayout.xib */; };
		B055083A1DAF034A00BDD1F2 /* iconLaurelGold@2x.png in Resources */ = {isa = PBXBuildFile; fileRef = B05508371DAF034A00BDD1F2 /* iconLaurelGold@2x.png */; };
		B055083B1DAF034A00BDD1F2 /* iconLaurelGray@2x.png in Resources */ = {isa = PBXBuildFile; fileRef = B05508381DAF034A00BDD1F2 /* iconLaurelGray@2x.png */; };
		B055083C1DAF034A00BDD1F2 /* iconLaurelPlatinum@2x.png in Resources */ = {isa = PBXBuildFile; fileRef = B05508391DAF034A00BDD1F2 /* iconLaurelPlatinum@2x.png */; };
		B055083E1DAF040300BDD1F2 /* Achievement.swift in Sources */ = {isa = PBXBuildFile; fileRef = B055083D1DAF040300BDD1F2 /* Achievement.swift */; };
		B05508461DAF0A7100BDD1F2 /* buttonFollow@2x.png in Resources */ = {isa = PBXBuildFile; fileRef = B05508441DAF0A7100BDD1F2 /* buttonFollow@2x.png */; };
		B05508471DAF0A7100BDD1F2 /* buttonFollowing@2x.png in Resources */ = {isa = PBXBuildFile; fileRef = B05508451DAF0A7100BDD1F2 /* buttonFollowing@2x.png */; };
		B05508491DAF117B00BDD1F2 /* ShelfLayout.xib in Resources */ = {isa = PBXBuildFile; fileRef = B05508481DAF117B00BDD1F2 /* ShelfLayout.xib */; };
		B055084B1DAF118500BDD1F2 /* Shelf.swift in Sources */ = {isa = PBXBuildFile; fileRef = B055084A1DAF118500BDD1F2 /* Shelf.swift */; };
		B055084D1DAF125200BDD1F2 /* bgShelfHeader@2x.png in Resources */ = {isa = PBXBuildFile; fileRef = B055084C1DAF125200BDD1F2 /* bgShelfHeader@2x.png */; };
		B05508541DB02DEE00BDD1F2 /* StoryCardLayout.xib in Resources */ = {isa = PBXBuildFile; fileRef = B05508531DB02DEE00BDD1F2 /* StoryCardLayout.xib */; };
		B05508561DB02EA300BDD1F2 /* StoryCard.swift in Sources */ = {isa = PBXBuildFile; fileRef = B05508551DB02EA300BDD1F2 /* StoryCard.swift */; };
		B070AFBC1DBEC1BE00EA627F /* navAdventures@2x.png in Resources */ = {isa = PBXBuildFile; fileRef = B070AFB11DBEC1BE00EA627F /* navAdventures@2x.png */; };
		B070AFBD1DBEC1BE00EA627F /* navCreate@2x.png in Resources */ = {isa = PBXBuildFile; fileRef = B070AFB21DBEC1BE00EA627F /* navCreate@2x.png */; };
		B070AFBE1DBEC1BE00EA627F /* navDemi@2x.png in Resources */ = {isa = PBXBuildFile; fileRef = B070AFB31DBEC1BE00EA627F /* navDemi@2x.png */; };
		B070AFBF1DBEC1BE00EA627F /* navFeatured@2x.png in Resources */ = {isa = PBXBuildFile; fileRef = B070AFB41DBEC1BE00EA627F /* navFeatured@2x.png */; };
		B070AFC01DBEC1BE00EA627F /* navFeed@2x.png in Resources */ = {isa = PBXBuildFile; fileRef = B070AFB51DBEC1BE00EA627F /* navFeed@2x.png */; };
		B070AFC11DBEC1BE00EA627F /* navGenres@2x.png in Resources */ = {isa = PBXBuildFile; fileRef = B070AFB61DBEC1BE00EA627F /* navGenres@2x.png */; };
		B070AFC21DBEC1BE00EA627F /* navHome@2x.png in Resources */ = {isa = PBXBuildFile; fileRef = B070AFB71DBEC1BE00EA627F /* navHome@2x.png */; };
		B070AFC41DBEC1BE00EA627F /* navMeanGirls@2x.png in Resources */ = {isa = PBXBuildFile; fileRef = B070AFB91DBEC1BE00EA627F /* navMeanGirls@2x.png */; };
		B070AFC51DBEC1BE00EA627F /* navSettings@2x.png in Resources */ = {isa = PBXBuildFile; fileRef = B070AFBA1DBEC1BE00EA627F /* navSettings@2x.png */; };
		B070AFC61DBEC1BE00EA627F /* navUserStories@2x.png in Resources */ = {isa = PBXBuildFile; fileRef = B070AFBB1DBEC1BE00EA627F /* navUserStories@2x.png */; };
		B070AFC81DBEC2CE00EA627F /* navProfile@2x.png in Resources */ = {isa = PBXBuildFile; fileRef = B070AFC71DBEC2CE00EA627F /* navProfile@2x.png */; };
		B070AFCA1DBEC4B900EA627F /* bgHome@2x.png in Resources */ = {isa = PBXBuildFile; fileRef = B070AFC91DBEC4B900EA627F /* bgHome@2x.png */; };
		B09AE6921D9B012B001E6EAC /* LaunchScreen.storyboard in Resources */ = {isa = PBXBuildFile; fileRef = B09AE6911D9B012B001E6EAC /* LaunchScreen.storyboard */; };
		B09AE6981D9B19A2001E6EAC /* bgCollege.png in Resources */ = {isa = PBXBuildFile; fileRef = B09AE6971D9B19A2001E6EAC /* bgCollege.png */; };
		B09AE69F1D9B4057001E6EAC /* bgSpeechBubble@2x.png in Resources */ = {isa = PBXBuildFile; fileRef = B09AE69E1D9B4057001E6EAC /* bgSpeechBubble@2x.png */; };
		B09AE6A21D9B475F001E6EAC /* iconMenu.png in Resources */ = {isa = PBXBuildFile; fileRef = B09AE6A11D9B475F001E6EAC /* iconMenu.png */; };
		B0B1241F1DB55FC500A2BEA1 /* buttonReadNext@2x.png in Resources */ = {isa = PBXBuildFile; fileRef = B0B1241E1DB55FC500A2BEA1 /* buttonReadNext@2x.png */; };
		B0B124211DB560C200A2BEA1 /* buttonLight@2x.png in Resources */ = {isa = PBXBuildFile; fileRef = B0B124201DB560C200A2BEA1 /* buttonLight@2x.png */; };
		B0B124231DB561DD00A2BEA1 /* colonelSanders@2x.png in Resources */ = {isa = PBXBuildFile; fileRef = B0B124221DB561DD00A2BEA1 /* colonelSanders@2x.png */; };
		B0B124251DB5649600A2BEA1 /* buttonLovedIt@2x.png in Resources */ = {isa = PBXBuildFile; fileRef = B0B124241DB5649600A2BEA1 /* buttonLovedIt@2x.png */; };
		B0B124271DB5662100A2BEA1 /* EndOfChapterController.swift in Sources */ = {isa = PBXBuildFile; fileRef = B0B124261DB5662100A2BEA1 /* EndOfChapterController.swift */; };
		B0B1242B1DB579F600A2BEA1 /* buttonWhite@2x.png in Resources */ = {isa = PBXBuildFile; fileRef = B0B1242A1DB579F600A2BEA1 /* buttonWhite@2x.png */; };
		B0B1242D1DB57AA600A2BEA1 /* buttonWhiteSelected@2x.png in Resources */ = {isa = PBXBuildFile; fileRef = B0B1242C1DB57AA600A2BEA1 /* buttonWhiteSelected@2x.png */; };
		B0B1242F1DB5825700A2BEA1 /* iconRose@2x.png in Resources */ = {isa = PBXBuildFile; fileRef = B0B1242E1DB5825700A2BEA1 /* iconRose@2x.png */; };
		B0B124311DB58DC200A2BEA1 /* ShortController.swift in Sources */ = {isa = PBXBuildFile; fileRef = B0B124301DB58DC200A2BEA1 /* ShortController.swift */; };
		B0B124331DB59A5C00A2BEA1 /* BubbleLayout.xib in Resources */ = {isa = PBXBuildFile; fileRef = B0B124321DB59A5C00A2BEA1 /* BubbleLayout.xib */; };
		B0B124351DB59B6B00A2BEA1 /* Bubble.swift in Sources */ = {isa = PBXBuildFile; fileRef = B0B124341DB59B6B00A2BEA1 /* Bubble.swift */; };
		B0B1243E1DB5A59D00A2BEA1 /* bff_thumbnail@2x.png in Resources */ = {isa = PBXBuildFile; fileRef = B0B124361DB5A59D00A2BEA1 /* bff_thumbnail@2x.png */; };
		B0B1243F1DB5A59D00A2BEA1 /* campfire_thumbnail@2x.png in Resources */ = {isa = PBXBuildFile; fileRef = B0B124371DB5A59D00A2BEA1 /* campfire_thumbnail@2x.png */; };
		B0B124401DB5A59D00A2BEA1 /* demi_thumbnail@2x.png in Resources */ = {isa = PBXBuildFile; fileRef = B0B124381DB5A59D00A2BEA1 /* demi_thumbnail@2x.png */; };
		B0B124411DB5A59D00A2BEA1 /* guy_thumbnail@2x.png in Resources */ = {isa = PBXBuildFile; fileRef = B0B124391DB5A59D00A2BEA1 /* guy_thumbnail@2x.png */; };
		B0B124421DB5A59D00A2BEA1 /* kawataki_thumbnail@2x.png in Resources */ = {isa = PBXBuildFile; fileRef = B0B1243A1DB5A59D00A2BEA1 /* kawataki_thumbnail@2x.png */; };
		B0B124431DB5A59D00A2BEA1 /* meanGirls_thumbnail@2x.png in Resources */ = {isa = PBXBuildFile; fileRef = B0B1243B1DB5A59D00A2BEA1 /* meanGirls_thumbnail@2x.png */; };
		B0B124441DB5A59D00A2BEA1 /* sorority_thumbnail@2x.png in Resources */ = {isa = PBXBuildFile; fileRef = B0B1243C1DB5A59D00A2BEA1 /* sorority_thumbnail@2x.png */; };
		B0B124451DB5A59D00A2BEA1 /* sundosia_thumbnail@2x.png in Resources */ = {isa = PBXBuildFile; fileRef = B0B1243D1DB5A59D00A2BEA1 /* sundosia_thumbnail@2x.png */; };
		B0B124491DB5AE6A00A2BEA1 /* FeedItemLayout.xib in Resources */ = {isa = PBXBuildFile; fileRef = B0B124481DB5AE6A00A2BEA1 /* FeedItemLayout.xib */; };
		B0B1244B1DB5AF7A00A2BEA1 /* iconFeedActions@2x.png in Resources */ = {isa = PBXBuildFile; fileRef = B0B1244A1DB5AF7A00A2BEA1 /* iconFeedActions@2x.png */; };
		B0B1244D1DB5AFEA00A2BEA1 /* FeedItem.swift in Sources */ = {isa = PBXBuildFile; fileRef = B0B1244C1DB5AFEA00A2BEA1 /* FeedItem.swift */; };
		B0F27EDD1DBA93BE00BD8462 /* Sparkle.sks in Resources */ = {isa = PBXBuildFile; fileRef = B0F27EDB1DBA93BE00BD8462 /* Sparkle.sks */; };
		B0F27EDE1DBA93BE00BD8462 /* spark.png in Resources */ = {isa = PBXBuildFile; fileRef = B0F27EDC1DBA93BE00BD8462 /* spark.png */; };
		B0F7395C1DB6DCB800AA2DF9 /* FeedLayout.xib in Resources */ = {isa = PBXBuildFile; fileRef = B0F7395B1DB6DCB800AA2DF9 /* FeedLayout.xib */; };
		B0F7395E1DB6DD4600AA2DF9 /* FeedController.swift in Sources */ = {isa = PBXBuildFile; fileRef = B0F7395D1DB6DD4600AA2DF9 /* FeedController.swift */; };
		B0F739611DB6F49D00AA2DF9 /* feedRecommendation@2x.png in Resources */ = {isa = PBXBuildFile; fileRef = B0F739601DB6F49D00AA2DF9 /* feedRecommendation@2x.png */; };
		B0F739631DB6F7EB00AA2DF9 /* feedCapture@2x.png in Resources */ = {isa = PBXBuildFile; fileRef = B0F739621DB6F7EB00AA2DF9 /* feedCapture@2x.png */; };
		B0F739651DB6F9C200AA2DF9 /* feedSurvey@2x.png in Resources */ = {isa = PBXBuildFile; fileRef = B0F739641DB6F9C200AA2DF9 /* feedSurvey@2x.png */; };
		B0F739671DB6FEDA00AA2DF9 /* feedMovie@2x.png in Resources */ = {isa = PBXBuildFile; fileRef = B0F739661DB6FEDA00AA2DF9 /* feedMovie@2x.png */; };
		B0F7396C1DB7E2CF00AA2DF9 /* iconComment@2x.png in Resources */ = {isa = PBXBuildFile; fileRef = B0F739681DB7E2CF00AA2DF9 /* iconComment@2x.png */; };
		B0F7396D1DB7E2CF00AA2DF9 /* iconHeart@2x.png in Resources */ = {isa = PBXBuildFile; fileRef = B0F739691DB7E2CF00AA2DF9 /* iconHeart@2x.png */; };
		B0F7396E1DB7E2CF00AA2DF9 /* iconHeartSelected@2x.png in Resources */ = {isa = PBXBuildFile; fileRef = B0F7396A1DB7E2CF00AA2DF9 /* iconHeartSelected@2x.png */; };
		B0F7396F1DB7E2CF00AA2DF9 /* iconReport@2x.png in Resources */ = {isa = PBXBuildFile; fileRef = B0F7396B1DB7E2CF00AA2DF9 /* iconReport@2x.png */; };
		B0F739711DB7E70B00AA2DF9 /* CommentThreadLayout.xib in Resources */ = {isa = PBXBuildFile; fileRef = B0F739701DB7E70B00AA2DF9 /* CommentThreadLayout.xib */; };
		B0F739731DB7E7C200AA2DF9 /* iconX@2x.png in Resources */ = {isa = PBXBuildFile; fileRef = B0F739721DB7E7C200AA2DF9 /* iconX@2x.png */; };
		B0F739751DB7EBB900AA2DF9 /* CommentsController.swift in Sources */ = {isa = PBXBuildFile; fileRef = B0F739741DB7EBB900AA2DF9 /* CommentsController.swift */; };
		B0F739781DB7F2DB00AA2DF9 /* mugshotCass@2x.png in Resources */ = {isa = PBXBuildFile; fileRef = B0F739771DB7F2DB00AA2DF9 /* mugshotCass@2x.png */; };
		B0F7397A1DB7F2F600AA2DF9 /* CommentLayout.xib in Resources */ = {isa = PBXBuildFile; fileRef = B0F739791DB7F2F600AA2DF9 /* CommentLayout.xib */; };
		B0F7397C1DB7F4C600AA2DF9 /* Comment.swift in Sources */ = {isa = PBXBuildFile; fileRef = B0F7397B1DB7F4C600AA2DF9 /* Comment.swift */; };
		B0F7397E1DB7FA5600AA2DF9 /* mugshotColonelSanders@2x.png in Resources */ = {isa = PBXBuildFile; fileRef = B0F7397D1DB7FA5600AA2DF9 /* mugshotColonelSanders@2x.png */; };
		B0F739801DB806E300AA2DF9 /* feedShort@2x.png in Resources */ = {isa = PBXBuildFile; fileRef = B0F7397F1DB806E300AA2DF9 /* feedShort@2x.png */; };
		B0F739831DB80E2D00AA2DF9 /* story6.png in Resources */ = {isa = PBXBuildFile; fileRef = B0F739811DB80E2D00AA2DF9 /* story6.png */; };
		B0F739841DB80E2D00AA2DF9 /* story7.png in Resources */ = {isa = PBXBuildFile; fileRef = B0F739821DB80E2D00AA2DF9 /* story7.png */; };
		B0F739871DB813E600AA2DF9 /* story8.png in Resources */ = {isa = PBXBuildFile; fileRef = B0F739851DB813E600AA2DF9 /* story8.png */; };
		B0F739881DB813E600AA2DF9 /* story9.png in Resources */ = {isa = PBXBuildFile; fileRef = B0F739861DB813E600AA2DF9 /* story9.png */; };
		B0F7398F1DB81F9800AA2DF9 /* GameModel.swift in Sources */ = {isa = PBXBuildFile; fileRef = B0F7398D1DB81F9800AA2DF9 /* GameModel.swift */; };
		B0F739901DB81F9800AA2DF9 /* Profile.swift in Sources */ = {isa = PBXBuildFile; fileRef = B0F7398E1DB81F9800AA2DF9 /* Profile.swift */; };
		B0F739921DB82CD800AA2DF9 /* max@2x.png in Resources */ = {isa = PBXBuildFile; fileRef = B0F739911DB82CD800AA2DF9 /* max@2x.png */; };
		B0F739941DB82E3600AA2DF9 /* search_thumbnail@2x.png in Resources */ = {isa = PBXBuildFile; fileRef = B0F739931DB82E3600AA2DF9 /* search_thumbnail@2x.png */; };
		B0F739961DB8307800AA2DF9 /* feedSurvey2@2x.png in Resources */ = {isa = PBXBuildFile; fileRef = B0F739951DB8307800AA2DF9 /* feedSurvey2@2x.png */; };
		B0F739981DB844E300AA2DF9 /* bgKarma@2x.png in Resources */ = {isa = PBXBuildFile; fileRef = B0F739971DB844E300AA2DF9 /* bgKarma@2x.png */; };
		B0F7399A1DB8451600AA2DF9 /* SimplePopupController.swift in Sources */ = {isa = PBXBuildFile; fileRef = B0F739991DB8451600AA2DF9 /* SimplePopupController.swift */; };
		B0F7399C1DB845DD00AA2DF9 /* SimplePopupLayout.xib in Resources */ = {isa = PBXBuildFile; fileRef = B0F7399B1DB845DD00AA2DF9 /* SimplePopupLayout.xib */; };
		B0F7399E1DB84ED800AA2DF9 /* feedCollaborators@2x.png in Resources */ = {isa = PBXBuildFile; fileRef = B0F7399D1DB84ED800AA2DF9 /* feedCollaborators@2x.png */; };
		B0F739A01DB95E4200AA2DF9 /* add_thumbnail@2x.png in Resources */ = {isa = PBXBuildFile; fileRef = B0F7399F1DB95E4100AA2DF9 /* add_thumbnail@2x.png */; };
		B0F739A21DB9606A00AA2DF9 /* bgCameraMenu@2x.png in Resources */ = {isa = PBXBuildFile; fileRef = B0F739A11DB9606A00AA2DF9 /* bgCameraMenu@2x.png */; };
		B0F739A41DB9790500AA2DF9 /* feedPost@2x.png in Resources */ = {isa = PBXBuildFile; fileRef = B0F739A31DB9790500AA2DF9 /* feedPost@2x.png */; };
		B0F739A61DB97C2100AA2DF9 /* iconLaurelRainbow@2x.png in Resources */ = {isa = PBXBuildFile; fileRef = B0F739A51DB97C2100AA2DF9 /* iconLaurelRainbow@2x.png */; };
		B0F739A81DB9812200AA2DF9 /* story10.png in Resources */ = {isa = PBXBuildFile; fileRef = B0F739A71DB9812200AA2DF9 /* story10.png */; };
		B0F739AC1DB98DCB00AA2DF9 /* CommentData.swift in Sources */ = {isa = PBXBuildFile; fileRef = B0F739AB1DB98DCB00AA2DF9 /* CommentData.swift */; };
/* End PBXBuildFile section */

/* Begin PBXFileReference section */
		B0003DA91DADB86B00F710C8 /* ProfileLayout.xib */ = {isa = PBXFileReference; fileEncoding = 4; lastKnownFileType = file.xib; path = ProfileLayout.xib; sourceTree = "<group>"; };
		B0003DAD1DADB8BF00F710C8 /* ProfileController.swift */ = {isa = PBXFileReference; fileEncoding = 4; lastKnownFileType = sourcecode.swift; path = ProfileController.swift; sourceTree = "<group>"; };
		B0041D611DB03B750013C56A /* campfire@2x.png */ = {isa = PBXFileReference; lastKnownFileType = image.png; path = "campfire@2x.png"; sourceTree = "<group>"; };
		B0041D631DB03D070013C56A /* StoryLayout.xib */ = {isa = PBXFileReference; fileEncoding = 4; lastKnownFileType = file.xib; path = StoryLayout.xib; sourceTree = "<group>"; };
		B0041D681DB041230013C56A /* story1.png */ = {isa = PBXFileReference; lastKnownFileType = image.png; path = story1.png; sourceTree = "<group>"; };
		B0041D691DB041230013C56A /* story2.png */ = {isa = PBXFileReference; lastKnownFileType = image.png; path = story2.png; sourceTree = "<group>"; };
		B0041D6A1DB041230013C56A /* story3.png */ = {isa = PBXFileReference; lastKnownFileType = image.png; path = story3.png; sourceTree = "<group>"; };
		B0041D6B1DB041230013C56A /* story4.png */ = {isa = PBXFileReference; lastKnownFileType = image.png; path = story4.png; sourceTree = "<group>"; };
		B0041D6C1DB041230013C56A /* story5.png */ = {isa = PBXFileReference; lastKnownFileType = image.png; path = story5.png; sourceTree = "<group>"; };
		B0041D721DB043910013C56A /* EndOfChapterLayout.xib */ = {isa = PBXFileReference; fileEncoding = 4; lastKnownFileType = file.xib; path = EndOfChapterLayout.xib; sourceTree = "<group>"; };
		B00F40541DAD588D0020C2CE /* bgLoading.png */ = {isa = PBXFileReference; lastKnownFileType = image.png; path = bgLoading.png; sourceTree = "<group>"; };
		B00F405A1DAD5C940020C2CE /* NavCellLayout.xib */ = {isa = PBXFileReference; fileEncoding = 4; lastKnownFileType = file.xib; path = NavCellLayout.xib; sourceTree = "<group>"; };
		B00F405C1DAD5D330020C2CE /* iconNav.png */ = {isa = PBXFileReference; lastKnownFileType = image.png; path = iconNav.png; sourceTree = "<group>"; };
		B00F405E1DAD5D870020C2CE /* NavCell.swift */ = {isa = PBXFileReference; fileEncoding = 4; lastKnownFileType = sourcecode.swift; path = NavCell.swift; sourceTree = "<group>"; };
		B00F40601DAD64580020C2CE /* NavMenu.swift */ = {isa = PBXFileReference; fileEncoding = 4; lastKnownFileType = sourcecode.swift; path = NavMenu.swift; sourceTree = "<group>"; };
		B03789891DAD501100DCCACC /* PortalController.swift */ = {isa = PBXFileReference; fileEncoding = 4; lastKnownFileType = sourcecode.swift; path = PortalController.swift; sourceTree = "<group>"; };
		B037898A1DAD501100DCCACC /* StoryController.swift */ = {isa = PBXFileReference; fileEncoding = 4; lastKnownFileType = sourcecode.swift; path = StoryController.swift; sourceTree = "<group>"; };
		B037898D1DAD54BF00DCCACC /* PortalLayout.xib */ = {isa = PBXFileReference; fileEncoding = 4; lastKnownFileType = file.xib; path = PortalLayout.xib; sourceTree = "<group>"; };
		B03789981DAD571A00DCCACC /* DidactGothic.ttf */ = {isa = PBXFileReference; lastKnownFileType = file; path = DidactGothic.ttf; sourceTree = "<group>"; };
		B04348681D99EEEF00C8EE2B /* Profile.app */ = {isa = PBXFileReference; explicitFileType = wrapper.application; includeInIndex = 0; path = Profile.app; sourceTree = BUILT_PRODUCTS_DIR; };
		B043486B1D99EEEF00C8EE2B /* AppDelegate.swift */ = {isa = PBXFileReference; lastKnownFileType = sourcecode.swift; path = AppDelegate.swift; sourceTree = "<group>"; };
		B04348761D99EEEF00C8EE2B /* Assets.xcassets */ = {isa = PBXFileReference; lastKnownFileType = folder.assetcatalog; path = Assets.xcassets; sourceTree = "<group>"; };
		B043487B1D99EEEF00C8EE2B /* Info.plist */ = {isa = PBXFileReference; lastKnownFileType = text.plist.xml; path = Info.plist; sourceTree = "<group>"; };
		B04348841D99F0BF00C8EE2B /* GameScene.swift */ = {isa = PBXFileReference; fileEncoding = 4; lastKnownFileType = sourcecode.swift; path = GameScene.swift; sourceTree = "<group>"; };
		B04348871D99F0E800C8EE2B /* SKScenePlus.swift */ = {isa = PBXFileReference; fileEncoding = 4; lastKnownFileType = sourcecode.swift; path = SKScenePlus.swift; sourceTree = "<group>"; };
		B04348891D99F18A00C8EE2B /* Atlasser.swift */ = {isa = PBXFileReference; fileEncoding = 4; lastKnownFileType = sourcecode.swift; path = Atlasser.swift; sourceTree = "<group>"; };
		B043488A1D99F18A00C8EE2B /* DataUtils.swift */ = {isa = PBXFileReference; fileEncoding = 4; lastKnownFileType = sourcecode.swift; path = DataUtils.swift; sourceTree = "<group>"; };
		B043488B1D99F18A00C8EE2B /* SKMultilineLabel.swift */ = {isa = PBXFileReference; fileEncoding = 4; lastKnownFileType = sourcecode.swift; path = SKMultilineLabel.swift; sourceTree = "<group>"; };
		B043488C1D99F18A00C8EE2B /* SpriteKitUtils.swift */ = {isa = PBXFileReference; fileEncoding = 4; lastKnownFileType = sourcecode.swift; path = SpriteKitUtils.swift; sourceTree = "<group>"; };
		B04391191D9EDC44000CC018 /* UIKitUtils.swift */ = {isa = PBXFileReference; fileEncoding = 4; lastKnownFileType = sourcecode.swift; path = UIKitUtils.swift; sourceTree = "<group>"; };
		B043911B1D9EDC51000CC018 /* MasterController.swift */ = {isa = PBXFileReference; fileEncoding = 4; lastKnownFileType = sourcecode.swift; path = MasterController.swift; sourceTree = "<group>"; };
		B055081F1DAEBD7200BDD1F2 /* StylizedButton.swift */ = {isa = PBXFileReference; fileEncoding = 4; lastKnownFileType = sourcecode.swift; path = StylizedButton.swift; sourceTree = "<group>"; };
		B05508211DAEC66C00BDD1F2 /* MyShelfLayout.xib */ = {isa = PBXFileReference; fileEncoding = 4; lastKnownFileType = file.xib; path = MyShelfLayout.xib; sourceTree = "<group>"; };
		B05508251DAEE07400BDD1F2 /* MyShelfController.swift */ = {isa = PBXFileReference; fileEncoding = 4; lastKnownFileType = sourcecode.swift; path = MyShelfController.swift; sourceTree = "<group>"; };
		B05508291DAEE15400BDD1F2 /* ShortSceneLayout.xib */ = {isa = PBXFileReference; fileEncoding = 4; lastKnownFileType = file.xib; path = ShortSceneLayout.xib; sourceTree = "<group>"; };
		B055082B1DAEE31F00BDD1F2 /* cass@2x.png */ = {isa = PBXFileReference; lastKnownFileType = image.png; path = "cass@2x.png"; sourceTree = "<group>"; };
		B055082D1DAEE60400BDD1F2 /* iconCassName@2x.png */ = {isa = PBXFileReference; lastKnownFileType = image.png; path = "iconCassName@2x.png"; sourceTree = "<group>"; };
		B055082F1DAEE7A500BDD1F2 /* iconEdit@2x.png */ = {isa = PBXFileReference; lastKnownFileType = image.png; path = "iconEdit@2x.png"; sourceTree = "<group>"; };
		B05508311DAEECFD00BDD1F2 /* CredBar.swift */ = {isa = PBXFileReference; fileEncoding = 4; lastKnownFileType = sourcecode.swift; path = CredBar.swift; sourceTree = "<group>"; };
		B05508331DAEED4300BDD1F2 /* CredBarLayout.xib */ = {isa = PBXFileReference; fileEncoding = 4; lastKnownFileType = file.xib; path = CredBarLayout.xib; sourceTree = "<group>"; };
		B05508351DAF025E00BDD1F2 /* AchievementLayout.xib */ = {isa = PBXFileReference; fileEncoding = 4; lastKnownFileType = file.xib; path = AchievementLayout.xib; sourceTree = "<group>"; };
		B05508371DAF034A00BDD1F2 /* iconLaurelGold@2x.png */ = {isa = PBXFileReference; lastKnownFileType = image.png; path = "iconLaurelGold@2x.png"; sourceTree = "<group>"; };
		B05508381DAF034A00BDD1F2 /* iconLaurelGray@2x.png */ = {isa = PBXFileReference; lastKnownFileType = image.png; path = "iconLaurelGray@2x.png"; sourceTree = "<group>"; };
		B05508391DAF034A00BDD1F2 /* iconLaurelPlatinum@2x.png */ = {isa = PBXFileReference; lastKnownFileType = image.png; path = "iconLaurelPlatinum@2x.png"; sourceTree = "<group>"; };
		B055083D1DAF040300BDD1F2 /* Achievement.swift */ = {isa = PBXFileReference; fileEncoding = 4; lastKnownFileType = sourcecode.swift; path = Achievement.swift; sourceTree = "<group>"; };
		B05508441DAF0A7100BDD1F2 /* buttonFollow@2x.png */ = {isa = PBXFileReference; lastKnownFileType = image.png; path = "buttonFollow@2x.png"; sourceTree = "<group>"; };
		B05508451DAF0A7100BDD1F2 /* buttonFollowing@2x.png */ = {isa = PBXFileReference; lastKnownFileType = image.png; path = "buttonFollowing@2x.png"; sourceTree = "<group>"; };
		B05508481DAF117B00BDD1F2 /* ShelfLayout.xib */ = {isa = PBXFileReference; fileEncoding = 4; lastKnownFileType = file.xib; path = ShelfLayout.xib; sourceTree = "<group>"; };
		B055084A1DAF118500BDD1F2 /* Shelf.swift */ = {isa = PBXFileReference; fileEncoding = 4; lastKnownFileType = sourcecode.swift; path = Shelf.swift; sourceTree = "<group>"; };
		B055084C1DAF125200BDD1F2 /* bgShelfHeader@2x.png */ = {isa = PBXFileReference; lastKnownFileType = image.png; path = "bgShelfHeader@2x.png"; sourceTree = "<group>"; };
		B05508531DB02DEE00BDD1F2 /* StoryCardLayout.xib */ = {isa = PBXFileReference; fileEncoding = 4; lastKnownFileType = file.xib; path = StoryCardLayout.xib; sourceTree = "<group>"; };
		B05508551DB02EA300BDD1F2 /* StoryCard.swift */ = {isa = PBXFileReference; fileEncoding = 4; lastKnownFileType = sourcecode.swift; path = StoryCard.swift; sourceTree = "<group>"; };
		B070AFB11DBEC1BE00EA627F /* navAdventures@2x.png */ = {isa = PBXFileReference; lastKnownFileType = image.png; path = "navAdventures@2x.png"; sourceTree = "<group>"; };
		B070AFB21DBEC1BE00EA627F /* navCreate@2x.png */ = {isa = PBXFileReference; lastKnownFileType = image.png; path = "navCreate@2x.png"; sourceTree = "<group>"; };
		B070AFB31DBEC1BE00EA627F /* navDemi@2x.png */ = {isa = PBXFileReference; lastKnownFileType = image.png; path = "navDemi@2x.png"; sourceTree = "<group>"; };
		B070AFB41DBEC1BE00EA627F /* navFeatured@2x.png */ = {isa = PBXFileReference; lastKnownFileType = image.png; path = "navFeatured@2x.png"; sourceTree = "<group>"; };
		B070AFB51DBEC1BE00EA627F /* navFeed@2x.png */ = {isa = PBXFileReference; lastKnownFileType = image.png; path = "navFeed@2x.png"; sourceTree = "<group>"; };
		B070AFB61DBEC1BE00EA627F /* navGenres@2x.png */ = {isa = PBXFileReference; lastKnownFileType = image.png; path = "navGenres@2x.png"; sourceTree = "<group>"; };
		B070AFB71DBEC1BE00EA627F /* navHome@2x.png */ = {isa = PBXFileReference; lastKnownFileType = image.png; path = "navHome@2x.png"; sourceTree = "<group>"; };
		B070AFB91DBEC1BE00EA627F /* navMeanGirls@2x.png */ = {isa = PBXFileReference; lastKnownFileType = image.png; path = "navMeanGirls@2x.png"; sourceTree = "<group>"; };
		B070AFBA1DBEC1BE00EA627F /* navSettings@2x.png */ = {isa = PBXFileReference; lastKnownFileType = image.png; path = "navSettings@2x.png"; sourceTree = "<group>"; };
		B070AFBB1DBEC1BE00EA627F /* navUserStories@2x.png */ = {isa = PBXFileReference; lastKnownFileType = image.png; path = "navUserStories@2x.png"; sourceTree = "<group>"; };
		B070AFC71DBEC2CE00EA627F /* navProfile@2x.png */ = {isa = PBXFileReference; lastKnownFileType = image.png; path = "navProfile@2x.png"; sourceTree = "<group>"; };
		B070AFC91DBEC4B900EA627F /* bgHome@2x.png */ = {isa = PBXFileReference; lastKnownFileType = image.png; path = "bgHome@2x.png"; sourceTree = "<group>"; };
		B09AE6911D9B012B001E6EAC /* LaunchScreen.storyboard */ = {isa = PBXFileReference; fileEncoding = 4; lastKnownFileType = file.storyboard; path = LaunchScreen.storyboard; sourceTree = "<group>"; };
		B09AE6971D9B19A2001E6EAC /* bgCollege.png */ = {isa = PBXFileReference; lastKnownFileType = image.png; path = bgCollege.png; sourceTree = "<group>"; };
		B09AE69E1D9B4057001E6EAC /* bgSpeechBubble@2x.png */ = {isa = PBXFileReference; lastKnownFileType = image.png; path = "bgSpeechBubble@2x.png"; sourceTree = "<group>"; };
		B09AE6A11D9B475F001E6EAC /* iconMenu.png */ = {isa = PBXFileReference; lastKnownFileType = image.png; path = iconMenu.png; sourceTree = "<group>"; };
		B0B1241E1DB55FC500A2BEA1 /* buttonReadNext@2x.png */ = {isa = PBXFileReference; lastKnownFileType = image.png; path = "buttonReadNext@2x.png"; sourceTree = "<group>"; };
		B0B124201DB560C200A2BEA1 /* buttonLight@2x.png */ = {isa = PBXFileReference; lastKnownFileType = image.png; path = "buttonLight@2x.png"; sourceTree = "<group>"; };
		B0B124221DB561DD00A2BEA1 /* colonelSanders@2x.png */ = {isa = PBXFileReference; lastKnownFileType = image.png; path = "colonelSanders@2x.png"; sourceTree = "<group>"; };
		B0B124241DB5649600A2BEA1 /* buttonLovedIt@2x.png */ = {isa = PBXFileReference; lastKnownFileType = image.png; path = "buttonLovedIt@2x.png"; sourceTree = "<group>"; };
		B0B124261DB5662100A2BEA1 /* EndOfChapterController.swift */ = {isa = PBXFileReference; fileEncoding = 4; lastKnownFileType = sourcecode.swift; path = EndOfChapterController.swift; sourceTree = "<group>"; };
		B0B1242A1DB579F600A2BEA1 /* buttonWhite@2x.png */ = {isa = PBXFileReference; lastKnownFileType = image.png; path = "buttonWhite@2x.png"; sourceTree = "<group>"; };
		B0B1242C1DB57AA600A2BEA1 /* buttonWhiteSelected@2x.png */ = {isa = PBXFileReference; lastKnownFileType = image.png; path = "buttonWhiteSelected@2x.png"; sourceTree = "<group>"; };
		B0B1242E1DB5825700A2BEA1 /* iconRose@2x.png */ = {isa = PBXFileReference; lastKnownFileType = image.png; path = "iconRose@2x.png"; sourceTree = "<group>"; };
		B0B124301DB58DC200A2BEA1 /* ShortController.swift */ = {isa = PBXFileReference; fileEncoding = 4; lastKnownFileType = sourcecode.swift; path = ShortController.swift; sourceTree = "<group>"; };
		B0B124321DB59A5C00A2BEA1 /* BubbleLayout.xib */ = {isa = PBXFileReference; fileEncoding = 4; lastKnownFileType = file.xib; path = BubbleLayout.xib; sourceTree = "<group>"; };
		B0B124341DB59B6B00A2BEA1 /* Bubble.swift */ = {isa = PBXFileReference; fileEncoding = 4; lastKnownFileType = sourcecode.swift; path = Bubble.swift; sourceTree = "<group>"; };
		B0B124361DB5A59D00A2BEA1 /* bff_thumbnail@2x.png */ = {isa = PBXFileReference; lastKnownFileType = image.png; path = "bff_thumbnail@2x.png"; sourceTree = "<group>"; };
		B0B124371DB5A59D00A2BEA1 /* campfire_thumbnail@2x.png */ = {isa = PBXFileReference; lastKnownFileType = image.png; path = "campfire_thumbnail@2x.png"; sourceTree = "<group>"; };
		B0B124381DB5A59D00A2BEA1 /* demi_thumbnail@2x.png */ = {isa = PBXFileReference; lastKnownFileType = image.png; path = "demi_thumbnail@2x.png"; sourceTree = "<group>"; };
		B0B124391DB5A59D00A2BEA1 /* guy_thumbnail@2x.png */ = {isa = PBXFileReference; lastKnownFileType = image.png; path = "guy_thumbnail@2x.png"; sourceTree = "<group>"; };
		B0B1243A1DB5A59D00A2BEA1 /* kawataki_thumbnail@2x.png */ = {isa = PBXFileReference; lastKnownFileType = image.png; path = "kawataki_thumbnail@2x.png"; sourceTree = "<group>"; };
		B0B1243B1DB5A59D00A2BEA1 /* meanGirls_thumbnail@2x.png */ = {isa = PBXFileReference; lastKnownFileType = image.png; path = "meanGirls_thumbnail@2x.png"; sourceTree = "<group>"; };
		B0B1243C1DB5A59D00A2BEA1 /* sorority_thumbnail@2x.png */ = {isa = PBXFileReference; lastKnownFileType = image.png; path = "sorority_thumbnail@2x.png"; sourceTree = "<group>"; };
		B0B1243D1DB5A59D00A2BEA1 /* sundosia_thumbnail@2x.png */ = {isa = PBXFileReference; lastKnownFileType = image.png; path = "sundosia_thumbnail@2x.png"; sourceTree = "<group>"; };
		B0B124481DB5AE6A00A2BEA1 /* FeedItemLayout.xib */ = {isa = PBXFileReference; fileEncoding = 4; lastKnownFileType = file.xib; path = FeedItemLayout.xib; sourceTree = "<group>"; };
		B0B1244A1DB5AF7A00A2BEA1 /* iconFeedActions@2x.png */ = {isa = PBXFileReference; lastKnownFileType = image.png; path = "iconFeedActions@2x.png"; sourceTree = "<group>"; };
		B0B1244C1DB5AFEA00A2BEA1 /* FeedItem.swift */ = {isa = PBXFileReference; fileEncoding = 4; lastKnownFileType = sourcecode.swift; path = FeedItem.swift; sourceTree = "<group>"; };
		B0F27EDB1DBA93BE00BD8462 /* Sparkle.sks */ = {isa = PBXFileReference; lastKnownFileType = file.sks; path = Sparkle.sks; sourceTree = "<group>"; };
		B0F27EDC1DBA93BE00BD8462 /* spark.png */ = {isa = PBXFileReference; lastKnownFileType = image.png; path = spark.png; sourceTree = "<group>"; };
		B0F7395B1DB6DCB800AA2DF9 /* FeedLayout.xib */ = {isa = PBXFileReference; fileEncoding = 4; lastKnownFileType = file.xib; path = FeedLayout.xib; sourceTree = "<group>"; };
		B0F7395D1DB6DD4600AA2DF9 /* FeedController.swift */ = {isa = PBXFileReference; fileEncoding = 4; lastKnownFileType = sourcecode.swift; path = FeedController.swift; sourceTree = "<group>"; };
		B0F739601DB6F49D00AA2DF9 /* feedRecommendation@2x.png */ = {isa = PBXFileReference; lastKnownFileType = image.png; path = "feedRecommendation@2x.png"; sourceTree = "<group>"; };
		B0F739621DB6F7EB00AA2DF9 /* feedCapture@2x.png */ = {isa = PBXFileReference; lastKnownFileType = image.png; path = "feedCapture@2x.png"; sourceTree = "<group>"; };
		B0F739641DB6F9C200AA2DF9 /* feedSurvey@2x.png */ = {isa = PBXFileReference; lastKnownFileType = image.png; path = "feedSurvey@2x.png"; sourceTree = "<group>"; };
		B0F739661DB6FEDA00AA2DF9 /* feedMovie@2x.png */ = {isa = PBXFileReference; lastKnownFileType = image.png; path = "feedMovie@2x.png"; sourceTree = "<group>"; };
		B0F739681DB7E2CF00AA2DF9 /* iconComment@2x.png */ = {isa = PBXFileReference; lastKnownFileType = image.png; path = "iconComment@2x.png"; sourceTree = "<group>"; };
		B0F739691DB7E2CF00AA2DF9 /* iconHeart@2x.png */ = {isa = PBXFileReference; lastKnownFileType = image.png; path = "iconHeart@2x.png"; sourceTree = "<group>"; };
		B0F7396A1DB7E2CF00AA2DF9 /* iconHeartSelected@2x.png */ = {isa = PBXFileReference; lastKnownFileType = image.png; path = "iconHeartSelected@2x.png"; sourceTree = "<group>"; };
		B0F7396B1DB7E2CF00AA2DF9 /* iconReport@2x.png */ = {isa = PBXFileReference; lastKnownFileType = image.png; path = "iconReport@2x.png"; sourceTree = "<group>"; };
		B0F739701DB7E70B00AA2DF9 /* CommentThreadLayout.xib */ = {isa = PBXFileReference; fileEncoding = 4; lastKnownFileType = file.xib; path = CommentThreadLayout.xib; sourceTree = "<group>"; };
		B0F739721DB7E7C200AA2DF9 /* iconX@2x.png */ = {isa = PBXFileReference; lastKnownFileType = image.png; path = "iconX@2x.png"; sourceTree = "<group>"; };
		B0F739741DB7EBB900AA2DF9 /* CommentsController.swift */ = {isa = PBXFileReference; fileEncoding = 4; lastKnownFileType = sourcecode.swift; path = CommentsController.swift; sourceTree = "<group>"; };
		B0F739771DB7F2DB00AA2DF9 /* mugshotCass@2x.png */ = {isa = PBXFileReference; lastKnownFileType = image.png; path = "mugshotCass@2x.png"; sourceTree = "<group>"; };
		B0F739791DB7F2F600AA2DF9 /* CommentLayout.xib */ = {isa = PBXFileReference; fileEncoding = 4; lastKnownFileType = file.xib; path = CommentLayout.xib; sourceTree = "<group>"; };
		B0F7397B1DB7F4C600AA2DF9 /* Comment.swift */ = {isa = PBXFileReference; fileEncoding = 4; lastKnownFileType = sourcecode.swift; path = Comment.swift; sourceTree = "<group>"; };
		B0F7397D1DB7FA5600AA2DF9 /* mugshotColonelSanders@2x.png */ = {isa = PBXFileReference; lastKnownFileType = image.png; path = "mugshotColonelSanders@2x.png"; sourceTree = "<group>"; };
		B0F7397F1DB806E300AA2DF9 /* feedShort@2x.png */ = {isa = PBXFileReference; lastKnownFileType = image.png; path = "feedShort@2x.png"; sourceTree = "<group>"; };
		B0F739811DB80E2D00AA2DF9 /* story6.png */ = {isa = PBXFileReference; lastKnownFileType = image.png; path = story6.png; sourceTree = "<group>"; };
		B0F739821DB80E2D00AA2DF9 /* story7.png */ = {isa = PBXFileReference; lastKnownFileType = image.png; path = story7.png; sourceTree = "<group>"; };
		B0F739851DB813E600AA2DF9 /* story8.png */ = {isa = PBXFileReference; lastKnownFileType = image.png; path = story8.png; sourceTree = "<group>"; };
		B0F739861DB813E600AA2DF9 /* story9.png */ = {isa = PBXFileReference; lastKnownFileType = image.png; path = story9.png; sourceTree = "<group>"; };
		B0F7398D1DB81F9800AA2DF9 /* GameModel.swift */ = {isa = PBXFileReference; fileEncoding = 4; lastKnownFileType = sourcecode.swift; path = GameModel.swift; sourceTree = "<group>"; };
		B0F7398E1DB81F9800AA2DF9 /* Profile.swift */ = {isa = PBXFileReference; fileEncoding = 4; lastKnownFileType = sourcecode.swift; path = Profile.swift; sourceTree = "<group>"; };
		B0F739911DB82CD800AA2DF9 /* max@2x.png */ = {isa = PBXFileReference; lastKnownFileType = image.png; path = "max@2x.png"; sourceTree = "<group>"; };
		B0F739931DB82E3600AA2DF9 /* search_thumbnail@2x.png */ = {isa = PBXFileReference; lastKnownFileType = image.png; path = "search_thumbnail@2x.png"; sourceTree = "<group>"; };
		B0F739951DB8307800AA2DF9 /* feedSurvey2@2x.png */ = {isa = PBXFileReference; lastKnownFileType = image.png; path = "feedSurvey2@2x.png"; sourceTree = "<group>"; };
		B0F739971DB844E300AA2DF9 /* bgKarma@2x.png */ = {isa = PBXFileReference; lastKnownFileType = image.png; path = "bgKarma@2x.png"; sourceTree = "<group>"; };
		B0F739991DB8451600AA2DF9 /* SimplePopupController.swift */ = {isa = PBXFileReference; fileEncoding = 4; lastKnownFileType = sourcecode.swift; path = SimplePopupController.swift; sourceTree = "<group>"; };
		B0F7399B1DB845DD00AA2DF9 /* SimplePopupLayout.xib */ = {isa = PBXFileReference; fileEncoding = 4; lastKnownFileType = file.xib; path = SimplePopupLayout.xib; sourceTree = "<group>"; };
		B0F7399D1DB84ED800AA2DF9 /* feedCollaborators@2x.png */ = {isa = PBXFileReference; lastKnownFileType = image.png; path = "feedCollaborators@2x.png"; sourceTree = "<group>"; };
		B0F7399F1DB95E4100AA2DF9 /* add_thumbnail@2x.png */ = {isa = PBXFileReference; lastKnownFileType = image.png; path = "add_thumbnail@2x.png"; sourceTree = "<group>"; };
		B0F739A11DB9606A00AA2DF9 /* bgCameraMenu@2x.png */ = {isa = PBXFileReference; lastKnownFileType = image.png; path = "bgCameraMenu@2x.png"; sourceTree = "<group>"; };
		B0F739A31DB9790500AA2DF9 /* feedPost@2x.png */ = {isa = PBXFileReference; lastKnownFileType = image.png; path = "feedPost@2x.png"; sourceTree = "<group>"; };
		B0F739A51DB97C2100AA2DF9 /* iconLaurelRainbow@2x.png */ = {isa = PBXFileReference; lastKnownFileType = image.png; path = "iconLaurelRainbow@2x.png"; sourceTree = "<group>"; };
		B0F739A71DB9812200AA2DF9 /* story10.png */ = {isa = PBXFileReference; lastKnownFileType = image.png; path = story10.png; sourceTree = "<group>"; };
		B0F739AB1DB98DCB00AA2DF9 /* CommentData.swift */ = {isa = PBXFileReference; fileEncoding = 4; lastKnownFileType = sourcecode.swift; path = CommentData.swift; sourceTree = "<group>"; };
/* End PBXFileReference section */

/* Begin PBXFrameworksBuildPhase section */
		B04348651D99EEEF00C8EE2B /* Frameworks */ = {
			isa = PBXFrameworksBuildPhase;
			buildActionMask = 2147483647;
			files = (
			);
			runOnlyForDeploymentPostprocessing = 0;
		};
/* End PBXFrameworksBuildPhase section */

/* Begin PBXGroup section */
		B0041D671DB041230013C56A /* StoryFrames */ = {
			isa = PBXGroup;
			children = (
				B0041D681DB041230013C56A /* story1.png */,
				B0041D691DB041230013C56A /* story2.png */,
				B0041D6A1DB041230013C56A /* story3.png */,
				B0041D6B1DB041230013C56A /* story4.png */,
				B0041D6C1DB041230013C56A /* story5.png */,
				B0F739811DB80E2D00AA2DF9 /* story6.png */,
				B0F739821DB80E2D00AA2DF9 /* story7.png */,
				B0F739851DB813E600AA2DF9 /* story8.png */,
				B0F739861DB813E600AA2DF9 /* story9.png */,
				B0F739A71DB9812200AA2DF9 /* story10.png */,
			);
			path = StoryFrames;
			sourceTree = "<group>";
		};
		B03789951DAD56F100DCCACC /* Fonts */ = {
			isa = PBXGroup;
			children = (
				B03789981DAD571A00DCCACC /* DidactGothic.ttf */,
			);
			path = Fonts;
			sourceTree = "<group>";
		};
		B043485F1D99EEEF00C8EE2B = {
			isa = PBXGroup;
			children = (
				B09AE6951D9B19A2001E6EAC /* Assets */,
				B04348811D99F05300C8EE2B /* Controllers */,
				B0F7398C1DB81F9800AA2DF9 /* Model */,
				B043486A1D99EEEF00C8EE2B /* Profile */,
				B04348971D99F43C00C8EE2B /* Scenes */,
				B04348861D99F0E800C8EE2B /* Utils */,
				B043911F1D9EDF52000CC018 /* Views */,
				B04348691D99EEEF00C8EE2B /* Products */,
			);
			sourceTree = "<group>";
		};
		B04348691D99EEEF00C8EE2B /* Products */ = {
			isa = PBXGroup;
			children = (
				B04348681D99EEEF00C8EE2B /* Profile.app */,
			);
			name = Products;
			sourceTree = "<group>";
		};
		B043486A1D99EEEF00C8EE2B /* Profile */ = {
			isa = PBXGroup;
			children = (
				B043486B1D99EEEF00C8EE2B /* AppDelegate.swift */,
				B04348761D99EEEF00C8EE2B /* Assets.xcassets */,
				B043487B1D99EEEF00C8EE2B /* Info.plist */,
			);
			path = Profile;
			sourceTree = "<group>";
		};
		B04348811D99F05300C8EE2B /* Controllers */ = {
			isa = PBXGroup;
			children = (
				B0B124261DB5662100A2BEA1 /* EndOfChapterController.swift */,
				B0F739741DB7EBB900AA2DF9 /* CommentsController.swift */,
				B0F7395D1DB6DD4600AA2DF9 /* FeedController.swift */,
				B04348841D99F0BF00C8EE2B /* GameScene.swift */,
				B043911B1D9EDC51000CC018 /* MasterController.swift */,
				B05508251DAEE07400BDD1F2 /* MyShelfController.swift */,
				B03789891DAD501100DCCACC /* PortalController.swift */,
				B0003DAD1DADB8BF00F710C8 /* ProfileController.swift */,
				B0B124301DB58DC200A2BEA1 /* ShortController.swift */,
				B0F739991DB8451600AA2DF9 /* SimplePopupController.swift */,
				B037898A1DAD501100DCCACC /* StoryController.swift */,
			);
			path = Controllers;
			sourceTree = "<group>";
		};
		B04348861D99F0E800C8EE2B /* Utils */ = {
			isa = PBXGroup;
			children = (
				B04348891D99F18A00C8EE2B /* Atlasser.swift */,
				B043488A1D99F18A00C8EE2B /* DataUtils.swift */,
				B043488B1D99F18A00C8EE2B /* SKMultilineLabel.swift */,
				B04348871D99F0E800C8EE2B /* SKScenePlus.swift */,
				B043488C1D99F18A00C8EE2B /* SpriteKitUtils.swift */,
				B055081F1DAEBD7200BDD1F2 /* StylizedButton.swift */,
				B04391191D9EDC44000CC018 /* UIKitUtils.swift */,
			);
			path = Utils;
			sourceTree = "<group>";
		};
		B04348971D99F43C00C8EE2B /* Scenes */ = {
			isa = PBXGroup;
			children = (
				B05508351DAF025E00BDD1F2 /* AchievementLayout.xib */,
				B0B124321DB59A5C00A2BEA1 /* BubbleLayout.xib */,
				B0F739791DB7F2F600AA2DF9 /* CommentLayout.xib */,
				B0F739701DB7E70B00AA2DF9 /* CommentThreadLayout.xib */,
				B05508331DAEED4300BDD1F2 /* CredBarLayout.xib */,
				B0041D721DB043910013C56A /* EndOfChapterLayout.xib */,
				B0B124481DB5AE6A00A2BEA1 /* FeedItemLayout.xib */,
				B0F7395B1DB6DCB800AA2DF9 /* FeedLayout.xib */,
				B09AE6911D9B012B001E6EAC /* LaunchScreen.storyboard */,
				B05508211DAEC66C00BDD1F2 /* MyShelfLayout.xib */,
				B00F405A1DAD5C940020C2CE /* NavCellLayout.xib */,
				B0003DA91DADB86B00F710C8 /* ProfileLayout.xib */,
				B037898D1DAD54BF00DCCACC /* PortalLayout.xib */,
				B05508481DAF117B00BDD1F2 /* ShelfLayout.xib */,
				B0F27EDC1DBA93BE00BD8462 /* spark.png */,
				B05508291DAEE15400BDD1F2 /* ShortSceneLayout.xib */,
				B0F7399B1DB845DD00AA2DF9 /* SimplePopupLayout.xib */,
				B0F27EDB1DBA93BE00BD8462 /* Sparkle.sks */,
				B05508531DB02DEE00BDD1F2 /* StoryCardLayout.xib */,
				B0041D631DB03D070013C56A /* StoryLayout.xib */,
			);
			path = Scenes;
			sourceTree = "<group>";
		};
		B043911F1D9EDF52000CC018 /* Views */ = {
			isa = PBXGroup;
			children = (
				B055083D1DAF040300BDD1F2 /* Achievement.swift */,
				B0B124341DB59B6B00A2BEA1 /* Bubble.swift */,
				B0F7397B1DB7F4C600AA2DF9 /* Comment.swift */,
				B05508311DAEECFD00BDD1F2 /* CredBar.swift */,
				B0B1244C1DB5AFEA00A2BEA1 /* FeedItem.swift */,
				B00F405E1DAD5D870020C2CE /* NavCell.swift */,
				B00F40601DAD64580020C2CE /* NavMenu.swift */,
				B055084A1DAF118500BDD1F2 /* Shelf.swift */,
				B05508551DB02EA300BDD1F2 /* StoryCard.swift */,
			);
			path = Views;
			sourceTree = "<group>";
		};
		B05508431DAF0A7100BDD1F2 /* Controls */ = {
			isa = PBXGroup;
			children = (
				B05508441DAF0A7100BDD1F2 /* buttonFollow@2x.png */,
				B05508451DAF0A7100BDD1F2 /* buttonFollowing@2x.png */,
				B0B124201DB560C200A2BEA1 /* buttonLight@2x.png */,
				B0B124241DB5649600A2BEA1 /* buttonLovedIt@2x.png */,
				B0B1241E1DB55FC500A2BEA1 /* buttonReadNext@2x.png */,
				B0B1242A1DB579F600A2BEA1 /* buttonWhite@2x.png */,
				B0B1242C1DB57AA600A2BEA1 /* buttonWhiteSelected@2x.png */,
			);
			path = Controls;
			sourceTree = "<group>";
		};
		B05508671DB038D400BDD1F2 /* StoryCards */ = {
			isa = PBXGroup;
			children = (
				B0F7399F1DB95E4100AA2DF9 /* add_thumbnail@2x.png */,
				B0B124361DB5A59D00A2BEA1 /* bff_thumbnail@2x.png */,
				B0041D611DB03B750013C56A /* campfire@2x.png */,
				B0B124371DB5A59D00A2BEA1 /* campfire_thumbnail@2x.png */,
				B0B124381DB5A59D00A2BEA1 /* demi_thumbnail@2x.png */,
				B0B124391DB5A59D00A2BEA1 /* guy_thumbnail@2x.png */,
				B0B1243A1DB5A59D00A2BEA1 /* kawataki_thumbnail@2x.png */,
				B0B1243B1DB5A59D00A2BEA1 /* meanGirls_thumbnail@2x.png */,
				B0F739931DB82E3600AA2DF9 /* search_thumbnail@2x.png */,
				B0B1243C1DB5A59D00A2BEA1 /* sorority_thumbnail@2x.png */,
				B0B1243D1DB5A59D00A2BEA1 /* sundosia_thumbnail@2x.png */,
			);
			path = StoryCards;
			sourceTree = "<group>";
		};
		B09AE6951D9B19A2001E6EAC /* Assets */ = {
			isa = PBXGroup;
			children = (
				B09AE6961D9B19A2001E6EAC /* Backgrounds */,
				B09AE6991D9B1AEC001E6EAC /* Characters */,
				B05508431DAF0A7100BDD1F2 /* Controls */,
				B0F7395F1DB6F49D00AA2DF9 /* Feeds */,
				B03789951DAD56F100DCCACC /* Fonts */,
				B09AE6A01D9B475F001E6EAC /* Icons */,
				B0F739761DB7F2DB00AA2DF9 /* Mugshots */,
				B05508671DB038D400BDD1F2 /* StoryCards */,
				B0041D671DB041230013C56A /* StoryFrames */,
			);
			path = Assets;
			sourceTree = "<group>";
		};
		B09AE6961D9B19A2001E6EAC /* Backgrounds */ = {
			isa = PBXGroup;
			children = (
				B0F739A11DB9606A00AA2DF9 /* bgCameraMenu@2x.png */,
				B09AE6971D9B19A2001E6EAC /* bgCollege.png */,
				B070AFC91DBEC4B900EA627F /* bgHome@2x.png */,
				B0F739971DB844E300AA2DF9 /* bgKarma@2x.png */,
				B00F40541DAD588D0020C2CE /* bgLoading.png */,
				B055084C1DAF125200BDD1F2 /* bgShelfHeader@2x.png */,
				B09AE69E1D9B4057001E6EAC /* bgSpeechBubble@2x.png */,
			);
			path = Backgrounds;
			sourceTree = "<group>";
		};
		B09AE6991D9B1AEC001E6EAC /* Characters */ = {
			isa = PBXGroup;
			children = (
				B055082B1DAEE31F00BDD1F2 /* cass@2x.png */,
				B0B124221DB561DD00A2BEA1 /* colonelSanders@2x.png */,
				B0F739911DB82CD800AA2DF9 /* max@2x.png */,
			);
			path = Characters;
			sourceTree = "<group>";
		};
		B09AE6A01D9B475F001E6EAC /* Icons */ = {
			isa = PBXGroup;
			children = (
				B055082D1DAEE60400BDD1F2 /* iconCassName@2x.png */,
				B0F739681DB7E2CF00AA2DF9 /* iconComment@2x.png */,
				B055082F1DAEE7A500BDD1F2 /* iconEdit@2x.png */,
				B0B1244A1DB5AF7A00A2BEA1 /* iconFeedActions@2x.png */,
				B0F739691DB7E2CF00AA2DF9 /* iconHeart@2x.png */,
				B0F7396A1DB7E2CF00AA2DF9 /* iconHeartSelected@2x.png */,
				B05508371DAF034A00BDD1F2 /* iconLaurelGold@2x.png */,
				B05508381DAF034A00BDD1F2 /* iconLaurelGray@2x.png */,
				B05508391DAF034A00BDD1F2 /* iconLaurelPlatinum@2x.png */,
				B0F739A51DB97C2100AA2DF9 /* iconLaurelRainbow@2x.png */,
				B09AE6A11D9B475F001E6EAC /* iconMenu.png */,
				B00F405C1DAD5D330020C2CE /* iconNav.png */,
				B0F7396B1DB7E2CF00AA2DF9 /* iconReport@2x.png */,
				B0B1242E1DB5825700A2BEA1 /* iconRose@2x.png */,
				B0F739721DB7E7C200AA2DF9 /* iconX@2x.png */,
				B070AFB11DBEC1BE00EA627F /* navAdventures@2x.png */,
				B070AFB21DBEC1BE00EA627F /* navCreate@2x.png */,
				B070AFB31DBEC1BE00EA627F /* navDemi@2x.png */,
				B070AFB41DBEC1BE00EA627F /* navFeatured@2x.png */,
				B070AFB51DBEC1BE00EA627F /* navFeed@2x.png */,
				B070AFB61DBEC1BE00EA627F /* navGenres@2x.png */,
				B070AFB71DBEC1BE00EA627F /* navHome@2x.png */,
				B070AFB91DBEC1BE00EA627F /* navMeanGirls@2x.png */,
				B070AFC71DBEC2CE00EA627F /* navProfile@2x.png */,
				B070AFBA1DBEC1BE00EA627F /* navSettings@2x.png */,
				B070AFBB1DBEC1BE00EA627F /* navUserStories@2x.png */,
			);
			path = Icons;
			sourceTree = "<group>";
		};
		B0F7395F1DB6F49D00AA2DF9 /* Feeds */ = {
			isa = PBXGroup;
			children = (
				B0F739621DB6F7EB00AA2DF9 /* feedCapture@2x.png */,
				B0F7399D1DB84ED800AA2DF9 /* feedCollaborators@2x.png */,
				B0F739661DB6FEDA00AA2DF9 /* feedMovie@2x.png */,
				B0F739A31DB9790500AA2DF9 /* feedPost@2x.png */,
				B0F739601DB6F49D00AA2DF9 /* feedRecommendation@2x.png */,
				B0F7397F1DB806E300AA2DF9 /* feedShort@2x.png */,
				B0F739641DB6F9C200AA2DF9 /* feedSurvey@2x.png */,
				B0F739951DB8307800AA2DF9 /* feedSurvey2@2x.png */,
			);
			path = Feeds;
			sourceTree = "<group>";
		};
		B0F739761DB7F2DB00AA2DF9 /* Mugshots */ = {
			isa = PBXGroup;
			children = (
				B0F739771DB7F2DB00AA2DF9 /* mugshotCass@2x.png */,
				B0F7397D1DB7FA5600AA2DF9 /* mugshotColonelSanders@2x.png */,
			);
			path = Mugshots;
			sourceTree = "<group>";
		};
		B0F7398C1DB81F9800AA2DF9 /* Model */ = {
			isa = PBXGroup;
			children = (
				B0F739AB1DB98DCB00AA2DF9 /* CommentData.swift */,
				B0F7398D1DB81F9800AA2DF9 /* GameModel.swift */,
				B0F7398E1DB81F9800AA2DF9 /* Profile.swift */,
			);
			path = Model;
			sourceTree = "<group>";
		};
/* End PBXGroup section */

/* Begin PBXNativeTarget section */
		B04348671D99EEEF00C8EE2B /* Profile */ = {
			isa = PBXNativeTarget;
			buildConfigurationList = B043487E1D99EEEF00C8EE2B /* Build configuration list for PBXNativeTarget "Profile" */;
			buildPhases = (
				B04348641D99EEEF00C8EE2B /* Sources */,
				B04348651D99EEEF00C8EE2B /* Frameworks */,
				B04348661D99EEEF00C8EE2B /* Resources */,
			);
			buildRules = (
			);
			dependencies = (
			);
			name = Profile;
			productName = Profile;
			productReference = B04348681D99EEEF00C8EE2B /* Profile.app */;
			productType = "com.apple.product-type.application";
		};
/* End PBXNativeTarget section */

/* Begin PBXProject section */
		B04348601D99EEEF00C8EE2B /* Project object */ = {
			isa = PBXProject;
			attributes = {
				LastSwiftUpdateCheck = 0730;
				LastUpgradeCheck = 0800;
				ORGANIZATIONNAME = "Mushroom Studio";
				TargetAttributes = {
					B04348671D99EEEF00C8EE2B = {
						CreatedOnToolsVersion = 7.3;
						DevelopmentTeam = 298F5G8964;
						LastSwiftMigration = 0800;
					};
				};
			};
			buildConfigurationList = B04348631D99EEEF00C8EE2B /* Build configuration list for PBXProject "Profile" */;
			compatibilityVersion = "Xcode 3.2";
			developmentRegion = English;
			hasScannedForEncodings = 0;
			knownRegions = (
				en,
				Base,
			);
			mainGroup = B043485F1D99EEEF00C8EE2B;
			productRefGroup = B04348691D99EEEF00C8EE2B /* Products */;
			projectDirPath = "";
			projectRoot = "";
			targets = (
				B04348671D99EEEF00C8EE2B /* Profile */,
			);
		};
/* End PBXProject section */

/* Begin PBXResourcesBuildPhase section */
		B04348661D99EEEF00C8EE2B /* Resources */ = {
			isa = PBXResourcesBuildPhase;
			buildActionMask = 2147483647;
			files = (
				B070AFC11DBEC1BE00EA627F /* navGenres@2x.png in Resources */,
				B0F739781DB7F2DB00AA2DF9 /* mugshotCass@2x.png in Resources */,
				B0B124491DB5AE6A00A2BEA1 /* FeedItemLayout.xib in Resources */,
				B070AFC01DBEC1BE00EA627F /* navFeed@2x.png in Resources */,
				B09AE6981D9B19A2001E6EAC /* bgCollege.png in Resources */,
				B055084D1DAF125200BDD1F2 /* bgShelfHeader@2x.png in Resources */,
				B0F739941DB82E3600AA2DF9 /* search_thumbnail@2x.png in Resources */,
				B0B1242D1DB57AA600A2BEA1 /* buttonWhiteSelected@2x.png in Resources */,
				B0F7397A1DB7F2F600AA2DF9 /* CommentLayout.xib in Resources */,
				B0B124231DB561DD00A2BEA1 /* colonelSanders@2x.png in Resources */,
				B0B1243F1DB5A59D00A2BEA1 /* campfire_thumbnail@2x.png in Resources */,
				B0B124211DB560C200A2BEA1 /* buttonLight@2x.png in Resources */,
				B05508361DAF025E00BDD1F2 /* AchievementLayout.xib in Resources */,
				B0F739651DB6F9C200AA2DF9 /* feedSurvey@2x.png in Resources */,
				B055082A1DAEE15400BDD1F2 /* ShortSceneLayout.xib in Resources */,
				B055082C1DAEE31F00BDD1F2 /* cass@2x.png in Resources */,
				B00F405B1DAD5C940020C2CE /* NavCellLayout.xib in Resources */,
				B0F739A61DB97C2100AA2DF9 /* iconLaurelRainbow@2x.png in Resources */,
				B05508341DAEED4300BDD1F2 /* CredBarLayout.xib in Resources */,
				B0041D711DB041230013C56A /* story5.png in Resources */,
				B0F7396F1DB7E2CF00AA2DF9 /* iconReport@2x.png in Resources */,
				B0F739731DB7E7C200AA2DF9 /* iconX@2x.png in Resources */,
				B0B124431DB5A59D00A2BEA1 /* meanGirls_thumbnail@2x.png in Resources */,
				B0B1243E1DB5A59D00A2BEA1 /* bff_thumbnail@2x.png in Resources */,
				B0F739631DB6F7EB00AA2DF9 /* feedCapture@2x.png in Resources */,
				B0041D641DB03D070013C56A /* StoryLayout.xib in Resources */,
				B0041D621DB03B750013C56A /* campfire@2x.png in Resources */,
				B0F7396C1DB7E2CF00AA2DF9 /* iconComment@2x.png in Resources */,
				B070AFCA1DBEC4B900EA627F /* bgHome@2x.png in Resources */,
				B0F7399C1DB845DD00AA2DF9 /* SimplePopupLayout.xib in Resources */,
				B0B124411DB5A59D00A2BEA1 /* guy_thumbnail@2x.png in Resources */,
				B0F739801DB806E300AA2DF9 /* feedShort@2x.png in Resources */,
				B0B124331DB59A5C00A2BEA1 /* BubbleLayout.xib in Resources */,
				B03789991DAD571A00DCCACC /* DidactGothic.ttf in Resources */,
				B0F7396D1DB7E2CF00AA2DF9 /* iconHeart@2x.png in Resources */,
				B0F739A81DB9812200AA2DF9 /* story10.png in Resources */,
				B0B124421DB5A59D00A2BEA1 /* kawataki_thumbnail@2x.png in Resources */,
				B05508541DB02DEE00BDD1F2 /* StoryCardLayout.xib in Resources */,
				B055083B1DAF034A00BDD1F2 /* iconLaurelGray@2x.png in Resources */,
				B070AFC81DBEC2CE00EA627F /* navProfile@2x.png in Resources */,
				B070AFBF1DBEC1BE00EA627F /* navFeatured@2x.png in Resources */,
				B0041D701DB041230013C56A /* story4.png in Resources */,
				B0F7397E1DB7FA5600AA2DF9 /* mugshotColonelSanders@2x.png in Resources */,
				B05508461DAF0A7100BDD1F2 /* buttonFollow@2x.png in Resources */,
				B055082E1DAEE60400BDD1F2 /* iconCassName@2x.png in Resources */,
				B0F739981DB844E300AA2DF9 /* bgKarma@2x.png in Resources */,
				B0B1241F1DB55FC500A2BEA1 /* buttonReadNext@2x.png in Resources */,
				B0041D6D1DB041230013C56A /* story1.png in Resources */,
				B0F739A21DB9606A00AA2DF9 /* bgCameraMenu@2x.png in Resources */,
				B0B1242F1DB5825700A2BEA1 /* iconRose@2x.png in Resources */,
				B070AFC41DBEC1BE00EA627F /* navMeanGirls@2x.png in Resources */,
				B070AFC51DBEC1BE00EA627F /* navSettings@2x.png in Resources */,
				B070AFC61DBEC1BE00EA627F /* navUserStories@2x.png in Resources */,
				B037898E1DAD54BF00DCCACC /* PortalLayout.xib in Resources */,
				B0F739961DB8307800AA2DF9 /* feedSurvey2@2x.png in Resources */,
				B0F739831DB80E2D00AA2DF9 /* story6.png in Resources */,
				B0F739711DB7E70B00AA2DF9 /* CommentThreadLayout.xib in Resources */,
				B05508301DAEE7A500BDD1F2 /* iconEdit@2x.png in Resources */,
				B0F739611DB6F49D00AA2DF9 /* feedRecommendation@2x.png in Resources */,
				B070AFC21DBEC1BE00EA627F /* navHome@2x.png in Resources */,
				B0B124251DB5649600A2BEA1 /* buttonLovedIt@2x.png in Resources */,
				B070AFBE1DBEC1BE00EA627F /* navDemi@2x.png in Resources */,
				B05508471DAF0A7100BDD1F2 /* buttonFollowing@2x.png in Resources */,
				B0B1244B1DB5AF7A00A2BEA1 /* iconFeedActions@2x.png in Resources */,
				B070AFBC1DBEC1BE00EA627F /* navAdventures@2x.png in Resources */,
				B09AE6921D9B012B001E6EAC /* LaunchScreen.storyboard in Resources */,
				B05508491DAF117B00BDD1F2 /* ShelfLayout.xib in Resources */,
				B0F27EDD1DBA93BE00BD8462 /* Sparkle.sks in Resources */,
				B0F739A41DB9790500AA2DF9 /* feedPost@2x.png in Resources */,
				B0041D6F1DB041230013C56A /* story3.png in Resources */,
				B070AFBD1DBEC1BE00EA627F /* navCreate@2x.png in Resources */,
				B0B124451DB5A59D00A2BEA1 /* sundosia_thumbnail@2x.png in Resources */,
				B0F7396E1DB7E2CF00AA2DF9 /* iconHeartSelected@2x.png in Resources */,
				B00F40551DAD588D0020C2CE /* bgLoading.png in Resources */,
				B0F739671DB6FEDA00AA2DF9 /* feedMovie@2x.png in Resources */,
				B055083A1DAF034A00BDD1F2 /* iconLaurelGold@2x.png in Resources */,
				B0B124441DB5A59D00A2BEA1 /* sorority_thumbnail@2x.png in Resources */,
				B04348771D99EEEF00C8EE2B /* Assets.xcassets in Resources */,
				B00F405D1DAD5D330020C2CE /* iconNav.png in Resources */,
				B0F739871DB813E600AA2DF9 /* story8.png in Resources */,
				B055083C1DAF034A00BDD1F2 /* iconLaurelPlatinum@2x.png in Resources */,
				B09AE6A21D9B475F001E6EAC /* iconMenu.png in Resources */,
				B0F739921DB82CD800AA2DF9 /* max@2x.png in Resources */,
				B0F7399E1DB84ED800AA2DF9 /* feedCollaborators@2x.png in Resources */,
				B0B124401DB5A59D00A2BEA1 /* demi_thumbnail@2x.png in Resources */,
				B0F27EDE1DBA93BE00BD8462 /* spark.png in Resources */,
				B09AE69F1D9B4057001E6EAC /* bgSpeechBubble@2x.png in Resources */,
				B05508221DAEC66C00BDD1F2 /* MyShelfLayout.xib in Resources */,
				B0B1242B1DB579F600A2BEA1 /* buttonWhite@2x.png in Resources */,
				B0F7395C1DB6DCB800AA2DF9 /* FeedLayout.xib in Resources */,
				B0F739841DB80E2D00AA2DF9 /* story7.png in Resources */,
				B0003DAA1DADB86B00F710C8 /* ProfileLayout.xib in Resources */,
				B0041D6E1DB041230013C56A /* story2.png in Resources */,
				B0F739A01DB95E4200AA2DF9 /* add_thumbnail@2x.png in Resources */,
				B0041D731DB043910013C56A /* EndOfChapterLayout.xib in Resources */,
				B0F739881DB813E600AA2DF9 /* story9.png in Resources */,
			);
			runOnlyForDeploymentPostprocessing = 0;
		};
/* End PBXResourcesBuildPhase section */

/* Begin PBXSourcesBuildPhase section */
		B04348641D99EEEF00C8EE2B /* Sources */ = {
			isa = PBXSourcesBuildPhase;
			buildActionMask = 2147483647;
			files = (
				B055084B1DAF118500BDD1F2 /* Shelf.swift in Sources */,
				B04348881D99F0E800C8EE2B /* SKScenePlus.swift in Sources */,
				B0F739901DB81F9800AA2DF9 /* Profile.swift in Sources */,
				B0003DAE1DADB8BF00F710C8 /* ProfileController.swift in Sources */,
				B0F7397C1DB7F4C600AA2DF9 /* Comment.swift in Sources */,
				B05508561DB02EA300BDD1F2 /* StoryCard.swift in Sources */,
				B0F7398F1DB81F9800AA2DF9 /* GameModel.swift in Sources */,
				B0B124311DB58DC200A2BEA1 /* ShortController.swift in Sources */,
				B043488F1D99F18A00C8EE2B /* DataUtils.swift in Sources */,
				B05508261DAEE07400BDD1F2 /* MyShelfController.swift in Sources */,
				B0B124271DB5662100A2BEA1 /* EndOfChapterController.swift in Sources */,
				B04348901D99F18A00C8EE2B /* SKMultilineLabel.swift in Sources */,
				B0F7395E1DB6DD4600AA2DF9 /* FeedController.swift in Sources */,
				B00F40611DAD64580020C2CE /* NavMenu.swift in Sources */,
				B0F739751DB7EBB900AA2DF9 /* CommentsController.swift in Sources */,
				B05508201DAEBD7200BDD1F2 /* StylizedButton.swift in Sources */,
				B0F7399A1DB8451600AA2DF9 /* SimplePopupController.swift in Sources */,
				B043488E1D99F18A00C8EE2B /* Atlasser.swift in Sources */,
				B043911A1D9EDC44000CC018 /* UIKitUtils.swift in Sources */,
				B05508321DAEECFD00BDD1F2 /* CredBar.swift in Sources */,
				B037898C1DAD501100DCCACC /* StoryController.swift in Sources */,
				B04348851D99F0BF00C8EE2B /* GameScene.swift in Sources */,
				B043486C1D99EEEF00C8EE2B /* AppDelegate.swift in Sources */,
				B043911C1D9EDC51000CC018 /* MasterController.swift in Sources */,
				B04348911D99F18A00C8EE2B /* SpriteKitUtils.swift in Sources */,
				B0B124351DB59B6B00A2BEA1 /* Bubble.swift in Sources */,
				B0F739AC1DB98DCB00AA2DF9 /* CommentData.swift in Sources */,
				B00F405F1DAD5D870020C2CE /* NavCell.swift in Sources */,
				B055083E1DAF040300BDD1F2 /* Achievement.swift in Sources */,
				B0B1244D1DB5AFEA00A2BEA1 /* FeedItem.swift in Sources */,
				B037898B1DAD501100DCCACC /* PortalController.swift in Sources */,
			);
			runOnlyForDeploymentPostprocessing = 0;
		};
/* End PBXSourcesBuildPhase section */

/* Begin XCBuildConfiguration section */
		B043487C1D99EEEF00C8EE2B /* Debug */ = {
			isa = XCBuildConfiguration;
			buildSettings = {
				ALWAYS_SEARCH_USER_PATHS = NO;
				CLANG_ANALYZER_NONNULL = YES;
				CLANG_CXX_LANGUAGE_STANDARD = "gnu++0x";
				CLANG_CXX_LIBRARY = "libc++";
				CLANG_ENABLE_MODULES = YES;
				CLANG_ENABLE_OBJC_ARC = YES;
				CLANG_WARN_BOOL_CONVERSION = YES;
				CLANG_WARN_CONSTANT_CONVERSION = YES;
				CLANG_WARN_DIRECT_OBJC_ISA_USAGE = YES_ERROR;
				CLANG_WARN_EMPTY_BODY = YES;
				CLANG_WARN_ENUM_CONVERSION = YES;
				CLANG_WARN_INFINITE_RECURSION = YES;
				CLANG_WARN_INT_CONVERSION = YES;
				CLANG_WARN_OBJC_ROOT_CLASS = YES_ERROR;
				CLANG_WARN_SUSPICIOUS_MOVE = YES;
				CLANG_WARN_UNREACHABLE_CODE = YES;
				CLANG_WARN__DUPLICATE_METHOD_MATCH = YES;
				"CODE_SIGN_IDENTITY[sdk=iphoneos*]" = "iPhone Developer";
				COPY_PHASE_STRIP = NO;
				DEBUG_INFORMATION_FORMAT = "dwarf-with-dsym";
				ENABLE_STRICT_OBJC_MSGSEND = YES;
				ENABLE_TESTABILITY = YES;
				GCC_C_LANGUAGE_STANDARD = gnu99;
				GCC_DYNAMIC_NO_PIC = NO;
				GCC_NO_COMMON_BLOCKS = YES;
				GCC_OPTIMIZATION_LEVEL = 0;
				GCC_PREPROCESSOR_DEFINITIONS = (
					"DEBUG=1",
					"$(inherited)",
				);
				GCC_WARN_64_TO_32_BIT_CONVERSION = YES;
				GCC_WARN_ABOUT_RETURN_TYPE = YES_ERROR;
				GCC_WARN_UNDECLARED_SELECTOR = YES;
				GCC_WARN_UNINITIALIZED_AUTOS = YES_AGGRESSIVE;
				GCC_WARN_UNUSED_FUNCTION = YES;
				GCC_WARN_UNUSED_VARIABLE = YES;
				IPHONEOS_DEPLOYMENT_TARGET = 9.3;
				MTL_ENABLE_DEBUG_INFO = YES;
				ONLY_ACTIVE_ARCH = YES;
				SDKROOT = iphoneos;
				SWIFT_OPTIMIZATION_LEVEL = "-Onone";
			};
			name = Debug;
		};
		B043487D1D99EEEF00C8EE2B /* Release */ = {
			isa = XCBuildConfiguration;
			buildSettings = {
				ALWAYS_SEARCH_USER_PATHS = NO;
				CLANG_ANALYZER_NONNULL = YES;
				CLANG_CXX_LANGUAGE_STANDARD = "gnu++0x";
				CLANG_CXX_LIBRARY = "libc++";
				CLANG_ENABLE_MODULES = YES;
				CLANG_ENABLE_OBJC_ARC = YES;
				CLANG_WARN_BOOL_CONVERSION = YES;
				CLANG_WARN_CONSTANT_CONVERSION = YES;
				CLANG_WARN_DIRECT_OBJC_ISA_USAGE = YES_ERROR;
				CLANG_WARN_EMPTY_BODY = YES;
				CLANG_WARN_ENUM_CONVERSION = YES;
				CLANG_WARN_INFINITE_RECURSION = YES;
				CLANG_WARN_INT_CONVERSION = YES;
				CLANG_WARN_OBJC_ROOT_CLASS = YES_ERROR;
				CLANG_WARN_SUSPICIOUS_MOVE = YES;
				CLANG_WARN_UNREACHABLE_CODE = YES;
				CLANG_WARN__DUPLICATE_METHOD_MATCH = YES;
				"CODE_SIGN_IDENTITY[sdk=iphoneos*]" = "iPhone Developer";
				COPY_PHASE_STRIP = NO;
				DEBUG_INFORMATION_FORMAT = "dwarf-with-dsym";
				ENABLE_NS_ASSERTIONS = NO;
				ENABLE_STRICT_OBJC_MSGSEND = YES;
				GCC_C_LANGUAGE_STANDARD = gnu99;
				GCC_NO_COMMON_BLOCKS = YES;
				GCC_WARN_64_TO_32_BIT_CONVERSION = YES;
				GCC_WARN_ABOUT_RETURN_TYPE = YES_ERROR;
				GCC_WARN_UNDECLARED_SELECTOR = YES;
				GCC_WARN_UNINITIALIZED_AUTOS = YES_AGGRESSIVE;
				GCC_WARN_UNUSED_FUNCTION = YES;
				GCC_WARN_UNUSED_VARIABLE = YES;
				IPHONEOS_DEPLOYMENT_TARGET = 9.3;
				MTL_ENABLE_DEBUG_INFO = NO;
				SDKROOT = iphoneos;
				SWIFT_OPTIMIZATION_LEVEL = "-Owholemodule";
				VALIDATE_PRODUCT = YES;
			};
			name = Release;
		};
		B043487F1D99EEEF00C8EE2B /* Debug */ = {
			isa = XCBuildConfiguration;
			buildSettings = {
				ASSETCATALOG_COMPILER_APPICON_NAME = AppIcon;
				DEVELOPMENT_TEAM = 298F5G8964;
				INFOPLIST_FILE = Profile/Info.plist;
				LD_RUNPATH_SEARCH_PATHS = "$(inherited) @executable_path/Frameworks";
				PRODUCT_BUNDLE_IDENTIFIER = com.mushroomStudio.Profile;
				PRODUCT_NAME = "$(TARGET_NAME)";
				SWIFT_VERSION = 3.0;
			};
			name = Debug;
		};
		B04348801D99EEEF00C8EE2B /* Release */ = {
			isa = XCBuildConfiguration;
			buildSettings = {
				ASSETCATALOG_COMPILER_APPICON_NAME = AppIcon;
				DEVELOPMENT_TEAM = 298F5G8964;
				INFOPLIST_FILE = Profile/Info.plist;
				LD_RUNPATH_SEARCH_PATHS = "$(inherited) @executable_path/Frameworks";
				PRODUCT_BUNDLE_IDENTIFIER = com.mushroomStudio.Profile;
				PRODUCT_NAME = "$(TARGET_NAME)";
				SWIFT_VERSION = 3.0;
			};
			name = Release;
		};
/* End XCBuildConfiguration section */

/* Begin XCConfigurationList section */
		B04348631D99EEEF00C8EE2B /* Build configuration list for PBXProject "Profile" */ = {
			isa = XCConfigurationList;
			buildConfigurations = (
				B043487C1D99EEEF00C8EE2B /* Debug */,
				B043487D1D99EEEF00C8EE2B /* Release */,
			);
			defaultConfigurationIsVisible = 0;
			defaultConfigurationName = Release;
		};
		B043487E1D99EEEF00C8EE2B /* Build configuration list for PBXNativeTarget "Profile" */ = {
			isa = XCConfigurationList;
			buildConfigurations = (
				B043487F1D99EEEF00C8EE2B /* Debug */,
				B04348801D99EEEF00C8EE2B /* Release */,
			);
			defaultConfigurationIsVisible = 0;
			defaultConfigurationName = Release;
		};
/* End XCConfigurationList section */
	};
	rootObject = B04348601D99EEEF00C8EE2B /* Project object */;
}
