// !$*UTF8*$!
{
	archiveVersion = 1;
	classes = {
	};
	objectVersion = 46;
	objects = {

/* Begin PBXBuildFile section */
		B0003DAA1DADB86B00F710C8 /* ProfileLayout.xib in Resources */ = {isa = PBXBuildFile; fileRef = B0003DA91DADB86B00F710C8 /* ProfileLayout.xib */; };
		B0003DAE1DADB8BF00F710C8 /* ProfileController.swift in Sources */ = {isa = PBXBuildFile; fileRef = B0003DAD1DADB8BF00F710C8 /* ProfileController.swift */; };
		B0041D621DB03B750013C56A /* campfire@2x.png in Resources */ = {isa = PBXBuildFile; fileRef = B0041D611DB03B750013C56A /* campfire@2x.png */; };
		B0041D641DB03D070013C56A /* StoryViewLayout.xib in Resources */ = {isa = PBXBuildFile; fileRef = B0041D631DB03D070013C56A /* StoryViewLayout.xib */; };
		B0041D661DB03D320013C56A /* StoryView.swift in Sources */ = {isa = PBXBuildFile; fileRef = B0041D651DB03D320013C56A /* StoryView.swift */; };
		B0041D6D1DB041230013C56A /* story1.png in Resources */ = {isa = PBXBuildFile; fileRef = B0041D681DB041230013C56A /* story1.png */; };
		B0041D6E1DB041230013C56A /* story2.png in Resources */ = {isa = PBXBuildFile; fileRef = B0041D691DB041230013C56A /* story2.png */; };
		B0041D6F1DB041230013C56A /* story3.png in Resources */ = {isa = PBXBuildFile; fileRef = B0041D6A1DB041230013C56A /* story3.png */; };
		B0041D701DB041230013C56A /* story4.png in Resources */ = {isa = PBXBuildFile; fileRef = B0041D6B1DB041230013C56A /* story4.png */; };
		B0041D711DB041230013C56A /* story5.png in Resources */ = {isa = PBXBuildFile; fileRef = B0041D6C1DB041230013C56A /* story5.png */; };
		B0041D731DB043910013C56A /* EndOfChapterLayout.xib in Resources */ = {isa = PBXBuildFile; fileRef = B0041D721DB043910013C56A /* EndOfChapterLayout.xib */; };
		B00F40551DAD588D0020C2CE /* bgLoading.png in Resources */ = {isa = PBXBuildFile; fileRef = B00F40541DAD588D0020C2CE /* bgLoading.png */; };
		B00F405B1DAD5C940020C2CE /* NavCellLayout.xib in Resources */ = {isa = PBXBuildFile; fileRef = B00F405A1DAD5C940020C2CE /* NavCellLayout.xib */; };
		B00F405D1DAD5D330020C2CE /* iconNav.png in Resources */ = {isa = PBXBuildFile; fileRef = B00F405C1DAD5D330020C2CE /* iconNav.png */; };
		B00F405F1DAD5D870020C2CE /* NavCell.swift in Sources */ = {isa = PBXBuildFile; fileRef = B00F405E1DAD5D870020C2CE /* NavCell.swift */; };
		B00F40611DAD64580020C2CE /* NavMenu.swift in Sources */ = {isa = PBXBuildFile; fileRef = B00F40601DAD64580020C2CE /* NavMenu.swift */; };
		B037898B1DAD501100DCCACC /* PortalController.swift in Sources */ = {isa = PBXBuildFile; fileRef = B03789891DAD501100DCCACC /* PortalController.swift */; };
		B037898C1DAD501100DCCACC /* StoryController.swift in Sources */ = {isa = PBXBuildFile; fileRef = B037898A1DAD501100DCCACC /* StoryController.swift */; };
		B037898E1DAD54BF00DCCACC /* PortalLayout.xib in Resources */ = {isa = PBXBuildFile; fileRef = B037898D1DAD54BF00DCCACC /* PortalLayout.xib */; };
		B03789991DAD571A00DCCACC /* DidactGothic.ttf in Resources */ = {isa = PBXBuildFile; fileRef = B03789981DAD571A00DCCACC /* DidactGothic.ttf */; };
		B043486C1D99EEEF00C8EE2B /* AppDelegate.swift in Sources */ = {isa = PBXBuildFile; fileRef = B043486B1D99EEEF00C8EE2B /* AppDelegate.swift */; };
		B04348771D99EEEF00C8EE2B /* Assets.xcassets in Resources */ = {isa = PBXBuildFile; fileRef = B04348761D99EEEF00C8EE2B /* Assets.xcassets */; };
		B04348851D99F0BF00C8EE2B /* GameScene.swift in Sources */ = {isa = PBXBuildFile; fileRef = B04348841D99F0BF00C8EE2B /* GameScene.swift */; };
		B04348881D99F0E800C8EE2B /* SKScenePlus.swift in Sources */ = {isa = PBXBuildFile; fileRef = B04348871D99F0E800C8EE2B /* SKScenePlus.swift */; };
		B043488E1D99F18A00C8EE2B /* Atlasser.swift in Sources */ = {isa = PBXBuildFile; fileRef = B04348891D99F18A00C8EE2B /* Atlasser.swift */; };
		B043488F1D99F18A00C8EE2B /* DataUtils.swift in Sources */ = {isa = PBXBuildFile; fileRef = B043488A1D99F18A00C8EE2B /* DataUtils.swift */; };
		B04348901D99F18A00C8EE2B /* SKMultilineLabel.swift in Sources */ = {isa = PBXBuildFile; fileRef = B043488B1D99F18A00C8EE2B /* SKMultilineLabel.swift */; };
		B04348911D99F18A00C8EE2B /* SpriteKitUtils.swift in Sources */ = {isa = PBXBuildFile; fileRef = B043488C1D99F18A00C8EE2B /* SpriteKitUtils.swift */; };
		B04348961D99F2F500C8EE2B /* GameModel.swift in Sources */ = {isa = PBXBuildFile; fileRef = B04348941D99F2F500C8EE2B /* GameModel.swift */; };
		B043911A1D9EDC44000CC018 /* UIKitUtils.swift in Sources */ = {isa = PBXBuildFile; fileRef = B04391191D9EDC44000CC018 /* UIKitUtils.swift */; };
		B043911C1D9EDC51000CC018 /* MasterController.swift in Sources */ = {isa = PBXBuildFile; fileRef = B043911B1D9EDC51000CC018 /* MasterController.swift */; };
		B05508201DAEBD7200BDD1F2 /* StylizedButton.swift in Sources */ = {isa = PBXBuildFile; fileRef = B055081F1DAEBD7200BDD1F2 /* StylizedButton.swift */; };
		B05508221DAEC66C00BDD1F2 /* MyShelfLayout.xib in Resources */ = {isa = PBXBuildFile; fileRef = B05508211DAEC66C00BDD1F2 /* MyShelfLayout.xib */; };
		B05508261DAEE07400BDD1F2 /* MyShelfController.swift in Sources */ = {isa = PBXBuildFile; fileRef = B05508251DAEE07400BDD1F2 /* MyShelfController.swift */; };
		B05508281DAEE0E200BDD1F2 /* ShortScene.swift in Sources */ = {isa = PBXBuildFile; fileRef = B05508271DAEE0E200BDD1F2 /* ShortScene.swift */; };
		B055082A1DAEE15400BDD1F2 /* ShortSceneLayout.xib in Resources */ = {isa = PBXBuildFile; fileRef = B05508291DAEE15400BDD1F2 /* ShortSceneLayout.xib */; };
		B055082C1DAEE31F00BDD1F2 /* cass@2x.png in Resources */ = {isa = PBXBuildFile; fileRef = B055082B1DAEE31F00BDD1F2 /* cass@2x.png */; };
		B055082E1DAEE60400BDD1F2 /* iconCassName@2x.png in Resources */ = {isa = PBXBuildFile; fileRef = B055082D1DAEE60400BDD1F2 /* iconCassName@2x.png */; };
		B05508301DAEE7A500BDD1F2 /* iconEdit@2x.png in Resources */ = {isa = PBXBuildFile; fileRef = B055082F1DAEE7A500BDD1F2 /* iconEdit@2x.png */; };
		B05508321DAEECFD00BDD1F2 /* CredBar.swift in Sources */ = {isa = PBXBuildFile; fileRef = B05508311DAEECFD00BDD1F2 /* CredBar.swift */; };
		B05508341DAEED4300BDD1F2 /* CredBarLayout.xib in Resources */ = {isa = PBXBuildFile; fileRef = B05508331DAEED4300BDD1F2 /* CredBarLayout.xib */; };
		B05508361DAF025E00BDD1F2 /* AchievementLayout.xib in Resources */ = {isa = PBXBuildFile; fileRef = B05508351DAF025E00BDD1F2 /* AchievementLayout.xib */; };
		B055083A1DAF034A00BDD1F2 /* iconLaurelGold@2x.png in Resources */ = {isa = PBXBuildFile; fileRef = B05508371DAF034A00BDD1F2 /* iconLaurelGold@2x.png */; };
		B055083B1DAF034A00BDD1F2 /* iconLaurelGray@2x.png in Resources */ = {isa = PBXBuildFile; fileRef = B05508381DAF034A00BDD1F2 /* iconLaurelGray@2x.png */; };
		B055083C1DAF034A00BDD1F2 /* iconLaurelPlatinum@2x.png in Resources */ = {isa = PBXBuildFile; fileRef = B05508391DAF034A00BDD1F2 /* iconLaurelPlatinum@2x.png */; };
		B055083E1DAF040300BDD1F2 /* Achievement.swift in Sources */ = {isa = PBXBuildFile; fileRef = B055083D1DAF040300BDD1F2 /* Achievement.swift */; };
		B05508461DAF0A7100BDD1F2 /* buttonFollow@2x.png in Resources */ = {isa = PBXBuildFile; fileRef = B05508441DAF0A7100BDD1F2 /* buttonFollow@2x.png */; };
		B05508471DAF0A7100BDD1F2 /* buttonFollowing@2x.png in Resources */ = {isa = PBXBuildFile; fileRef = B05508451DAF0A7100BDD1F2 /* buttonFollowing@2x.png */; };
		B05508491DAF117B00BDD1F2 /* ShelfLayout.xib in Resources */ = {isa = PBXBuildFile; fileRef = B05508481DAF117B00BDD1F2 /* ShelfLayout.xib */; };
		B055084B1DAF118500BDD1F2 /* Shelf.swift in Sources */ = {isa = PBXBuildFile; fileRef = B055084A1DAF118500BDD1F2 /* Shelf.swift */; };
		B055084D1DAF125200BDD1F2 /* bgShelfHeader@2x.png in Resources */ = {isa = PBXBuildFile; fileRef = B055084C1DAF125200BDD1F2 /* bgShelfHeader@2x.png */; };
		B05508541DB02DEE00BDD1F2 /* StoryCardLayout.xib in Resources */ = {isa = PBXBuildFile; fileRef = B05508531DB02DEE00BDD1F2 /* StoryCardLayout.xib */; };
		B05508561DB02EA300BDD1F2 /* StoryCard.swift in Sources */ = {isa = PBXBuildFile; fileRef = B05508551DB02EA300BDD1F2 /* StoryCard.swift */; };
		B055086B1DB038D400BDD1F2 /* thumbnailCampfire@2x.png in Resources */ = {isa = PBXBuildFile; fileRef = B05508691DB038D400BDD1F2 /* thumbnailCampfire@2x.png */; };
		B09AE6921D9B012B001E6EAC /* LaunchScreen.storyboard in Resources */ = {isa = PBXBuildFile; fileRef = B09AE6911D9B012B001E6EAC /* LaunchScreen.storyboard */; };
		B09AE6981D9B19A2001E6EAC /* bgCollege.png in Resources */ = {isa = PBXBuildFile; fileRef = B09AE6971D9B19A2001E6EAC /* bgCollege.png */; };
		B09AE69F1D9B4057001E6EAC /* bgSpeechBubble@2x.png in Resources */ = {isa = PBXBuildFile; fileRef = B09AE69E1D9B4057001E6EAC /* bgSpeechBubble@2x.png */; };
		B09AE6A21D9B475F001E6EAC /* iconMenu.png in Resources */ = {isa = PBXBuildFile; fileRef = B09AE6A11D9B475F001E6EAC /* iconMenu.png */; };
		B0B1241F1DB55FC500A2BEA1 /* buttonReadNext@2x.png in Resources */ = {isa = PBXBuildFile; fileRef = B0B1241E1DB55FC500A2BEA1 /* buttonReadNext@2x.png */; };
		B0B124211DB560C200A2BEA1 /* buttonLight@2x.png in Resources */ = {isa = PBXBuildFile; fileRef = B0B124201DB560C200A2BEA1 /* buttonLight@2x.png */; };
		B0B124231DB561DD00A2BEA1 /* colonelSanders@2x.png in Resources */ = {isa = PBXBuildFile; fileRef = B0B124221DB561DD00A2BEA1 /* colonelSanders@2x.png */; };
		B0B124251DB5649600A2BEA1 /* buttonLovedIt@2x.png in Resources */ = {isa = PBXBuildFile; fileRef = B0B124241DB5649600A2BEA1 /* buttonLovedIt@2x.png */; };
		B0B124271DB5662100A2BEA1 /* EndOfChapterController.swift in Sources */ = {isa = PBXBuildFile; fileRef = B0B124261DB5662100A2BEA1 /* EndOfChapterController.swift */; };
		B0B1242B1DB579F600A2BEA1 /* buttonWhite@2x.png in Resources */ = {isa = PBXBuildFile; fileRef = B0B1242A1DB579F600A2BEA1 /* buttonWhite@2x.png */; };
		B0B1242D1DB57AA600A2BEA1 /* buttonWhiteSelected@2x.png in Resources */ = {isa = PBXBuildFile; fileRef = B0B1242C1DB57AA600A2BEA1 /* buttonWhiteSelected@2x.png */; };
/* End PBXBuildFile section */

/* Begin PBXFileReference section */
		B0003DA91DADB86B00F710C8 /* ProfileLayout.xib */ = {isa = PBXFileReference; fileEncoding = 4; lastKnownFileType = file.xib; path = ProfileLayout.xib; sourceTree = "<group>"; };
		B0003DAD1DADB8BF00F710C8 /* ProfileController.swift */ = {isa = PBXFileReference; fileEncoding = 4; lastKnownFileType = sourcecode.swift; path = ProfileController.swift; sourceTree = "<group>"; };
		B0041D611DB03B750013C56A /* campfire@2x.png */ = {isa = PBXFileReference; lastKnownFileType = image.png; path = "campfire@2x.png"; sourceTree = "<group>"; };
		B0041D631DB03D070013C56A /* StoryViewLayout.xib */ = {isa = PBXFileReference; fileEncoding = 4; lastKnownFileType = file.xib; path = StoryViewLayout.xib; sourceTree = "<group>"; };
		B0041D651DB03D320013C56A /* StoryView.swift */ = {isa = PBXFileReference; fileEncoding = 4; lastKnownFileType = sourcecode.swift; path = StoryView.swift; sourceTree = "<group>"; };
		B0041D681DB041230013C56A /* story1.png */ = {isa = PBXFileReference; lastKnownFileType = image.png; path = story1.png; sourceTree = "<group>"; };
		B0041D691DB041230013C56A /* story2.png */ = {isa = PBXFileReference; lastKnownFileType = image.png; path = story2.png; sourceTree = "<group>"; };
		B0041D6A1DB041230013C56A /* story3.png */ = {isa = PBXFileReference; lastKnownFileType = image.png; path = story3.png; sourceTree = "<group>"; };
		B0041D6B1DB041230013C56A /* story4.png */ = {isa = PBXFileReference; lastKnownFileType = image.png; path = story4.png; sourceTree = "<group>"; };
		B0041D6C1DB041230013C56A /* story5.png */ = {isa = PBXFileReference; lastKnownFileType = image.png; path = story5.png; sourceTree = "<group>"; };
		B0041D721DB043910013C56A /* EndOfChapterLayout.xib */ = {isa = PBXFileReference; fileEncoding = 4; lastKnownFileType = file.xib; path = EndOfChapterLayout.xib; sourceTree = "<group>"; };
		B00F40541DAD588D0020C2CE /* bgLoading.png */ = {isa = PBXFileReference; lastKnownFileType = image.png; path = bgLoading.png; sourceTree = "<group>"; };
		B00F405A1DAD5C940020C2CE /* NavCellLayout.xib */ = {isa = PBXFileReference; fileEncoding = 4; lastKnownFileType = file.xib; path = NavCellLayout.xib; sourceTree = "<group>"; };
		B00F405C1DAD5D330020C2CE /* iconNav.png */ = {isa = PBXFileReference; lastKnownFileType = image.png; path = iconNav.png; sourceTree = "<group>"; };
		B00F405E1DAD5D870020C2CE /* NavCell.swift */ = {isa = PBXFileReference; fileEncoding = 4; lastKnownFileType = sourcecode.swift; path = NavCell.swift; sourceTree = "<group>"; };
		B00F40601DAD64580020C2CE /* NavMenu.swift */ = {isa = PBXFileReference; fileEncoding = 4; lastKnownFileType = sourcecode.swift; path = NavMenu.swift; sourceTree = "<group>"; };
		B03789891DAD501100DCCACC /* PortalController.swift */ = {isa = PBXFileReference; fileEncoding = 4; lastKnownFileType = sourcecode.swift; path = PortalController.swift; sourceTree = "<group>"; };
		B037898A1DAD501100DCCACC /* StoryController.swift */ = {isa = PBXFileReference; fileEncoding = 4; lastKnownFileType = sourcecode.swift; path = StoryController.swift; sourceTree = "<group>"; };
		B037898D1DAD54BF00DCCACC /* PortalLayout.xib */ = {isa = PBXFileReference; fileEncoding = 4; lastKnownFileType = file.xib; path = PortalLayout.xib; sourceTree = "<group>"; };
		B03789981DAD571A00DCCACC /* DidactGothic.ttf */ = {isa = PBXFileReference; lastKnownFileType = file; path = DidactGothic.ttf; sourceTree = "<group>"; };
		B04348681D99EEEF00C8EE2B /* Profile.app */ = {isa = PBXFileReference; explicitFileType = wrapper.application; includeInIndex = 0; path = Profile.app; sourceTree = BUILT_PRODUCTS_DIR; };
		B043486B1D99EEEF00C8EE2B /* AppDelegate.swift */ = {isa = PBXFileReference; lastKnownFileType = sourcecode.swift; path = AppDelegate.swift; sourceTree = "<group>"; };
		B04348761D99EEEF00C8EE2B /* Assets.xcassets */ = {isa = PBXFileReference; lastKnownFileType = folder.assetcatalog; path = Assets.xcassets; sourceTree = "<group>"; };
		B043487B1D99EEEF00C8EE2B /* Info.plist */ = {isa = PBXFileReference; lastKnownFileType = text.plist.xml; path = Info.plist; sourceTree = "<group>"; };
		B04348841D99F0BF00C8EE2B /* GameScene.swift */ = {isa = PBXFileReference; fileEncoding = 4; lastKnownFileType = sourcecode.swift; path = GameScene.swift; sourceTree = "<group>"; };
		B04348871D99F0E800C8EE2B /* SKScenePlus.swift */ = {isa = PBXFileReference; fileEncoding = 4; lastKnownFileType = sourcecode.swift; path = SKScenePlus.swift; sourceTree = "<group>"; };
		B04348891D99F18A00C8EE2B /* Atlasser.swift */ = {isa = PBXFileReference; fileEncoding = 4; lastKnownFileType = sourcecode.swift; path = Atlasser.swift; sourceTree = "<group>"; };
		B043488A1D99F18A00C8EE2B /* DataUtils.swift */ = {isa = PBXFileReference; fileEncoding = 4; lastKnownFileType = sourcecode.swift; path = DataUtils.swift; sourceTree = "<group>"; };
		B043488B1D99F18A00C8EE2B /* SKMultilineLabel.swift */ = {isa = PBXFileReference; fileEncoding = 4; lastKnownFileType = sourcecode.swift; path = SKMultilineLabel.swift; sourceTree = "<group>"; };
		B043488C1D99F18A00C8EE2B /* SpriteKitUtils.swift */ = {isa = PBXFileReference; fileEncoding = 4; lastKnownFileType = sourcecode.swift; path = SpriteKitUtils.swift; sourceTree = "<group>"; };
		B04348941D99F2F500C8EE2B /* GameModel.swift */ = {isa = PBXFileReference; fileEncoding = 4; lastKnownFileType = sourcecode.swift; path = GameModel.swift; sourceTree = "<group>"; };
		B04391191D9EDC44000CC018 /* UIKitUtils.swift */ = {isa = PBXFileReference; fileEncoding = 4; lastKnownFileType = sourcecode.swift; path = UIKitUtils.swift; sourceTree = "<group>"; };
		B043911B1D9EDC51000CC018 /* MasterController.swift */ = {isa = PBXFileReference; fileEncoding = 4; lastKnownFileType = sourcecode.swift; path = MasterController.swift; sourceTree = "<group>"; };
		B055081F1DAEBD7200BDD1F2 /* StylizedButton.swift */ = {isa = PBXFileReference; fileEncoding = 4; lastKnownFileType = sourcecode.swift; path = StylizedButton.swift; sourceTree = "<group>"; };
		B05508211DAEC66C00BDD1F2 /* MyShelfLayout.xib */ = {isa = PBXFileReference; fileEncoding = 4; lastKnownFileType = file.xib; path = MyShelfLayout.xib; sourceTree = "<group>"; };
		B05508251DAEE07400BDD1F2 /* MyShelfController.swift */ = {isa = PBXFileReference; fileEncoding = 4; lastKnownFileType = sourcecode.swift; path = MyShelfController.swift; sourceTree = "<group>"; };
		B05508271DAEE0E200BDD1F2 /* ShortScene.swift */ = {isa = PBXFileReference; fileEncoding = 4; lastKnownFileType = sourcecode.swift; path = ShortScene.swift; sourceTree = "<group>"; };
		B05508291DAEE15400BDD1F2 /* ShortSceneLayout.xib */ = {isa = PBXFileReference; fileEncoding = 4; lastKnownFileType = file.xib; path = ShortSceneLayout.xib; sourceTree = "<group>"; };
		B055082B1DAEE31F00BDD1F2 /* cass@2x.png */ = {isa = PBXFileReference; lastKnownFileType = image.png; path = "cass@2x.png"; sourceTree = "<group>"; };
		B055082D1DAEE60400BDD1F2 /* iconCassName@2x.png */ = {isa = PBXFileReference; lastKnownFileType = image.png; path = "iconCassName@2x.png"; sourceTree = "<group>"; };
		B055082F1DAEE7A500BDD1F2 /* iconEdit@2x.png */ = {isa = PBXFileReference; lastKnownFileType = image.png; path = "iconEdit@2x.png"; sourceTree = "<group>"; };
		B05508311DAEECFD00BDD1F2 /* CredBar.swift */ = {isa = PBXFileReference; fileEncoding = 4; lastKnownFileType = sourcecode.swift; path = CredBar.swift; sourceTree = "<group>"; };
		B05508331DAEED4300BDD1F2 /* CredBarLayout.xib */ = {isa = PBXFileReference; fileEncoding = 4; lastKnownFileType = file.xib; path = CredBarLayout.xib; sourceTree = "<group>"; };
		B05508351DAF025E00BDD1F2 /* AchievementLayout.xib */ = {isa = PBXFileReference; fileEncoding = 4; lastKnownFileType = file.xib; path = AchievementLayout.xib; sourceTree = "<group>"; };
		B05508371DAF034A00BDD1F2 /* iconLaurelGold@2x.png */ = {isa = PBXFileReference; lastKnownFileType = image.png; path = "iconLaurelGold@2x.png"; sourceTree = "<group>"; };
		B05508381DAF034A00BDD1F2 /* iconLaurelGray@2x.png */ = {isa = PBXFileReference; lastKnownFileType = image.png; path = "iconLaurelGray@2x.png"; sourceTree = "<group>"; };
		B05508391DAF034A00BDD1F2 /* iconLaurelPlatinum@2x.png */ = {isa = PBXFileReference; lastKnownFileType = image.png; path = "iconLaurelPlatinum@2x.png"; sourceTree = "<group>"; };
		B055083D1DAF040300BDD1F2 /* Achievement.swift */ = {isa = PBXFileReference; fileEncoding = 4; lastKnownFileType = sourcecode.swift; path = Achievement.swift; sourceTree = "<group>"; };
		B05508441DAF0A7100BDD1F2 /* buttonFollow@2x.png */ = {isa = PBXFileReference; lastKnownFileType = image.png; path = "buttonFollow@2x.png"; sourceTree = "<group>"; };
		B05508451DAF0A7100BDD1F2 /* buttonFollowing@2x.png */ = {isa = PBXFileReference; lastKnownFileType = image.png; path = "buttonFollowing@2x.png"; sourceTree = "<group>"; };
		B05508481DAF117B00BDD1F2 /* ShelfLayout.xib */ = {isa = PBXFileReference; fileEncoding = 4; lastKnownFileType = file.xib; path = ShelfLayout.xib; sourceTree = "<group>"; };
		B055084A1DAF118500BDD1F2 /* Shelf.swift */ = {isa = PBXFileReference; fileEncoding = 4; lastKnownFileType = sourcecode.swift; path = Shelf.swift; sourceTree = "<group>"; };
		B055084C1DAF125200BDD1F2 /* bgShelfHeader@2x.png */ = {isa = PBXFileReference; lastKnownFileType = image.png; path = "bgShelfHeader@2x.png"; sourceTree = "<group>"; };
		B05508531DB02DEE00BDD1F2 /* StoryCardLayout.xib */ = {isa = PBXFileReference; fileEncoding = 4; lastKnownFileType = file.xib; path = StoryCardLayout.xib; sourceTree = "<group>"; };
		B05508551DB02EA300BDD1F2 /* StoryCard.swift */ = {isa = PBXFileReference; fileEncoding = 4; lastKnownFileType = sourcecode.swift; path = StoryCard.swift; sourceTree = "<group>"; };
		B05508691DB038D400BDD1F2 /* thumbnailCampfire@2x.png */ = {isa = PBXFileReference; lastKnownFileType = image.png; path = "thumbnailCampfire@2x.png"; sourceTree = "<group>"; };
		B09AE6911D9B012B001E6EAC /* LaunchScreen.storyboard */ = {isa = PBXFileReference; fileEncoding = 4; lastKnownFileType = file.storyboard; path = LaunchScreen.storyboard; sourceTree = "<group>"; };
		B09AE6971D9B19A2001E6EAC /* bgCollege.png */ = {isa = PBXFileReference; lastKnownFileType = image.png; path = bgCollege.png; sourceTree = "<group>"; };
		B09AE69E1D9B4057001E6EAC /* bgSpeechBubble@2x.png */ = {isa = PBXFileReference; lastKnownFileType = image.png; path = "bgSpeechBubble@2x.png"; sourceTree = "<group>"; };
		B09AE6A11D9B475F001E6EAC /* iconMenu.png */ = {isa = PBXFileReference; lastKnownFileType = image.png; path = iconMenu.png; sourceTree = "<group>"; };
		B0B1241E1DB55FC500A2BEA1 /* buttonReadNext@2x.png */ = {isa = PBXFileReference; lastKnownFileType = image.png; path = "buttonReadNext@2x.png"; sourceTree = "<group>"; };
		B0B124201DB560C200A2BEA1 /* buttonLight@2x.png */ = {isa = PBXFileReference; lastKnownFileType = image.png; path = "buttonLight@2x.png"; sourceTree = "<group>"; };
		B0B124221DB561DD00A2BEA1 /* colonelSanders@2x.png */ = {isa = PBXFileReference; lastKnownFileType = image.png; path = "colonelSanders@2x.png"; sourceTree = "<group>"; };
		B0B124241DB5649600A2BEA1 /* buttonLovedIt@2x.png */ = {isa = PBXFileReference; lastKnownFileType = image.png; path = "buttonLovedIt@2x.png"; sourceTree = "<group>"; };
		B0B124261DB5662100A2BEA1 /* EndOfChapterController.swift */ = {isa = PBXFileReference; fileEncoding = 4; lastKnownFileType = sourcecode.swift; path = EndOfChapterController.swift; sourceTree = "<group>"; };
		B0B1242A1DB579F600A2BEA1 /* buttonWhite@2x.png */ = {isa = PBXFileReference; lastKnownFileType = image.png; path = "buttonWhite@2x.png"; sourceTree = "<group>"; };
		B0B1242C1DB57AA600A2BEA1 /* buttonWhiteSelected@2x.png */ = {isa = PBXFileReference; lastKnownFileType = image.png; path = "buttonWhiteSelected@2x.png"; sourceTree = "<group>"; };
/* End PBXFileReference section */

/* Begin PBXFrameworksBuildPhase section */
		B04348651D99EEEF00C8EE2B /* Frameworks */ = {
			isa = PBXFrameworksBuildPhase;
			buildActionMask = 2147483647;
			files = (
			);
			runOnlyForDeploymentPostprocessing = 0;
		};
/* End PBXFrameworksBuildPhase section */

/* Begin PBXGroup section */
		B0041D671DB041230013C56A /* StoryFrames */ = {
			isa = PBXGroup;
			children = (
				B0041D681DB041230013C56A /* story1.png */,
				B0041D691DB041230013C56A /* story2.png */,
				B0041D6A1DB041230013C56A /* story3.png */,
				B0041D6B1DB041230013C56A /* story4.png */,
				B0041D6C1DB041230013C56A /* story5.png */,
			);
			path = StoryFrames;
			sourceTree = "<group>";
		};
		B03789951DAD56F100DCCACC /* Fonts */ = {
			isa = PBXGroup;
			children = (
				B03789981DAD571A00DCCACC /* DidactGothic.ttf */,
			);
			path = Fonts;
			sourceTree = "<group>";
		};
		B043485F1D99EEEF00C8EE2B = {
			isa = PBXGroup;
			children = (
				B09AE6951D9B19A2001E6EAC /* Assets */,
				B04348811D99F05300C8EE2B /* Controllers */,
				B0A437251DB1579400F608C7 /* Data */,
				B043486A1D99EEEF00C8EE2B /* Profile */,
				B04348971D99F43C00C8EE2B /* Scenes */,
				B04348861D99F0E800C8EE2B /* Utils */,
				B043911F1D9EDF52000CC018 /* Views */,
				B04348691D99EEEF00C8EE2B /* Products */,
			);
			sourceTree = "<group>";
		};
		B04348691D99EEEF00C8EE2B /* Products */ = {
			isa = PBXGroup;
			children = (
				B04348681D99EEEF00C8EE2B /* Profile.app */,
			);
			name = Products;
			sourceTree = "<group>";
		};
		B043486A1D99EEEF00C8EE2B /* Profile */ = {
			isa = PBXGroup;
			children = (
				B043486B1D99EEEF00C8EE2B /* AppDelegate.swift */,
				B04348761D99EEEF00C8EE2B /* Assets.xcassets */,
				B043487B1D99EEEF00C8EE2B /* Info.plist */,
			);
			path = Profile;
			sourceTree = "<group>";
		};
		B04348811D99F05300C8EE2B /* Controllers */ = {
			isa = PBXGroup;
			children = (
				B0B124261DB5662100A2BEA1 /* EndOfChapterController.swift */,
				B04348941D99F2F500C8EE2B /* GameModel.swift */,
				B04348841D99F0BF00C8EE2B /* GameScene.swift */,
				B043911B1D9EDC51000CC018 /* MasterController.swift */,
				B05508251DAEE07400BDD1F2 /* MyShelfController.swift */,
				B03789891DAD501100DCCACC /* PortalController.swift */,
				B0003DAD1DADB8BF00F710C8 /* ProfileController.swift */,
				B037898A1DAD501100DCCACC /* StoryController.swift */,
			);
			path = Controllers;
			sourceTree = "<group>";
		};
		B04348861D99F0E800C8EE2B /* Utils */ = {
			isa = PBXGroup;
			children = (
				B04348891D99F18A00C8EE2B /* Atlasser.swift */,
				B043488A1D99F18A00C8EE2B /* DataUtils.swift */,
				B043488B1D99F18A00C8EE2B /* SKMultilineLabel.swift */,
				B04348871D99F0E800C8EE2B /* SKScenePlus.swift */,
				B043488C1D99F18A00C8EE2B /* SpriteKitUtils.swift */,
				B055081F1DAEBD7200BDD1F2 /* StylizedButton.swift */,
				B04391191D9EDC44000CC018 /* UIKitUtils.swift */,
			);
			path = Utils;
			sourceTree = "<group>";
		};
		B04348971D99F43C00C8EE2B /* Scenes */ = {
			isa = PBXGroup;
			children = (
				B05508351DAF025E00BDD1F2 /* AchievementLayout.xib */,
				B05508331DAEED4300BDD1F2 /* CredBarLayout.xib */,
				B0041D721DB043910013C56A /* EndOfChapterLayout.xib */,
				B09AE6911D9B012B001E6EAC /* LaunchScreen.storyboard */,
				B05508211DAEC66C00BDD1F2 /* MyShelfLayout.xib */,
				B00F405A1DAD5C940020C2CE /* NavCellLayout.xib */,
				B0003DA91DADB86B00F710C8 /* ProfileLayout.xib */,
				B037898D1DAD54BF00DCCACC /* PortalLayout.xib */,
				B05508481DAF117B00BDD1F2 /* ShelfLayout.xib */,
				B05508291DAEE15400BDD1F2 /* ShortSceneLayout.xib */,
				B05508531DB02DEE00BDD1F2 /* StoryCardLayout.xib */,
				B0041D631DB03D070013C56A /* StoryViewLayout.xib */,
			);
			path = Scenes;
			sourceTree = "<group>";
		};
		B043911F1D9EDF52000CC018 /* Views */ = {
			isa = PBXGroup;
			children = (
				B055083D1DAF040300BDD1F2 /* Achievement.swift */,
				B05508311DAEECFD00BDD1F2 /* CredBar.swift */,
				B00F405E1DAD5D870020C2CE /* NavCell.swift */,
				B00F40601DAD64580020C2CE /* NavMenu.swift */,
				B055084A1DAF118500BDD1F2 /* Shelf.swift */,
				B05508271DAEE0E200BDD1F2 /* ShortScene.swift */,
				B0041D651DB03D320013C56A /* StoryView.swift */,
				B05508551DB02EA300BDD1F2 /* StoryCard.swift */,
			);
			path = Views;
			sourceTree = "<group>";
		};
		B05508431DAF0A7100BDD1F2 /* Controls */ = {
			isa = PBXGroup;
			children = (
				B05508441DAF0A7100BDD1F2 /* buttonFollow@2x.png */,
				B05508451DAF0A7100BDD1F2 /* buttonFollowing@2x.png */,
				B0B124201DB560C200A2BEA1 /* buttonLight@2x.png */,
				B0B124241DB5649600A2BEA1 /* buttonLovedIt@2x.png */,
				B0B1241E1DB55FC500A2BEA1 /* buttonReadNext@2x.png */,
				B0B1242A1DB579F600A2BEA1 /* buttonWhite@2x.png */,
				B0B1242C1DB57AA600A2BEA1 /* buttonWhiteSelected@2x.png */,
			);
			path = Controls;
			sourceTree = "<group>";
		};
		B05508671DB038D400BDD1F2 /* StoryCards */ = {
			isa = PBXGroup;
			children = (
				B0041D611DB03B750013C56A /* campfire@2x.png */,
				B05508691DB038D400BDD1F2 /* thumbnailCampfire@2x.png */,
			);
			path = StoryCards;
			sourceTree = "<group>";
		};
		B09AE6951D9B19A2001E6EAC /* Assets */ = {
			isa = PBXGroup;
			children = (
				B09AE6961D9B19A2001E6EAC /* Backgrounds */,
				B09AE6991D9B1AEC001E6EAC /* Characters */,
				B05508431DAF0A7100BDD1F2 /* Controls */,
				B03789951DAD56F100DCCACC /* Fonts */,
				B09AE6A01D9B475F001E6EAC /* Icons */,
				B05508671DB038D400BDD1F2 /* StoryCards */,
				B0041D671DB041230013C56A /* StoryFrames */,
			);
			path = Assets;
			sourceTree = "<group>";
		};
		B09AE6961D9B19A2001E6EAC /* Backgrounds */ = {
			isa = PBXGroup;
			children = (
				B00F40541DAD588D0020C2CE /* bgLoading.png */,
				B09AE6971D9B19A2001E6EAC /* bgCollege.png */,
				B055084C1DAF125200BDD1F2 /* bgShelfHeader@2x.png */,
				B09AE69E1D9B4057001E6EAC /* bgSpeechBubble@2x.png */,
			);
			path = Backgrounds;
			sourceTree = "<group>";
		};
		B09AE6991D9B1AEC001E6EAC /* Characters */ = {
			isa = PBXGroup;
			children = (
				B055082B1DAEE31F00BDD1F2 /* cass@2x.png */,
				B0B124221DB561DD00A2BEA1 /* colonelSanders@2x.png */,
			);
			path = Characters;
			sourceTree = "<group>";
		};
		B09AE6A01D9B475F001E6EAC /* Icons */ = {
			isa = PBXGroup;
			children = (
				B055082D1DAEE60400BDD1F2 /* iconCassName@2x.png */,
				B055082F1DAEE7A500BDD1F2 /* iconEdit@2x.png */,
				B05508371DAF034A00BDD1F2 /* iconLaurelGold@2x.png */,
				B05508381DAF034A00BDD1F2 /* iconLaurelGray@2x.png */,
				B05508391DAF034A00BDD1F2 /* iconLaurelPlatinum@2x.png */,
				B09AE6A11D9B475F001E6EAC /* iconMenu.png */,
				B00F405C1DAD5D330020C2CE /* iconNav.png */,
			);
			path = Icons;
			sourceTree = "<group>";
		};
		B0A437251DB1579400F608C7 /* Data */ = {
			isa = PBXGroup;
			children = (
			);
			path = Data;
			sourceTree = "<group>";
		};
/* End PBXGroup section */

/* Begin PBXNativeTarget section */
		B04348671D99EEEF00C8EE2B /* Profile */ = {
			isa = PBXNativeTarget;
			buildConfigurationList = B043487E1D99EEEF00C8EE2B /* Build configuration list for PBXNativeTarget "Profile" */;
			buildPhases = (
				B04348641D99EEEF00C8EE2B /* Sources */,
				B04348651D99EEEF00C8EE2B /* Frameworks */,
				B04348661D99EEEF00C8EE2B /* Resources */,
			);
			buildRules = (
			);
			dependencies = (
			);
			name = Profile;
			productName = Profile;
			productReference = B04348681D99EEEF00C8EE2B /* Profile.app */;
			productType = "com.apple.product-type.application";
		};
/* End PBXNativeTarget section */

/* Begin PBXProject section */
		B04348601D99EEEF00C8EE2B /* Project object */ = {
			isa = PBXProject;
			attributes = {
				LastSwiftUpdateCheck = 0730;
				LastUpgradeCheck = 0800;
				ORGANIZATIONNAME = "Mushroom Studio";
				TargetAttributes = {
					B04348671D99EEEF00C8EE2B = {
						CreatedOnToolsVersion = 7.3;
						DevelopmentTeam = 298F5G8964;
						LastSwiftMigration = 0800;
					};
				};
			};
			buildConfigurationList = B04348631D99EEEF00C8EE2B /* Build configuration list for PBXProject "Profile" */;
			compatibilityVersion = "Xcode 3.2";
			developmentRegion = English;
			hasScannedForEncodings = 0;
			knownRegions = (
				en,
				Base,
			);
			mainGroup = B043485F1D99EEEF00C8EE2B;
			productRefGroup = B04348691D99EEEF00C8EE2B /* Products */;
			projectDirPath = "";
			projectRoot = "";
			targets = (
				B04348671D99EEEF00C8EE2B /* Profile */,
			);
		};
/* End PBXProject section */

/* Begin PBXResourcesBuildPhase section */
		B04348661D99EEEF00C8EE2B /* Resources */ = {
			isa = PBXResourcesBuildPhase;
			buildActionMask = 2147483647;
			files = (
				B09AE6981D9B19A2001E6EAC /* bgCollege.png in Resources */,
				B055084D1DAF125200BDD1F2 /* bgShelfHeader@2x.png in Resources */,
				B0B1242D1DB57AA600A2BEA1 /* buttonWhiteSelected@2x.png in Resources */,
				B0B124231DB561DD00A2BEA1 /* colonelSanders@2x.png in Resources */,
				B0B124211DB560C200A2BEA1 /* buttonLight@2x.png in Resources */,
				B05508361DAF025E00BDD1F2 /* AchievementLayout.xib in Resources */,
				B055082A1DAEE15400BDD1F2 /* ShortSceneLayout.xib in Resources */,
				B055082C1DAEE31F00BDD1F2 /* cass@2x.png in Resources */,
				B00F405B1DAD5C940020C2CE /* NavCellLayout.xib in Resources */,
				B05508341DAEED4300BDD1F2 /* CredBarLayout.xib in Resources */,
				B0041D711DB041230013C56A /* story5.png in Resources */,
				B0041D641DB03D070013C56A /* StoryViewLayout.xib in Resources */,
				B0041D621DB03B750013C56A /* campfire@2x.png in Resources */,
				B03789991DAD571A00DCCACC /* DidactGothic.ttf in Resources */,
				B055086B1DB038D400BDD1F2 /* thumbnailCampfire@2x.png in Resources */,
				B05508541DB02DEE00BDD1F2 /* StoryCardLayout.xib in Resources */,
				B055083B1DAF034A00BDD1F2 /* iconLaurelGray@2x.png in Resources */,
				B0041D701DB041230013C56A /* story4.png in Resources */,
				B05508461DAF0A7100BDD1F2 /* buttonFollow@2x.png in Resources */,
				B055082E1DAEE60400BDD1F2 /* iconCassName@2x.png in Resources */,
				B0B1241F1DB55FC500A2BEA1 /* buttonReadNext@2x.png in Resources */,
				B0041D6D1DB041230013C56A /* story1.png in Resources */,
				B037898E1DAD54BF00DCCACC /* PortalLayout.xib in Resources */,
				B05508301DAEE7A500BDD1F2 /* iconEdit@2x.png in Resources */,
				B0B124251DB5649600A2BEA1 /* buttonLovedIt@2x.png in Resources */,
				B05508471DAF0A7100BDD1F2 /* buttonFollowing@2x.png in Resources */,
				B09AE6921D9B012B001E6EAC /* LaunchScreen.storyboard in Resources */,
				B05508491DAF117B00BDD1F2 /* ShelfLayout.xib in Resources */,
				B0041D6F1DB041230013C56A /* story3.png in Resources */,
				B00F40551DAD588D0020C2CE /* bgLoading.png in Resources */,
				B055083A1DAF034A00BDD1F2 /* iconLaurelGold@2x.png in Resources */,
				B04348771D99EEEF00C8EE2B /* Assets.xcassets in Resources */,
				B00F405D1DAD5D330020C2CE /* iconNav.png in Resources */,
				B055083C1DAF034A00BDD1F2 /* iconLaurelPlatinum@2x.png in Resources */,
				B09AE6A21D9B475F001E6EAC /* iconMenu.png in Resources */,
				B09AE69F1D9B4057001E6EAC /* bgSpeechBubble@2x.png in Resources */,
				B05508221DAEC66C00BDD1F2 /* MyShelfLayout.xib in Resources */,
				B0B1242B1DB579F600A2BEA1 /* buttonWhite@2x.png in Resources */,
				B0003DAA1DADB86B00F710C8 /* ProfileLayout.xib in Resources */,
				B0041D6E1DB041230013C56A /* story2.png in Resources */,
				B0041D731DB043910013C56A /* EndOfChapterLayout.xib in Resources */,
			);
			runOnlyForDeploymentPostprocessing = 0;
		};
/* End PBXResourcesBuildPhase section */

/* Begin PBXSourcesBuildPhase section */
		B04348641D99EEEF00C8EE2B /* Sources */ = {
			isa = PBXSourcesBuildPhase;
			buildActionMask = 2147483647;
			files = (
				B055084B1DAF118500BDD1F2 /* Shelf.swift in Sources */,
				B04348881D99F0E800C8EE2B /* SKScenePlus.swift in Sources */,
				B0003DAE1DADB8BF00F710C8 /* ProfileController.swift in Sources */,
				B05508561DB02EA300BDD1F2 /* StoryCard.swift in Sources */,
				B043488F1D99F18A00C8EE2B /* DataUtils.swift in Sources */,
				B05508261DAEE07400BDD1F2 /* MyShelfController.swift in Sources */,
				B0B124271DB5662100A2BEA1 /* EndOfChapterController.swift in Sources */,
				B0041D661DB03D320013C56A /* StoryView.swift in Sources */,
				B04348901D99F18A00C8EE2B /* SKMultilineLabel.swift in Sources */,
				B00F40611DAD64580020C2CE /* NavMenu.swift in Sources */,
				B05508201DAEBD7200BDD1F2 /* StylizedButton.swift in Sources */,
				B043488E1D99F18A00C8EE2B /* Atlasser.swift in Sources */,
				B043911A1D9EDC44000CC018 /* UIKitUtils.swift in Sources */,
				B05508321DAEECFD00BDD1F2 /* CredBar.swift in Sources */,
				B05508281DAEE0E200BDD1F2 /* ShortScene.swift in Sources */,
				B037898C1DAD501100DCCACC /* StoryController.swift in Sources */,
				B04348851D99F0BF00C8EE2B /* GameScene.swift in Sources */,
				B043486C1D99EEEF00C8EE2B /* AppDelegate.swift in Sources */,
				B043911C1D9EDC51000CC018 /* MasterController.swift in Sources */,
				B04348911D99F18A00C8EE2B /* SpriteKitUtils.swift in Sources */,
				B00F405F1DAD5D870020C2CE /* NavCell.swift in Sources */,
				B04348961D99F2F500C8EE2B /* GameModel.swift in Sources */,
				B055083E1DAF040300BDD1F2 /* Achievement.swift in Sources */,
				B037898B1DAD501100DCCACC /* PortalController.swift in Sources */,
			);
			runOnlyForDeploymentPostprocessing = 0;
		};
/* End PBXSourcesBuildPhase section */

/* Begin XCBuildConfiguration section */
		B043487C1D99EEEF00C8EE2B /* Debug */ = {
			isa = XCBuildConfiguration;
			buildSettings = {
				ALWAYS_SEARCH_USER_PATHS = NO;
				CLANG_ANALYZER_NONNULL = YES;
				CLANG_CXX_LANGUAGE_STANDARD = "gnu++0x";
				CLANG_CXX_LIBRARY = "libc++";
				CLANG_ENABLE_MODULES = YES;
				CLANG_ENABLE_OBJC_ARC = YES;
				CLANG_WARN_BOOL_CONVERSION = YES;
				CLANG_WARN_CONSTANT_CONVERSION = YES;
				CLANG_WARN_DIRECT_OBJC_ISA_USAGE = YES_ERROR;
				CLANG_WARN_EMPTY_BODY = YES;
				CLANG_WARN_ENUM_CONVERSION = YES;
				CLANG_WARN_INFINITE_RECURSION = YES;
				CLANG_WARN_INT_CONVERSION = YES;
				CLANG_WARN_OBJC_ROOT_CLASS = YES_ERROR;
				CLANG_WARN_SUSPICIOUS_MOVE = YES;
				CLANG_WARN_UNREACHABLE_CODE = YES;
				CLANG_WARN__DUPLICATE_METHOD_MATCH = YES;
				"CODE_SIGN_IDENTITY[sdk=iphoneos*]" = "iPhone Developer";
				COPY_PHASE_STRIP = NO;
				DEBUG_INFORMATION_FORMAT = "dwarf-with-dsym";
				ENABLE_STRICT_OBJC_MSGSEND = YES;
				ENABLE_TESTABILITY = YES;
				GCC_C_LANGUAGE_STANDARD = gnu99;
				GCC_DYNAMIC_NO_PIC = NO;
				GCC_NO_COMMON_BLOCKS = YES;
				GCC_OPTIMIZATION_LEVEL = 0;
				GCC_PREPROCESSOR_DEFINITIONS = (
					"DEBUG=1",
					"$(inherited)",
				);
				GCC_WARN_64_TO_32_BIT_CONVERSION = YES;
				GCC_WARN_ABOUT_RETURN_TYPE = YES_ERROR;
				GCC_WARN_UNDECLARED_SELECTOR = YES;
				GCC_WARN_UNINITIALIZED_AUTOS = YES_AGGRESSIVE;
				GCC_WARN_UNUSED_FUNCTION = YES;
				GCC_WARN_UNUSED_VARIABLE = YES;
				IPHONEOS_DEPLOYMENT_TARGET = 9.3;
				MTL_ENABLE_DEBUG_INFO = YES;
				ONLY_ACTIVE_ARCH = YES;
				SDKROOT = iphoneos;
				SWIFT_OPTIMIZATION_LEVEL = "-Onone";
			};
			name = Debug;
		};
		B043487D1D99EEEF00C8EE2B /* Release */ = {
			isa = XCBuildConfiguration;
			buildSettings = {
				ALWAYS_SEARCH_USER_PATHS = NO;
				CLANG_ANALYZER_NONNULL = YES;
				CLANG_CXX_LANGUAGE_STANDARD = "gnu++0x";
				CLANG_CXX_LIBRARY = "libc++";
				CLANG_ENABLE_MODULES = YES;
				CLANG_ENABLE_OBJC_ARC = YES;
				CLANG_WARN_BOOL_CONVERSION = YES;
				CLANG_WARN_CONSTANT_CONVERSION = YES;
				CLANG_WARN_DIRECT_OBJC_ISA_USAGE = YES_ERROR;
				CLANG_WARN_EMPTY_BODY = YES;
				CLANG_WARN_ENUM_CONVERSION = YES;
				CLANG_WARN_INFINITE_RECURSION = YES;
				CLANG_WARN_INT_CONVERSION = YES;
				CLANG_WARN_OBJC_ROOT_CLASS = YES_ERROR;
				CLANG_WARN_SUSPICIOUS_MOVE = YES;
				CLANG_WARN_UNREACHABLE_CODE = YES;
				CLANG_WARN__DUPLICATE_METHOD_MATCH = YES;
				"CODE_SIGN_IDENTITY[sdk=iphoneos*]" = "iPhone Developer";
				COPY_PHASE_STRIP = NO;
				DEBUG_INFORMATION_FORMAT = "dwarf-with-dsym";
				ENABLE_NS_ASSERTIONS = NO;
				ENABLE_STRICT_OBJC_MSGSEND = YES;
				GCC_C_LANGUAGE_STANDARD = gnu99;
				GCC_NO_COMMON_BLOCKS = YES;
				GCC_WARN_64_TO_32_BIT_CONVERSION = YES;
				GCC_WARN_ABOUT_RETURN_TYPE = YES_ERROR;
				GCC_WARN_UNDECLARED_SELECTOR = YES;
				GCC_WARN_UNINITIALIZED_AUTOS = YES_AGGRESSIVE;
				GCC_WARN_UNUSED_FUNCTION = YES;
				GCC_WARN_UNUSED_VARIABLE = YES;
				IPHONEOS_DEPLOYMENT_TARGET = 9.3;
				MTL_ENABLE_DEBUG_INFO = NO;
				SDKROOT = iphoneos;
				SWIFT_OPTIMIZATION_LEVEL = "-Owholemodule";
				VALIDATE_PRODUCT = YES;
			};
			name = Release;
		};
		B043487F1D99EEEF00C8EE2B /* Debug */ = {
			isa = XCBuildConfiguration;
			buildSettings = {
				ASSETCATALOG_COMPILER_APPICON_NAME = AppIcon;
				DEVELOPMENT_TEAM = 298F5G8964;
				INFOPLIST_FILE = Profile/Info.plist;
				LD_RUNPATH_SEARCH_PATHS = "$(inherited) @executable_path/Frameworks";
				PRODUCT_BUNDLE_IDENTIFIER = com.mushroomStudio.Profile;
				PRODUCT_NAME = "$(TARGET_NAME)";
				SWIFT_VERSION = 3.0;
			};
			name = Debug;
		};
		B04348801D99EEEF00C8EE2B /* Release */ = {
			isa = XCBuildConfiguration;
			buildSettings = {
				ASSETCATALOG_COMPILER_APPICON_NAME = AppIcon;
				DEVELOPMENT_TEAM = 298F5G8964;
				INFOPLIST_FILE = Profile/Info.plist;
				LD_RUNPATH_SEARCH_PATHS = "$(inherited) @executable_path/Frameworks";
				PRODUCT_BUNDLE_IDENTIFIER = com.mushroomStudio.Profile;
				PRODUCT_NAME = "$(TARGET_NAME)";
				SWIFT_VERSION = 3.0;
			};
			name = Release;
		};
/* End XCBuildConfiguration section */

/* Begin XCConfigurationList section */
		B04348631D99EEEF00C8EE2B /* Build configuration list for PBXProject "Profile" */ = {
			isa = XCConfigurationList;
			buildConfigurations = (
				B043487C1D99EEEF00C8EE2B /* Debug */,
				B043487D1D99EEEF00C8EE2B /* Release */,
			);
			defaultConfigurationIsVisible = 0;
			defaultConfigurationName = Release;
		};
		B043487E1D99EEEF00C8EE2B /* Build configuration list for PBXNativeTarget "Profile" */ = {
			isa = XCConfigurationList;
			buildConfigurations = (
				B043487F1D99EEEF00C8EE2B /* Debug */,
				B04348801D99EEEF00C8EE2B /* Release */,
			);
			defaultConfigurationIsVisible = 0;
			defaultConfigurationName = Release;
		};
/* End XCConfigurationList section */
	};
	rootObject = B04348601D99EEEF00C8EE2B /* Project object */;
}
