// !$*UTF8*$!
{
	archiveVersion = 1;
	classes = {
	};
	objectVersion = 46;
	objects = {

/* Begin PBXBuildFile section */
		4F50B31628B09FEDA02A19DD /* Pods_Profile.framework in Frameworks */ = {isa = PBXBuildFile; fileRef = C8CB0284A79FBE28DD962FAC /* Pods_Profile.framework */; };
		B0003DAA1DADB86B00F710C8 /* ProfileLayout.xib in Resources */ = {isa = PBXBuildFile; fileRef = B0003DA91DADB86B00F710C8 /* ProfileLayout.xib */; };
		B0003DAE1DADB8BF00F710C8 /* ProfileController.swift in Sources */ = {isa = PBXBuildFile; fileRef = B0003DAD1DADB8BF00F710C8 /* ProfileController.swift */; };
		B0041D621DB03B750013C56A /* campfire@2x.png in Resources */ = {isa = PBXBuildFile; fileRef = B0041D611DB03B750013C56A /* campfire@2x.png */; };
		B0041D641DB03D070013C56A /* StoryLayout.xib in Resources */ = {isa = PBXBuildFile; fileRef = B0041D631DB03D070013C56A /* StoryLayout.xib */; };
		B0041D731DB043910013C56A /* EndOfChapterLayout.xib in Resources */ = {isa = PBXBuildFile; fileRef = B0041D721DB043910013C56A /* EndOfChapterLayout.xib */; };
		B00F40551DAD588D0020C2CE /* bgLoading.png in Resources */ = {isa = PBXBuildFile; fileRef = B00F40541DAD588D0020C2CE /* bgLoading.png */; };
		B00F405B1DAD5C940020C2CE /* NavCellLayout.xib in Resources */ = {isa = PBXBuildFile; fileRef = B00F405A1DAD5C940020C2CE /* NavCellLayout.xib */; };
		B00F405D1DAD5D330020C2CE /* iconNav.png in Resources */ = {isa = PBXBuildFile; fileRef = B00F405C1DAD5D330020C2CE /* iconNav.png */; };
		B00F405F1DAD5D870020C2CE /* NavCell.swift in Sources */ = {isa = PBXBuildFile; fileRef = B00F405E1DAD5D870020C2CE /* NavCell.swift */; };
		B00F40611DAD64580020C2CE /* NavMenu.swift in Sources */ = {isa = PBXBuildFile; fileRef = B00F40601DAD64580020C2CE /* NavMenu.swift */; };
		B014A03D1DC2D6D500B62ABD /* feedShort0a@2x.png in Resources */ = {isa = PBXBuildFile; fileRef = B014A0331DC2D6D500B62ABD /* feedShort0a@2x.png */; };
		B014A03E1DC2D6D500B62ABD /* feedShort0b@2x.png in Resources */ = {isa = PBXBuildFile; fileRef = B014A0341DC2D6D500B62ABD /* feedShort0b@2x.png */; };
		B014A03F1DC2D6D500B62ABD /* feedShort1a@2x.png in Resources */ = {isa = PBXBuildFile; fileRef = B014A0351DC2D6D500B62ABD /* feedShort1a@2x.png */; };
		B014A0401DC2D6D500B62ABD /* feedShort1b@2x.png in Resources */ = {isa = PBXBuildFile; fileRef = B014A0361DC2D6D500B62ABD /* feedShort1b@2x.png */; };
		B014A0411DC2D6D500B62ABD /* feedShort2a@2x.png in Resources */ = {isa = PBXBuildFile; fileRef = B014A0371DC2D6D500B62ABD /* feedShort2a@2x.png */; };
		B014A0421DC2D6D500B62ABD /* feedShort2b@2x.png in Resources */ = {isa = PBXBuildFile; fileRef = B014A0381DC2D6D500B62ABD /* feedShort2b@2x.png */; };
		B014A0431DC2D6D500B62ABD /* feedShort3a@2x.png in Resources */ = {isa = PBXBuildFile; fileRef = B014A0391DC2D6D500B62ABD /* feedShort3a@2x.png */; };
		B014A0441DC2D6D500B62ABD /* feedShort3b@2x.png in Resources */ = {isa = PBXBuildFile; fileRef = B014A03A1DC2D6D500B62ABD /* feedShort3b@2x.png */; };
		B014A0451DC2D6D500B62ABD /* feedShort4a@2x.png in Resources */ = {isa = PBXBuildFile; fileRef = B014A03B1DC2D6D500B62ABD /* feedShort4a@2x.png */; };
		B014A0461DC2D6D500B62ABD /* feedShort4b@2x.png in Resources */ = {isa = PBXBuildFile; fileRef = B014A03C1DC2D6D500B62ABD /* feedShort4b@2x.png */; };
		B01F6CE21DC126E100F78591 /* feedChoiceFun@2x.png in Resources */ = {isa = PBXBuildFile; fileRef = B01F6CE01DC126E100F78591 /* feedChoiceFun@2x.png */; };
		B01F6CE31DC126E100F78591 /* feedChoiceSerious@2x.png in Resources */ = {isa = PBXBuildFile; fileRef = B01F6CE11DC126E100F78591 /* feedChoiceSerious@2x.png */; };
		B01F6CE51DC128E900F78591 /* feedGucci@2x.png in Resources */ = {isa = PBXBuildFile; fileRef = B01F6CE41DC128E900F78591 /* feedGucci@2x.png */; };
		B01F6CE71DC1297C00F78591 /* mugshotAngela@2x.png in Resources */ = {isa = PBXBuildFile; fileRef = B01F6CE61DC1297C00F78591 /* mugshotAngela@2x.png */; };
		B01F6CE91DC12D5200F78591 /* pll_full@2x.png in Resources */ = {isa = PBXBuildFile; fileRef = B01F6CE81DC12D5200F78591 /* pll_full@2x.png */; };
		B01F6CEB1DC12D9A00F78591 /* StoryCardFullLayout.xib in Resources */ = {isa = PBXBuildFile; fileRef = B01F6CEA1DC12D9A00F78591 /* StoryCardFullLayout.xib */; };
		B01F6CED1DC12F1800F78591 /* FullStoryCardController.swift in Sources */ = {isa = PBXBuildFile; fileRef = B01F6CEC1DC12F1800F78591 /* FullStoryCardController.swift */; };
		B01F6CEF1DC131A900F78591 /* marlene@2x.png in Resources */ = {isa = PBXBuildFile; fileRef = B01F6CEE1DC131A900F78591 /* marlene@2x.png */; };
		B01F6CF11DC131EA00F78591 /* mugshotMarlene@2x.png in Resources */ = {isa = PBXBuildFile; fileRef = B01F6CF01DC131EA00F78591 /* mugshotMarlene@2x.png */; };
		B01F6CF31DC17FCE00F78591 /* story5@2x.png in Resources */ = {isa = PBXBuildFile; fileRef = B01F6CF21DC17FCE00F78591 /* story5@2x.png */; };
		B01F6CF51DC1841D00F78591 /* ChoicesController.swift in Sources */ = {isa = PBXBuildFile; fileRef = B01F6CF41DC1841D00F78591 /* ChoicesController.swift */; };
		B01F6CF91DC184AB00F78591 /* ChoicesLayout.xib in Resources */ = {isa = PBXBuildFile; fileRef = B01F6CF81DC184AB00F78591 /* ChoicesLayout.xib */; };
		B01F6CFB1DC1850700F78591 /* ChoiceData.swift in Sources */ = {isa = PBXBuildFile; fileRef = B01F6CFA1DC1850700F78591 /* ChoiceData.swift */; };
		B01F6D021DC1861500F78591 /* choiceFlight@2x.png in Resources */ = {isa = PBXBuildFile; fileRef = B01F6CFC1DC1861500F78591 /* choiceFlight@2x.png */; };
		B01F6D031DC1861500F78591 /* choiceHam@2x.png in Resources */ = {isa = PBXBuildFile; fileRef = B01F6CFD1DC1861500F78591 /* choiceHam@2x.png */; };
		B01F6D041DC1861500F78591 /* choiceInvisibility@2x.png in Resources */ = {isa = PBXBuildFile; fileRef = B01F6CFE1DC1861500F78591 /* choiceInvisibility@2x.png */; };
		B01F6D051DC1861500F78591 /* choiceSad@2x.png in Resources */ = {isa = PBXBuildFile; fileRef = B01F6CFF1DC1861500F78591 /* choiceSad@2x.png */; };
		B01F6D061DC1861600F78591 /* choiceStarstruck@2x.png in Resources */ = {isa = PBXBuildFile; fileRef = B01F6D001DC1861500F78591 /* choiceStarstruck@2x.png */; };
		B01F6D071DC1861600F78591 /* choiceStrawberry@2x.png in Resources */ = {isa = PBXBuildFile; fileRef = B01F6D011DC1861500F78591 /* choiceStrawberry@2x.png */; };
		B01F6D091DC1872800F78591 /* ChoiceCellLayout.xib in Resources */ = {isa = PBXBuildFile; fileRef = B01F6D081DC1872800F78591 /* ChoiceCellLayout.xib */; };
		B01F6D0B1DC1873700F78591 /* ChoiceCell.swift in Sources */ = {isa = PBXBuildFile; fileRef = B01F6D0A1DC1873700F78591 /* ChoiceCell.swift */; };
		B01F6D0D1DC2767200F78591 /* iconBadge@2x.png in Resources */ = {isa = PBXBuildFile; fileRef = B01F6D0C1DC2767200F78591 /* iconBadge@2x.png */; };
		B01F6D0F1DC27A5800F78591 /* iconFollower@2x.png in Resources */ = {isa = PBXBuildFile; fileRef = B01F6D0E1DC27A5800F78591 /* iconFollower@2x.png */; };
		B01F6D111DC27DAF00F78591 /* navHeart@2x.png in Resources */ = {isa = PBXBuildFile; fileRef = B01F6D101DC27DAF00F78591 /* navHeart@2x.png */; };
		B037898B1DAD501100DCCACC /* PortalController.swift in Sources */ = {isa = PBXBuildFile; fileRef = B03789891DAD501100DCCACC /* PortalController.swift */; };
		B037898C1DAD501100DCCACC /* StoryController.swift in Sources */ = {isa = PBXBuildFile; fileRef = B037898A1DAD501100DCCACC /* StoryController.swift */; };
		B037898E1DAD54BF00DCCACC /* PortalLayout.xib in Resources */ = {isa = PBXBuildFile; fileRef = B037898D1DAD54BF00DCCACC /* PortalLayout.xib */; };
		B03789991DAD571A00DCCACC /* DidactGothic.ttf in Resources */ = {isa = PBXBuildFile; fileRef = B03789981DAD571A00DCCACC /* DidactGothic.ttf */; };
		B043486C1D99EEEF00C8EE2B /* AppDelegate.swift in Sources */ = {isa = PBXBuildFile; fileRef = B043486B1D99EEEF00C8EE2B /* AppDelegate.swift */; };
		B04348771D99EEEF00C8EE2B /* Assets.xcassets in Resources */ = {isa = PBXBuildFile; fileRef = B04348761D99EEEF00C8EE2B /* Assets.xcassets */; };
		B04348851D99F0BF00C8EE2B /* GameScene.swift in Sources */ = {isa = PBXBuildFile; fileRef = B04348841D99F0BF00C8EE2B /* GameScene.swift */; };
		B04348881D99F0E800C8EE2B /* SKScenePlus.swift in Sources */ = {isa = PBXBuildFile; fileRef = B04348871D99F0E800C8EE2B /* SKScenePlus.swift */; };
		B043488E1D99F18A00C8EE2B /* Atlasser.swift in Sources */ = {isa = PBXBuildFile; fileRef = B04348891D99F18A00C8EE2B /* Atlasser.swift */; };
		B043488F1D99F18A00C8EE2B /* DataUtils.swift in Sources */ = {isa = PBXBuildFile; fileRef = B043488A1D99F18A00C8EE2B /* DataUtils.swift */; };
		B04348901D99F18A00C8EE2B /* SKMultilineLabel.swift in Sources */ = {isa = PBXBuildFile; fileRef = B043488B1D99F18A00C8EE2B /* SKMultilineLabel.swift */; };
		B04348911D99F18A00C8EE2B /* SpriteKitUtils.swift in Sources */ = {isa = PBXBuildFile; fileRef = B043488C1D99F18A00C8EE2B /* SpriteKitUtils.swift */; };
		B043911A1D9EDC44000CC018 /* UIKitUtils.swift in Sources */ = {isa = PBXBuildFile; fileRef = B04391191D9EDC44000CC018 /* UIKitUtils.swift */; };
		B043911C1D9EDC51000CC018 /* MasterController.swift in Sources */ = {isa = PBXBuildFile; fileRef = B043911B1D9EDC51000CC018 /* MasterController.swift */; };
		B04FF3C51DC2B04C0087E4B7 /* Profile-Bridging-Header.m in Sources */ = {isa = PBXBuildFile; fileRef = B04FF3C41DC2B04C0087E4B7 /* Profile-Bridging-Header.m */; };
		B05508201DAEBD7200BDD1F2 /* StylizedButton.swift in Sources */ = {isa = PBXBuildFile; fileRef = B055081F1DAEBD7200BDD1F2 /* StylizedButton.swift */; };
		B05508221DAEC66C00BDD1F2 /* MyShelfLayout.xib in Resources */ = {isa = PBXBuildFile; fileRef = B05508211DAEC66C00BDD1F2 /* MyShelfLayout.xib */; };
		B05508261DAEE07400BDD1F2 /* MyShelfController.swift in Sources */ = {isa = PBXBuildFile; fileRef = B05508251DAEE07400BDD1F2 /* MyShelfController.swift */; };
		B055082A1DAEE15400BDD1F2 /* ShortSceneLayout.xib in Resources */ = {isa = PBXBuildFile; fileRef = B05508291DAEE15400BDD1F2 /* ShortSceneLayout.xib */; };
		B055082C1DAEE31F00BDD1F2 /* cass@2x.png in Resources */ = {isa = PBXBuildFile; fileRef = B055082B1DAEE31F00BDD1F2 /* cass@2x.png */; };
		B055082E1DAEE60400BDD1F2 /* iconCassName@2x.png in Resources */ = {isa = PBXBuildFile; fileRef = B055082D1DAEE60400BDD1F2 /* iconCassName@2x.png */; };
		B05508301DAEE7A500BDD1F2 /* iconEdit@2x.png in Resources */ = {isa = PBXBuildFile; fileRef = B055082F1DAEE7A500BDD1F2 /* iconEdit@2x.png */; };
		B05508321DAEECFD00BDD1F2 /* CredBar.swift in Sources */ = {isa = PBXBuildFile; fileRef = B05508311DAEECFD00BDD1F2 /* CredBar.swift */; };
		B05508341DAEED4300BDD1F2 /* CredBarLayout.xib in Resources */ = {isa = PBXBuildFile; fileRef = B05508331DAEED4300BDD1F2 /* CredBarLayout.xib */; };
		B05508361DAF025E00BDD1F2 /* AchievementLayout.xib in Resources */ = {isa = PBXBuildFile; fileRef = B05508351DAF025E00BDD1F2 /* AchievementLayout.xib */; };
		B055083A1DAF034A00BDD1F2 /* iconLaurelGold@2x.png in Resources */ = {isa = PBXBuildFile; fileRef = B05508371DAF034A00BDD1F2 /* iconLaurelGold@2x.png */; };
		B055083B1DAF034A00BDD1F2 /* iconLaurelGray@2x.png in Resources */ = {isa = PBXBuildFile; fileRef = B05508381DAF034A00BDD1F2 /* iconLaurelGray@2x.png */; };
		B055083C1DAF034A00BDD1F2 /* iconLaurelPlatinum@2x.png in Resources */ = {isa = PBXBuildFile; fileRef = B05508391DAF034A00BDD1F2 /* iconLaurelPlatinum@2x.png */; };
		B055083E1DAF040300BDD1F2 /* Achievement.swift in Sources */ = {isa = PBXBuildFile; fileRef = B055083D1DAF040300BDD1F2 /* Achievement.swift */; };
		B05508461DAF0A7100BDD1F2 /* buttonFollow@2x.png in Resources */ = {isa = PBXBuildFile; fileRef = B05508441DAF0A7100BDD1F2 /* buttonFollow@2x.png */; };
		B05508471DAF0A7100BDD1F2 /* buttonFollowing@2x.png in Resources */ = {isa = PBXBuildFile; fileRef = B05508451DAF0A7100BDD1F2 /* buttonFollowing@2x.png */; };
		B05508491DAF117B00BDD1F2 /* ShelfLayout.xib in Resources */ = {isa = PBXBuildFile; fileRef = B05508481DAF117B00BDD1F2 /* ShelfLayout.xib */; };
		B055084B1DAF118500BDD1F2 /* Shelf.swift in Sources */ = {isa = PBXBuildFile; fileRef = B055084A1DAF118500BDD1F2 /* Shelf.swift */; };
		B055084D1DAF125200BDD1F2 /* bgShelfHeader@2x.png in Resources */ = {isa = PBXBuildFile; fileRef = B055084C1DAF125200BDD1F2 /* bgShelfHeader@2x.png */; };
		B05508541DB02DEE00BDD1F2 /* StoryCardLayout.xib in Resources */ = {isa = PBXBuildFile; fileRef = B05508531DB02DEE00BDD1F2 /* StoryCardLayout.xib */; };
		B05508561DB02EA300BDD1F2 /* StoryCard.swift in Sources */ = {isa = PBXBuildFile; fileRef = B05508551DB02EA300BDD1F2 /* StoryCard.swift */; };
		B070AFBC1DBEC1BE00EA627F /* navAdventures@2x.png in Resources */ = {isa = PBXBuildFile; fileRef = B070AFB11DBEC1BE00EA627F /* navAdventures@2x.png */; };
		B070AFBD1DBEC1BE00EA627F /* navCreate@2x.png in Resources */ = {isa = PBXBuildFile; fileRef = B070AFB21DBEC1BE00EA627F /* navCreate@2x.png */; };
		B070AFBE1DBEC1BE00EA627F /* navDemi@2x.png in Resources */ = {isa = PBXBuildFile; fileRef = B070AFB31DBEC1BE00EA627F /* navDemi@2x.png */; };
		B070AFBF1DBEC1BE00EA627F /* navFeatured@2x.png in Resources */ = {isa = PBXBuildFile; fileRef = B070AFB41DBEC1BE00EA627F /* navFeatured@2x.png */; };
		B070AFC01DBEC1BE00EA627F /* navFeed@2x.png in Resources */ = {isa = PBXBuildFile; fileRef = B070AFB51DBEC1BE00EA627F /* navFeed@2x.png */; };
		B070AFC11DBEC1BE00EA627F /* navGenres@2x.png in Resources */ = {isa = PBXBuildFile; fileRef = B070AFB61DBEC1BE00EA627F /* navGenres@2x.png */; };
		B070AFC21DBEC1BE00EA627F /* navHome@2x.png in Resources */ = {isa = PBXBuildFile; fileRef = B070AFB71DBEC1BE00EA627F /* navHome@2x.png */; };
		B070AFC41DBEC1BE00EA627F /* navMeanGirls@2x.png in Resources */ = {isa = PBXBuildFile; fileRef = B070AFB91DBEC1BE00EA627F /* navMeanGirls@2x.png */; };
		B070AFC51DBEC1BE00EA627F /* navSettings@2x.png in Resources */ = {isa = PBXBuildFile; fileRef = B070AFBA1DBEC1BE00EA627F /* navSettings@2x.png */; };
		B070AFC61DBEC1BE00EA627F /* navUserStories@2x.png in Resources */ = {isa = PBXBuildFile; fileRef = B070AFBB1DBEC1BE00EA627F /* navUserStories@2x.png */; };
		B070AFC81DBEC2CE00EA627F /* navProfile@2x.png in Resources */ = {isa = PBXBuildFile; fileRef = B070AFC71DBEC2CE00EA627F /* navProfile@2x.png */; };
		B070AFCA1DBEC4B900EA627F /* bgHome@2x.png in Resources */ = {isa = PBXBuildFile; fileRef = B070AFC91DBEC4B900EA627F /* bgHome@2x.png */; };
		B070AFCC1DBECCBC00EA627F /* FeedData.swift in Sources */ = {isa = PBXBuildFile; fileRef = B070AFCB1DBECCBC00EA627F /* FeedData.swift */; };
		B070AFCE1DBECD9700EA627F /* iconPlay@2x.png in Resources */ = {isa = PBXBuildFile; fileRef = B070AFCD1DBECD9700EA627F /* iconPlay@2x.png */; };
		B070AFD81DBED31600EA627F /* feedLink@2x.png in Resources */ = {isa = PBXBuildFile; fileRef = B070AFCF1DBED31600EA627F /* feedLink@2x.png */; };
		B070AFD91DBED31600EA627F /* feedMessageCollaborators@2x.png in Resources */ = {isa = PBXBuildFile; fileRef = B070AFD01DBED31600EA627F /* feedMessageCollaborators@2x.png */; };
		B070AFDA1DBED31600EA627F /* feedMessageRec@2x.png in Resources */ = {isa = PBXBuildFile; fileRef = B070AFD11DBED31600EA627F /* feedMessageRec@2x.png */; };
		B070AFDB1DBED31600EA627F /* feedPost@2x.png in Resources */ = {isa = PBXBuildFile; fileRef = B070AFD21DBED31600EA627F /* feedPost@2x.png */; };
		B070AFDC1DBED31600EA627F /* feedSceneCapture@2x.png in Resources */ = {isa = PBXBuildFile; fileRef = B070AFD31DBED31600EA627F /* feedSceneCapture@2x.png */; };
		B070AFDD1DBED31600EA627F /* feedScreenCapture@2x.png in Resources */ = {isa = PBXBuildFile; fileRef = B070AFD41DBED31600EA627F /* feedScreenCapture@2x.png */; };
		B070AFDE1DBED31600EA627F /* feedShort@2x.png in Resources */ = {isa = PBXBuildFile; fileRef = B070AFD51DBED31600EA627F /* feedShort@2x.png */; };
		B070AFDF1DBED31600EA627F /* feedSurvey@2x.png in Resources */ = {isa = PBXBuildFile; fileRef = B070AFD61DBED31600EA627F /* feedSurvey@2x.png */; };
		B070AFE01DBED31600EA627F /* feedVideo@2x.png in Resources */ = {isa = PBXBuildFile; fileRef = B070AFD71DBED31600EA627F /* feedVideo@2x.png */; };
		B070AFE21DBED53200EA627F /* mugshotChristine@2x.png in Resources */ = {isa = PBXBuildFile; fileRef = B070AFE11DBED53200EA627F /* mugshotChristine@2x.png */; };
		B070AFE41DBED6A200EA627F /* mugshotMax@2x.png in Resources */ = {isa = PBXBuildFile; fileRef = B070AFE31DBED6A200EA627F /* mugshotMax@2x.png */; };
		B070AFE81DC006C700EA627F /* feedMessageUser@2x.png in Resources */ = {isa = PBXBuildFile; fileRef = B070AFE51DC006C700EA627F /* feedMessageUser@2x.png */; };
		B070AFEF1DC01C5800EA627F /* story1@2x.png in Resources */ = {isa = PBXBuildFile; fileRef = B070AFEB1DC01C5800EA627F /* story1@2x.png */; };
		B070AFF01DC01C5800EA627F /* story2@2x.png in Resources */ = {isa = PBXBuildFile; fileRef = B070AFEC1DC01C5800EA627F /* story2@2x.png */; };
		B070AFF11DC01C5800EA627F /* story3@2x.png in Resources */ = {isa = PBXBuildFile; fileRef = B070AFED1DC01C5800EA627F /* story3@2x.png */; };
		B070AFF21DC01C5800EA627F /* story4@2x.png in Resources */ = {isa = PBXBuildFile; fileRef = B070AFEE1DC01C5800EA627F /* story4@2x.png */; };
		B070AFF51DC01FDD00EA627F /* pll_thumbnail@2x.png in Resources */ = {isa = PBXBuildFile; fileRef = B070AFF31DC01FDD00EA627F /* pll_thumbnail@2x.png */; };
		B070AFF61DC01FDD00EA627F /* pll.png in Resources */ = {isa = PBXBuildFile; fileRef = B070AFF41DC01FDD00EA627F /* pll.png */; };
		B070AFF81DC0302000EA627F /* buttonChoice@2x.png in Resources */ = {isa = PBXBuildFile; fileRef = B070AFF71DC0302000EA627F /* buttonChoice@2x.png */; };
		B070AFFA1DC0372100EA627F /* storyReminder.png in Resources */ = {isa = PBXBuildFile; fileRef = B070AFF91DC0372100EA627F /* storyReminder.png */; };
		B070AFFC1DC039CF00EA627F /* buttonLovingIt@2x.png in Resources */ = {isa = PBXBuildFile; fileRef = B070AFFB1DC039CF00EA627F /* buttonLovingIt@2x.png */; };
		B09AE6921D9B012B001E6EAC /* LaunchScreen.storyboard in Resources */ = {isa = PBXBuildFile; fileRef = B09AE6911D9B012B001E6EAC /* LaunchScreen.storyboard */; };
		B09AE6981D9B19A2001E6EAC /* bgCollege.png in Resources */ = {isa = PBXBuildFile; fileRef = B09AE6971D9B19A2001E6EAC /* bgCollege.png */; };
		B09AE69F1D9B4057001E6EAC /* bgSpeechBubble@2x.png in Resources */ = {isa = PBXBuildFile; fileRef = B09AE69E1D9B4057001E6EAC /* bgSpeechBubble@2x.png */; };
		B09AE6A21D9B475F001E6EAC /* iconMenu.png in Resources */ = {isa = PBXBuildFile; fileRef = B09AE6A11D9B475F001E6EAC /* iconMenu.png */; };
		B0B1241F1DB55FC500A2BEA1 /* buttonReadNext@2x.png in Resources */ = {isa = PBXBuildFile; fileRef = B0B1241E1DB55FC500A2BEA1 /* buttonReadNext@2x.png */; };
		B0B124211DB560C200A2BEA1 /* buttonLight@2x.png in Resources */ = {isa = PBXBuildFile; fileRef = B0B124201DB560C200A2BEA1 /* buttonLight@2x.png */; };
		B0B124231DB561DD00A2BEA1 /* colonelSanders@2x.png in Resources */ = {isa = PBXBuildFile; fileRef = B0B124221DB561DD00A2BEA1 /* colonelSanders@2x.png */; };
		B0B124251DB5649600A2BEA1 /* buttonLovedIt@2x.png in Resources */ = {isa = PBXBuildFile; fileRef = B0B124241DB5649600A2BEA1 /* buttonLovedIt@2x.png */; };
		B0B124271DB5662100A2BEA1 /* EndOfChapterController.swift in Sources */ = {isa = PBXBuildFile; fileRef = B0B124261DB5662100A2BEA1 /* EndOfChapterController.swift */; };
		B0B1242B1DB579F600A2BEA1 /* buttonWhite@2x.png in Resources */ = {isa = PBXBuildFile; fileRef = B0B1242A1DB579F600A2BEA1 /* buttonWhite@2x.png */; };
		B0B1242D1DB57AA600A2BEA1 /* buttonWhiteSelected@2x.png in Resources */ = {isa = PBXBuildFile; fileRef = B0B1242C1DB57AA600A2BEA1 /* buttonWhiteSelected@2x.png */; };
		B0B1242F1DB5825700A2BEA1 /* iconRose@2x.png in Resources */ = {isa = PBXBuildFile; fileRef = B0B1242E1DB5825700A2BEA1 /* iconRose@2x.png */; };
		B0B124311DB58DC200A2BEA1 /* ShortController.swift in Sources */ = {isa = PBXBuildFile; fileRef = B0B124301DB58DC200A2BEA1 /* ShortController.swift */; };
		B0B124331DB59A5C00A2BEA1 /* BubbleLayout.xib in Resources */ = {isa = PBXBuildFile; fileRef = B0B124321DB59A5C00A2BEA1 /* BubbleLayout.xib */; };
		B0B124351DB59B6B00A2BEA1 /* Bubble.swift in Sources */ = {isa = PBXBuildFile; fileRef = B0B124341DB59B6B00A2BEA1 /* Bubble.swift */; };
		B0B1243E1DB5A59D00A2BEA1 /* bff_thumbnail@2x.png in Resources */ = {isa = PBXBuildFile; fileRef = B0B124361DB5A59D00A2BEA1 /* bff_thumbnail@2x.png */; };
		B0B1243F1DB5A59D00A2BEA1 /* campfire_thumbnail@2x.png in Resources */ = {isa = PBXBuildFile; fileRef = B0B124371DB5A59D00A2BEA1 /* campfire_thumbnail@2x.png */; };
		B0B124401DB5A59D00A2BEA1 /* demi_thumbnail@2x.png in Resources */ = {isa = PBXBuildFile; fileRef = B0B124381DB5A59D00A2BEA1 /* demi_thumbnail@2x.png */; };
		B0B124411DB5A59D00A2BEA1 /* guy_thumbnail@2x.png in Resources */ = {isa = PBXBuildFile; fileRef = B0B124391DB5A59D00A2BEA1 /* guy_thumbnail@2x.png */; };
		B0B124421DB5A59D00A2BEA1 /* kawataki_thumbnail@2x.png in Resources */ = {isa = PBXBuildFile; fileRef = B0B1243A1DB5A59D00A2BEA1 /* kawataki_thumbnail@2x.png */; };
		B0B124431DB5A59D00A2BEA1 /* meanGirls_thumbnail@2x.png in Resources */ = {isa = PBXBuildFile; fileRef = B0B1243B1DB5A59D00A2BEA1 /* meanGirls_thumbnail@2x.png */; };
		B0B124441DB5A59D00A2BEA1 /* sorority_thumbnail@2x.png in Resources */ = {isa = PBXBuildFile; fileRef = B0B1243C1DB5A59D00A2BEA1 /* sorority_thumbnail@2x.png */; };
		B0B124451DB5A59D00A2BEA1 /* sundosia_thumbnail@2x.png in Resources */ = {isa = PBXBuildFile; fileRef = B0B1243D1DB5A59D00A2BEA1 /* sundosia_thumbnail@2x.png */; };
		B0B124491DB5AE6A00A2BEA1 /* FeedItemLayout.xib in Resources */ = {isa = PBXBuildFile; fileRef = B0B124481DB5AE6A00A2BEA1 /* FeedItemLayout.xib */; };
		B0B1244B1DB5AF7A00A2BEA1 /* iconFeedActions@2x.png in Resources */ = {isa = PBXBuildFile; fileRef = B0B1244A1DB5AF7A00A2BEA1 /* iconFeedActions@2x.png */; };
		B0B1244D1DB5AFEA00A2BEA1 /* FeedItem.swift in Sources */ = {isa = PBXBuildFile; fileRef = B0B1244C1DB5AFEA00A2BEA1 /* FeedItem.swift */; };
		B0F27EDD1DBA93BE00BD8462 /* Sparkle.sks in Resources */ = {isa = PBXBuildFile; fileRef = B0F27EDB1DBA93BE00BD8462 /* Sparkle.sks */; };
		B0F27EDE1DBA93BE00BD8462 /* spark.png in Resources */ = {isa = PBXBuildFile; fileRef = B0F27EDC1DBA93BE00BD8462 /* spark.png */; };
		B0F7395C1DB6DCB800AA2DF9 /* FeedLayout.xib in Resources */ = {isa = PBXBuildFile; fileRef = B0F7395B1DB6DCB800AA2DF9 /* FeedLayout.xib */; };
		B0F7395E1DB6DD4600AA2DF9 /* FeedController.swift in Sources */ = {isa = PBXBuildFile; fileRef = B0F7395D1DB6DD4600AA2DF9 /* FeedController.swift */; };
		B0F7396C1DB7E2CF00AA2DF9 /* iconComment@2x.png in Resources */ = {isa = PBXBuildFile; fileRef = B0F739681DB7E2CF00AA2DF9 /* iconComment@2x.png */; };
		B0F7396D1DB7E2CF00AA2DF9 /* iconHeart@2x.png in Resources */ = {isa = PBXBuildFile; fileRef = B0F739691DB7E2CF00AA2DF9 /* iconHeart@2x.png */; };
		B0F7396E1DB7E2CF00AA2DF9 /* iconHeartSelected@2x.png in Resources */ = {isa = PBXBuildFile; fileRef = B0F7396A1DB7E2CF00AA2DF9 /* iconHeartSelected@2x.png */; };
		B0F7396F1DB7E2CF00AA2DF9 /* iconReport@2x.png in Resources */ = {isa = PBXBuildFile; fileRef = B0F7396B1DB7E2CF00AA2DF9 /* iconReport@2x.png */; };
		B0F739711DB7E70B00AA2DF9 /* CommentThreadLayout.xib in Resources */ = {isa = PBXBuildFile; fileRef = B0F739701DB7E70B00AA2DF9 /* CommentThreadLayout.xib */; };
		B0F739731DB7E7C200AA2DF9 /* iconX@2x.png in Resources */ = {isa = PBXBuildFile; fileRef = B0F739721DB7E7C200AA2DF9 /* iconX@2x.png */; };
		B0F739751DB7EBB900AA2DF9 /* CommentsController.swift in Sources */ = {isa = PBXBuildFile; fileRef = B0F739741DB7EBB900AA2DF9 /* CommentsController.swift */; };
		B0F739781DB7F2DB00AA2DF9 /* mugshotCass@2x.png in Resources */ = {isa = PBXBuildFile; fileRef = B0F739771DB7F2DB00AA2DF9 /* mugshotCass@2x.png */; };
		B0F7397A1DB7F2F600AA2DF9 /* CommentLayout.xib in Resources */ = {isa = PBXBuildFile; fileRef = B0F739791DB7F2F600AA2DF9 /* CommentLayout.xib */; };
		B0F7397C1DB7F4C600AA2DF9 /* Comment.swift in Sources */ = {isa = PBXBuildFile; fileRef = B0F7397B1DB7F4C600AA2DF9 /* Comment.swift */; };
		B0F7397E1DB7FA5600AA2DF9 /* mugshotColonelSanders@2x.png in Resources */ = {isa = PBXBuildFile; fileRef = B0F7397D1DB7FA5600AA2DF9 /* mugshotColonelSanders@2x.png */; };
		B0F7398F1DB81F9800AA2DF9 /* GameModel.swift in Sources */ = {isa = PBXBuildFile; fileRef = B0F7398D1DB81F9800AA2DF9 /* GameModel.swift */; };
		B0F739901DB81F9800AA2DF9 /* Profile.swift in Sources */ = {isa = PBXBuildFile; fileRef = B0F7398E1DB81F9800AA2DF9 /* Profile.swift */; };
		B0F739921DB82CD800AA2DF9 /* max@2x.png in Resources */ = {isa = PBXBuildFile; fileRef = B0F739911DB82CD800AA2DF9 /* max@2x.png */; };
		B0F739941DB82E3600AA2DF9 /* search_thumbnail@2x.png in Resources */ = {isa = PBXBuildFile; fileRef = B0F739931DB82E3600AA2DF9 /* search_thumbnail@2x.png */; };
		B0F739981DB844E300AA2DF9 /* bgKarma@2x.png in Resources */ = {isa = PBXBuildFile; fileRef = B0F739971DB844E300AA2DF9 /* bgKarma@2x.png */; };
		B0F7399A1DB8451600AA2DF9 /* SimplePopupController.swift in Sources */ = {isa = PBXBuildFile; fileRef = B0F739991DB8451600AA2DF9 /* SimplePopupController.swift */; };
		B0F7399C1DB845DD00AA2DF9 /* SimplePopupLayout.xib in Resources */ = {isa = PBXBuildFile; fileRef = B0F7399B1DB845DD00AA2DF9 /* SimplePopupLayout.xib */; };
		B0F739A01DB95E4200AA2DF9 /* add_thumbnail@2x.png in Resources */ = {isa = PBXBuildFile; fileRef = B0F7399F1DB95E4100AA2DF9 /* add_thumbnail@2x.png */; };
		B0F739A21DB9606A00AA2DF9 /* bgCameraMenu@2x.png in Resources */ = {isa = PBXBuildFile; fileRef = B0F739A11DB9606A00AA2DF9 /* bgCameraMenu@2x.png */; };
		B0F739A61DB97C2100AA2DF9 /* iconLaurelRainbow@2x.png in Resources */ = {isa = PBXBuildFile; fileRef = B0F739A51DB97C2100AA2DF9 /* iconLaurelRainbow@2x.png */; };
		B0F739AC1DB98DCB00AA2DF9 /* CommentData.swift in Sources */ = {isa = PBXBuildFile; fileRef = B0F739AB1DB98DCB00AA2DF9 /* CommentData.swift */; };
/* End PBXBuildFile section */

/* Begin PBXFileReference section */
		73E9B5F83674E9B7E8A0185B /* Pods-Profile.release.xcconfig */ = {isa = PBXFileReference; includeInIndex = 1; lastKnownFileType = text.xcconfig; name = "Pods-Profile.release.xcconfig"; path = "Pods/Target Support Files/Pods-Profile/Pods-Profile.release.xcconfig"; sourceTree = "<group>"; };
		B0003DA91DADB86B00F710C8 /* ProfileLayout.xib */ = {isa = PBXFileReference; fileEncoding = 4; lastKnownFileType = file.xib; path = ProfileLayout.xib; sourceTree = "<group>"; };
		B0003DAD1DADB8BF00F710C8 /* ProfileController.swift */ = {isa = PBXFileReference; fileEncoding = 4; lastKnownFileType = sourcecode.swift; path = ProfileController.swift; sourceTree = "<group>"; };
		B0041D611DB03B750013C56A /* campfire@2x.png */ = {isa = PBXFileReference; lastKnownFileType = image.png; path = "campfire@2x.png"; sourceTree = "<group>"; };
		B0041D631DB03D070013C56A /* StoryLayout.xib */ = {isa = PBXFileReference; fileEncoding = 4; lastKnownFileType = file.xib; path = StoryLayout.xib; sourceTree = "<group>"; };
		B0041D721DB043910013C56A /* EndOfChapterLayout.xib */ = {isa = PBXFileReference; fileEncoding = 4; lastKnownFileType = file.xib; path = EndOfChapterLayout.xib; sourceTree = "<group>"; };
		B00F40541DAD588D0020C2CE /* bgLoading.png */ = {isa = PBXFileReference; lastKnownFileType = image.png; path = bgLoading.png; sourceTree = "<group>"; };
		B00F405A1DAD5C940020C2CE /* NavCellLayout.xib */ = {isa = PBXFileReference; fileEncoding = 4; lastKnownFileType = file.xib; path = NavCellLayout.xib; sourceTree = "<group>"; };
		B00F405C1DAD5D330020C2CE /* iconNav.png */ = {isa = PBXFileReference; lastKnownFileType = image.png; path = iconNav.png; sourceTree = "<group>"; };
		B00F405E1DAD5D870020C2CE /* NavCell.swift */ = {isa = PBXFileReference; fileEncoding = 4; lastKnownFileType = sourcecode.swift; path = NavCell.swift; sourceTree = "<group>"; };
		B00F40601DAD64580020C2CE /* NavMenu.swift */ = {isa = PBXFileReference; fileEncoding = 4; lastKnownFileType = sourcecode.swift; path = NavMenu.swift; sourceTree = "<group>"; };
		B014A0331DC2D6D500B62ABD /* feedShort0a@2x.png */ = {isa = PBXFileReference; lastKnownFileType = image.png; path = "feedShort0a@2x.png"; sourceTree = "<group>"; };
		B014A0341DC2D6D500B62ABD /* feedShort0b@2x.png */ = {isa = PBXFileReference; lastKnownFileType = image.png; path = "feedShort0b@2x.png"; sourceTree = "<group>"; };
		B014A0351DC2D6D500B62ABD /* feedShort1a@2x.png */ = {isa = PBXFileReference; lastKnownFileType = image.png; path = "feedShort1a@2x.png"; sourceTree = "<group>"; };
		B014A0361DC2D6D500B62ABD /* feedShort1b@2x.png */ = {isa = PBXFileReference; lastKnownFileType = image.png; path = "feedShort1b@2x.png"; sourceTree = "<group>"; };
		B014A0371DC2D6D500B62ABD /* feedShort2a@2x.png */ = {isa = PBXFileReference; lastKnownFileType = image.png; path = "feedShort2a@2x.png"; sourceTree = "<group>"; };
		B014A0381DC2D6D500B62ABD /* feedShort2b@2x.png */ = {isa = PBXFileReference; lastKnownFileType = image.png; path = "feedShort2b@2x.png"; sourceTree = "<group>"; };
		B014A0391DC2D6D500B62ABD /* feedShort3a@2x.png */ = {isa = PBXFileReference; lastKnownFileType = image.png; path = "feedShort3a@2x.png"; sourceTree = "<group>"; };
		B014A03A1DC2D6D500B62ABD /* feedShort3b@2x.png */ = {isa = PBXFileReference; lastKnownFileType = image.png; path = "feedShort3b@2x.png"; sourceTree = "<group>"; };
		B014A03B1DC2D6D500B62ABD /* feedShort4a@2x.png */ = {isa = PBXFileReference; lastKnownFileType = image.png; path = "feedShort4a@2x.png"; sourceTree = "<group>"; };
		B014A03C1DC2D6D500B62ABD /* feedShort4b@2x.png */ = {isa = PBXFileReference; lastKnownFileType = image.png; path = "feedShort4b@2x.png"; sourceTree = "<group>"; };
		B01F6CE01DC126E100F78591 /* feedChoiceFun@2x.png */ = {isa = PBXFileReference; lastKnownFileType = image.png; path = "feedChoiceFun@2x.png"; sourceTree = "<group>"; };
		B01F6CE11DC126E100F78591 /* feedChoiceSerious@2x.png */ = {isa = PBXFileReference; lastKnownFileType = image.png; path = "feedChoiceSerious@2x.png"; sourceTree = "<group>"; };
		B01F6CE41DC128E900F78591 /* feedGucci@2x.png */ = {isa = PBXFileReference; lastKnownFileType = image.png; path = "feedGucci@2x.png"; sourceTree = "<group>"; };
		B01F6CE61DC1297C00F78591 /* mugshotAngela@2x.png */ = {isa = PBXFileReference; lastKnownFileType = image.png; path = "mugshotAngela@2x.png"; sourceTree = "<group>"; };
		B01F6CE81DC12D5200F78591 /* pll_full@2x.png */ = {isa = PBXFileReference; lastKnownFileType = image.png; path = "pll_full@2x.png"; sourceTree = "<group>"; };
		B01F6CEA1DC12D9A00F78591 /* StoryCardFullLayout.xib */ = {isa = PBXFileReference; fileEncoding = 4; lastKnownFileType = file.xib; path = StoryCardFullLayout.xib; sourceTree = "<group>"; };
		B01F6CEC1DC12F1800F78591 /* FullStoryCardController.swift */ = {isa = PBXFileReference; fileEncoding = 4; lastKnownFileType = sourcecode.swift; path = FullStoryCardController.swift; sourceTree = "<group>"; };
		B01F6CEE1DC131A900F78591 /* marlene@2x.png */ = {isa = PBXFileReference; lastKnownFileType = image.png; path = "marlene@2x.png"; sourceTree = "<group>"; };
		B01F6CF01DC131EA00F78591 /* mugshotMarlene@2x.png */ = {isa = PBXFileReference; lastKnownFileType = image.png; path = "mugshotMarlene@2x.png"; sourceTree = "<group>"; };
		B01F6CF21DC17FCE00F78591 /* story5@2x.png */ = {isa = PBXFileReference; lastKnownFileType = image.png; path = "story5@2x.png"; sourceTree = "<group>"; };
		B01F6CF41DC1841D00F78591 /* ChoicesController.swift */ = {isa = PBXFileReference; fileEncoding = 4; lastKnownFileType = sourcecode.swift; path = ChoicesController.swift; sourceTree = "<group>"; };
		B01F6CF81DC184AB00F78591 /* ChoicesLayout.xib */ = {isa = PBXFileReference; fileEncoding = 4; lastKnownFileType = file.xib; path = ChoicesLayout.xib; sourceTree = "<group>"; };
		B01F6CFA1DC1850700F78591 /* ChoiceData.swift */ = {isa = PBXFileReference; fileEncoding = 4; lastKnownFileType = sourcecode.swift; path = ChoiceData.swift; sourceTree = "<group>"; };
		B01F6CFC1DC1861500F78591 /* choiceFlight@2x.png */ = {isa = PBXFileReference; lastKnownFileType = image.png; path = "choiceFlight@2x.png"; sourceTree = "<group>"; };
		B01F6CFD1DC1861500F78591 /* choiceHam@2x.png */ = {isa = PBXFileReference; lastKnownFileType = image.png; path = "choiceHam@2x.png"; sourceTree = "<group>"; };
		B01F6CFE1DC1861500F78591 /* choiceInvisibility@2x.png */ = {isa = PBXFileReference; lastKnownFileType = image.png; path = "choiceInvisibility@2x.png"; sourceTree = "<group>"; };
		B01F6CFF1DC1861500F78591 /* choiceSad@2x.png */ = {isa = PBXFileReference; lastKnownFileType = image.png; path = "choiceSad@2x.png"; sourceTree = "<group>"; };
		B01F6D001DC1861500F78591 /* choiceStarstruck@2x.png */ = {isa = PBXFileReference; lastKnownFileType = image.png; path = "choiceStarstruck@2x.png"; sourceTree = "<group>"; };
		B01F6D011DC1861500F78591 /* choiceStrawberry@2x.png */ = {isa = PBXFileReference; lastKnownFileType = image.png; path = "choiceStrawberry@2x.png"; sourceTree = "<group>"; };
		B01F6D081DC1872800F78591 /* ChoiceCellLayout.xib */ = {isa = PBXFileReference; fileEncoding = 4; lastKnownFileType = file.xib; path = ChoiceCellLayout.xib; sourceTree = "<group>"; };
		B01F6D0A1DC1873700F78591 /* ChoiceCell.swift */ = {isa = PBXFileReference; fileEncoding = 4; lastKnownFileType = sourcecode.swift; path = ChoiceCell.swift; sourceTree = "<group>"; };
		B01F6D0C1DC2767200F78591 /* iconBadge@2x.png */ = {isa = PBXFileReference; lastKnownFileType = image.png; path = "iconBadge@2x.png"; sourceTree = "<group>"; };
		B01F6D0E1DC27A5800F78591 /* iconFollower@2x.png */ = {isa = PBXFileReference; lastKnownFileType = image.png; path = "iconFollower@2x.png"; sourceTree = "<group>"; };
		B01F6D101DC27DAF00F78591 /* navHeart@2x.png */ = {isa = PBXFileReference; lastKnownFileType = image.png; path = "navHeart@2x.png"; sourceTree = "<group>"; };
		B03789891DAD501100DCCACC /* PortalController.swift */ = {isa = PBXFileReference; fileEncoding = 4; lastKnownFileType = sourcecode.swift; path = PortalController.swift; sourceTree = "<group>"; };
		B037898A1DAD501100DCCACC /* StoryController.swift */ = {isa = PBXFileReference; fileEncoding = 4; lastKnownFileType = sourcecode.swift; path = StoryController.swift; sourceTree = "<group>"; };
		B037898D1DAD54BF00DCCACC /* PortalLayout.xib */ = {isa = PBXFileReference; fileEncoding = 4; lastKnownFileType = file.xib; path = PortalLayout.xib; sourceTree = "<group>"; };
		B03789981DAD571A00DCCACC /* DidactGothic.ttf */ = {isa = PBXFileReference; lastKnownFileType = file; path = DidactGothic.ttf; sourceTree = "<group>"; };
		B04348681D99EEEF00C8EE2B /* Profile.app */ = {isa = PBXFileReference; explicitFileType = wrapper.application; includeInIndex = 0; path = Profile.app; sourceTree = BUILT_PRODUCTS_DIR; };
		B043486B1D99EEEF00C8EE2B /* AppDelegate.swift */ = {isa = PBXFileReference; lastKnownFileType = sourcecode.swift; path = AppDelegate.swift; sourceTree = "<group>"; };
		B04348761D99EEEF00C8EE2B /* Assets.xcassets */ = {isa = PBXFileReference; lastKnownFileType = folder.assetcatalog; path = Assets.xcassets; sourceTree = "<group>"; };
		B043487B1D99EEEF00C8EE2B /* Info.plist */ = {isa = PBXFileReference; lastKnownFileType = text.plist.xml; path = Info.plist; sourceTree = "<group>"; };
		B04348841D99F0BF00C8EE2B /* GameScene.swift */ = {isa = PBXFileReference; fileEncoding = 4; lastKnownFileType = sourcecode.swift; path = GameScene.swift; sourceTree = "<group>"; };
		B04348871D99F0E800C8EE2B /* SKScenePlus.swift */ = {isa = PBXFileReference; fileEncoding = 4; lastKnownFileType = sourcecode.swift; path = SKScenePlus.swift; sourceTree = "<group>"; };
		B04348891D99F18A00C8EE2B /* Atlasser.swift */ = {isa = PBXFileReference; fileEncoding = 4; lastKnownFileType = sourcecode.swift; path = Atlasser.swift; sourceTree = "<group>"; };
		B043488A1D99F18A00C8EE2B /* DataUtils.swift */ = {isa = PBXFileReference; fileEncoding = 4; lastKnownFileType = sourcecode.swift; path = DataUtils.swift; sourceTree = "<group>"; };
		B043488B1D99F18A00C8EE2B /* SKMultilineLabel.swift */ = {isa = PBXFileReference; fileEncoding = 4; lastKnownFileType = sourcecode.swift; path = SKMultilineLabel.swift; sourceTree = "<group>"; };
		B043488C1D99F18A00C8EE2B /* SpriteKitUtils.swift */ = {isa = PBXFileReference; fileEncoding = 4; lastKnownFileType = sourcecode.swift; path = SpriteKitUtils.swift; sourceTree = "<group>"; };
		B04391191D9EDC44000CC018 /* UIKitUtils.swift */ = {isa = PBXFileReference; fileEncoding = 4; lastKnownFileType = sourcecode.swift; path = UIKitUtils.swift; sourceTree = "<group>"; };
		B043911B1D9EDC51000CC018 /* MasterController.swift */ = {isa = PBXFileReference; fileEncoding = 4; lastKnownFileType = sourcecode.swift; path = MasterController.swift; sourceTree = "<group>"; };
		B04FF3C31DC2B04C0087E4B7 /* Profile-Bridging-Header.h */ = {isa = PBXFileReference; lastKnownFileType = sourcecode.c.h; path = "Profile-Bridging-Header.h"; sourceTree = "<group>"; };
		B04FF3C41DC2B04C0087E4B7 /* Profile-Bridging-Header.m */ = {isa = PBXFileReference; fileEncoding = 4; lastKnownFileType = sourcecode.c.objc; path = "Profile-Bridging-Header.m"; sourceTree = "<group>"; };
		B055081F1DAEBD7200BDD1F2 /* StylizedButton.swift */ = {isa = PBXFileReference; fileEncoding = 4; lastKnownFileType = sourcecode.swift; path = StylizedButton.swift; sourceTree = "<group>"; };
		B05508211DAEC66C00BDD1F2 /* MyShelfLayout.xib */ = {isa = PBXFileReference; fileEncoding = 4; lastKnownFileType = file.xib; path = MyShelfLayout.xib; sourceTree = "<group>"; };
		B05508251DAEE07400BDD1F2 /* MyShelfController.swift */ = {isa = PBXFileReference; fileEncoding = 4; lastKnownFileType = sourcecode.swift; path = MyShelfController.swift; sourceTree = "<group>"; };
		B05508291DAEE15400BDD1F2 /* ShortSceneLayout.xib */ = {isa = PBXFileReference; fileEncoding = 4; lastKnownFileType = file.xib; path = ShortSceneLayout.xib; sourceTree = "<group>"; };
		B055082B1DAEE31F00BDD1F2 /* cass@2x.png */ = {isa = PBXFileReference; lastKnownFileType = image.png; path = "cass@2x.png"; sourceTree = "<group>"; };
		B055082D1DAEE60400BDD1F2 /* iconCassName@2x.png */ = {isa = PBXFileReference; lastKnownFileType = image.png; path = "iconCassName@2x.png"; sourceTree = "<group>"; };
		B055082F1DAEE7A500BDD1F2 /* iconEdit@2x.png */ = {isa = PBXFileReference; lastKnownFileType = image.png; path = "iconEdit@2x.png"; sourceTree = "<group>"; };
		B05508311DAEECFD00BDD1F2 /* CredBar.swift */ = {isa = PBXFileReference; fileEncoding = 4; lastKnownFileType = sourcecode.swift; path = CredBar.swift; sourceTree = "<group>"; };
		B05508331DAEED4300BDD1F2 /* CredBarLayout.xib */ = {isa = PBXFileReference; fileEncoding = 4; lastKnownFileType = file.xib; path = CredBarLayout.xib; sourceTree = "<group>"; };
		B05508351DAF025E00BDD1F2 /* AchievementLayout.xib */ = {isa = PBXFileReference; fileEncoding = 4; lastKnownFileType = file.xib; path = AchievementLayout.xib; sourceTree = "<group>"; };
		B05508371DAF034A00BDD1F2 /* iconLaurelGold@2x.png */ = {isa = PBXFileReference; lastKnownFileType = image.png; path = "iconLaurelGold@2x.png"; sourceTree = "<group>"; };
		B05508381DAF034A00BDD1F2 /* iconLaurelGray@2x.png */ = {isa = PBXFileReference; lastKnownFileType = image.png; path = "iconLaurelGray@2x.png"; sourceTree = "<group>"; };
		B05508391DAF034A00BDD1F2 /* iconLaurelPlatinum@2x.png */ = {isa = PBXFileReference; lastKnownFileType = image.png; path = "iconLaurelPlatinum@2x.png"; sourceTree = "<group>"; };
		B055083D1DAF040300BDD1F2 /* Achievement.swift */ = {isa = PBXFileReference; fileEncoding = 4; lastKnownFileType = sourcecode.swift; path = Achievement.swift; sourceTree = "<group>"; };
		B05508441DAF0A7100BDD1F2 /* buttonFollow@2x.png */ = {isa = PBXFileReference; lastKnownFileType = image.png; path = "buttonFollow@2x.png"; sourceTree = "<group>"; };
		B05508451DAF0A7100BDD1F2 /* buttonFollowing@2x.png */ = {isa = PBXFileReference; lastKnownFileType = image.png; path = "buttonFollowing@2x.png"; sourceTree = "<group>"; };
		B05508481DAF117B00BDD1F2 /* ShelfLayout.xib */ = {isa = PBXFileReference; fileEncoding = 4; lastKnownFileType = file.xib; path = ShelfLayout.xib; sourceTree = "<group>"; };
		B055084A1DAF118500BDD1F2 /* Shelf.swift */ = {isa = PBXFileReference; fileEncoding = 4; lastKnownFileType = sourcecode.swift; path = Shelf.swift; sourceTree = "<group>"; };
		B055084C1DAF125200BDD1F2 /* bgShelfHeader@2x.png */ = {isa = PBXFileReference; lastKnownFileType = image.png; path = "bgShelfHeader@2x.png"; sourceTree = "<group>"; };
		B05508531DB02DEE00BDD1F2 /* StoryCardLayout.xib */ = {isa = PBXFileReference; fileEncoding = 4; lastKnownFileType = file.xib; path = StoryCardLayout.xib; sourceTree = "<group>"; };
		B05508551DB02EA300BDD1F2 /* StoryCard.swift */ = {isa = PBXFileReference; fileEncoding = 4; lastKnownFileType = sourcecode.swift; path = StoryCard.swift; sourceTree = "<group>"; };
		B070AFB11DBEC1BE00EA627F /* navAdventures@2x.png */ = {isa = PBXFileReference; lastKnownFileType = image.png; path = "navAdventures@2x.png"; sourceTree = "<group>"; };
		B070AFB21DBEC1BE00EA627F /* navCreate@2x.png */ = {isa = PBXFileReference; lastKnownFileType = image.png; path = "navCreate@2x.png"; sourceTree = "<group>"; };
		B070AFB31DBEC1BE00EA627F /* navDemi@2x.png */ = {isa = PBXFileReference; lastKnownFileType = image.png; path = "navDemi@2x.png"; sourceTree = "<group>"; };
		B070AFB41DBEC1BE00EA627F /* navFeatured@2x.png */ = {isa = PBXFileReference; lastKnownFileType = image.png; path = "navFeatured@2x.png"; sourceTree = "<group>"; };
		B070AFB51DBEC1BE00EA627F /* navFeed@2x.png */ = {isa = PBXFileReference; lastKnownFileType = image.png; path = "navFeed@2x.png"; sourceTree = "<group>"; };
		B070AFB61DBEC1BE00EA627F /* navGenres@2x.png */ = {isa = PBXFileReference; lastKnownFileType = image.png; path = "navGenres@2x.png"; sourceTree = "<group>"; };
		B070AFB71DBEC1BE00EA627F /* navHome@2x.png */ = {isa = PBXFileReference; lastKnownFileType = image.png; path = "navHome@2x.png"; sourceTree = "<group>"; };
		B070AFB91DBEC1BE00EA627F /* navMeanGirls@2x.png */ = {isa = PBXFileReference; lastKnownFileType = image.png; path = "navMeanGirls@2x.png"; sourceTree = "<group>"; };
		B070AFBA1DBEC1BE00EA627F /* navSettings@2x.png */ = {isa = PBXFileReference; lastKnownFileType = image.png; path = "navSettings@2x.png"; sourceTree = "<group>"; };
		B070AFBB1DBEC1BE00EA627F /* navUserStories@2x.png */ = {isa = PBXFileReference; lastKnownFileType = image.png; path = "navUserStories@2x.png"; sourceTree = "<group>"; };
		B070AFC71DBEC2CE00EA627F /* navProfile@2x.png */ = {isa = PBXFileReference; lastKnownFileType = image.png; path = "navProfile@2x.png"; sourceTree = "<group>"; };
		B070AFC91DBEC4B900EA627F /* bgHome@2x.png */ = {isa = PBXFileReference; lastKnownFileType = image.png; path = "bgHome@2x.png"; sourceTree = "<group>"; };
		B070AFCB1DBECCBC00EA627F /* FeedData.swift */ = {isa = PBXFileReference; fileEncoding = 4; lastKnownFileType = sourcecode.swift; path = FeedData.swift; sourceTree = "<group>"; };
		B070AFCD1DBECD9700EA627F /* iconPlay@2x.png */ = {isa = PBXFileReference; lastKnownFileType = image.png; path = "iconPlay@2x.png"; sourceTree = "<group>"; };
		B070AFCF1DBED31600EA627F /* feedLink@2x.png */ = {isa = PBXFileReference; lastKnownFileType = image.png; path = "feedLink@2x.png"; sourceTree = "<group>"; };
		B070AFD01DBED31600EA627F /* feedMessageCollaborators@2x.png */ = {isa = PBXFileReference; lastKnownFileType = image.png; path = "feedMessageCollaborators@2x.png"; sourceTree = "<group>"; };
		B070AFD11DBED31600EA627F /* feedMessageRec@2x.png */ = {isa = PBXFileReference; lastKnownFileType = image.png; path = "feedMessageRec@2x.png"; sourceTree = "<group>"; };
		B070AFD21DBED31600EA627F /* feedPost@2x.png */ = {isa = PBXFileReference; lastKnownFileType = image.png; path = "feedPost@2x.png"; sourceTree = "<group>"; };
		B070AFD31DBED31600EA627F /* feedSceneCapture@2x.png */ = {isa = PBXFileReference; lastKnownFileType = image.png; path = "feedSceneCapture@2x.png"; sourceTree = "<group>"; };
		B070AFD41DBED31600EA627F /* feedScreenCapture@2x.png */ = {isa = PBXFileReference; lastKnownFileType = image.png; path = "feedScreenCapture@2x.png"; sourceTree = "<group>"; };
		B070AFD51DBED31600EA627F /* feedShort@2x.png */ = {isa = PBXFileReference; lastKnownFileType = image.png; path = "feedShort@2x.png"; sourceTree = "<group>"; };
		B070AFD61DBED31600EA627F /* feedSurvey@2x.png */ = {isa = PBXFileReference; lastKnownFileType = image.png; path = "feedSurvey@2x.png"; sourceTree = "<group>"; };
		B070AFD71DBED31600EA627F /* feedVideo@2x.png */ = {isa = PBXFileReference; lastKnownFileType = image.png; path = "feedVideo@2x.png"; sourceTree = "<group>"; };
		B070AFE11DBED53200EA627F /* mugshotChristine@2x.png */ = {isa = PBXFileReference; lastKnownFileType = image.png; path = "mugshotChristine@2x.png"; sourceTree = "<group>"; };
		B070AFE31DBED6A200EA627F /* mugshotMax@2x.png */ = {isa = PBXFileReference; lastKnownFileType = image.png; path = "mugshotMax@2x.png"; sourceTree = "<group>"; };
		B070AFE51DC006C700EA627F /* feedMessageUser@2x.png */ = {isa = PBXFileReference; lastKnownFileType = image.png; path = "feedMessageUser@2x.png"; sourceTree = "<group>"; };
		B070AFEB1DC01C5800EA627F /* story1@2x.png */ = {isa = PBXFileReference; lastKnownFileType = image.png; path = "story1@2x.png"; sourceTree = "<group>"; };
		B070AFEC1DC01C5800EA627F /* story2@2x.png */ = {isa = PBXFileReference; lastKnownFileType = image.png; path = "story2@2x.png"; sourceTree = "<group>"; };
		B070AFED1DC01C5800EA627F /* story3@2x.png */ = {isa = PBXFileReference; lastKnownFileType = image.png; path = "story3@2x.png"; sourceTree = "<group>"; };
		B070AFEE1DC01C5800EA627F /* story4@2x.png */ = {isa = PBXFileReference; lastKnownFileType = image.png; path = "story4@2x.png"; sourceTree = "<group>"; };
		B070AFF31DC01FDD00EA627F /* pll_thumbnail@2x.png */ = {isa = PBXFileReference; lastKnownFileType = image.png; path = "pll_thumbnail@2x.png"; sourceTree = "<group>"; };
		B070AFF41DC01FDD00EA627F /* pll.png */ = {isa = PBXFileReference; lastKnownFileType = image.png; path = pll.png; sourceTree = "<group>"; };
		B070AFF71DC0302000EA627F /* buttonChoice@2x.png */ = {isa = PBXFileReference; lastKnownFileType = image.png; path = "buttonChoice@2x.png"; sourceTree = "<group>"; };
		B070AFF91DC0372100EA627F /* storyReminder.png */ = {isa = PBXFileReference; lastKnownFileType = image.png; path = storyReminder.png; sourceTree = "<group>"; };
		B070AFFB1DC039CF00EA627F /* buttonLovingIt@2x.png */ = {isa = PBXFileReference; lastKnownFileType = image.png; path = "buttonLovingIt@2x.png"; sourceTree = "<group>"; };
		B09AE6911D9B012B001E6EAC /* LaunchScreen.storyboard */ = {isa = PBXFileReference; fileEncoding = 4; lastKnownFileType = file.storyboard; path = LaunchScreen.storyboard; sourceTree = "<group>"; };
		B09AE6971D9B19A2001E6EAC /* bgCollege.png */ = {isa = PBXFileReference; lastKnownFileType = image.png; path = bgCollege.png; sourceTree = "<group>"; };
		B09AE69E1D9B4057001E6EAC /* bgSpeechBubble@2x.png */ = {isa = PBXFileReference; lastKnownFileType = image.png; path = "bgSpeechBubble@2x.png"; sourceTree = "<group>"; };
		B09AE6A11D9B475F001E6EAC /* iconMenu.png */ = {isa = PBXFileReference; lastKnownFileType = image.png; path = iconMenu.png; sourceTree = "<group>"; };
		B0B1241E1DB55FC500A2BEA1 /* buttonReadNext@2x.png */ = {isa = PBXFileReference; lastKnownFileType = image.png; path = "buttonReadNext@2x.png"; sourceTree = "<group>"; };
		B0B124201DB560C200A2BEA1 /* buttonLight@2x.png */ = {isa = PBXFileReference; lastKnownFileType = image.png; path = "buttonLight@2x.png"; sourceTree = "<group>"; };
		B0B124221DB561DD00A2BEA1 /* colonelSanders@2x.png */ = {isa = PBXFileReference; lastKnownFileType = image.png; path = "colonelSanders@2x.png"; sourceTree = "<group>"; };
		B0B124241DB5649600A2BEA1 /* buttonLovedIt@2x.png */ = {isa = PBXFileReference; lastKnownFileType = image.png; path = "buttonLovedIt@2x.png"; sourceTree = "<group>"; };
		B0B124261DB5662100A2BEA1 /* EndOfChapterController.swift */ = {isa = PBXFileReference; fileEncoding = 4; lastKnownFileType = sourcecode.swift; path = EndOfChapterController.swift; sourceTree = "<group>"; };
		B0B1242A1DB579F600A2BEA1 /* buttonWhite@2x.png */ = {isa = PBXFileReference; lastKnownFileType = image.png; path = "buttonWhite@2x.png"; sourceTree = "<group>"; };
		B0B1242C1DB57AA600A2BEA1 /* buttonWhiteSelected@2x.png */ = {isa = PBXFileReference; lastKnownFileType = image.png; path = "buttonWhiteSelected@2x.png"; sourceTree = "<group>"; };
		B0B1242E1DB5825700A2BEA1 /* iconRose@2x.png */ = {isa = PBXFileReference; lastKnownFileType = image.png; path = "iconRose@2x.png"; sourceTree = "<group>"; };
		B0B124301DB58DC200A2BEA1 /* ShortController.swift */ = {isa = PBXFileReference; fileEncoding = 4; lastKnownFileType = sourcecode.swift; path = ShortController.swift; sourceTree = "<group>"; };
		B0B124321DB59A5C00A2BEA1 /* BubbleLayout.xib */ = {isa = PBXFileReference; fileEncoding = 4; lastKnownFileType = file.xib; path = BubbleLayout.xib; sourceTree = "<group>"; };
		B0B124341DB59B6B00A2BEA1 /* Bubble.swift */ = {isa = PBXFileReference; fileEncoding = 4; lastKnownFileType = sourcecode.swift; path = Bubble.swift; sourceTree = "<group>"; };
		B0B124361DB5A59D00A2BEA1 /* bff_thumbnail@2x.png */ = {isa = PBXFileReference; lastKnownFileType = image.png; path = "bff_thumbnail@2x.png"; sourceTree = "<group>"; };
		B0B124371DB5A59D00A2BEA1 /* campfire_thumbnail@2x.png */ = {isa = PBXFileReference; lastKnownFileType = image.png; path = "campfire_thumbnail@2x.png"; sourceTree = "<group>"; };
		B0B124381DB5A59D00A2BEA1 /* demi_thumbnail@2x.png */ = {isa = PBXFileReference; lastKnownFileType = image.png; path = "demi_thumbnail@2x.png"; sourceTree = "<group>"; };
		B0B124391DB5A59D00A2BEA1 /* guy_thumbnail@2x.png */ = {isa = PBXFileReference; lastKnownFileType = image.png; path = "guy_thumbnail@2x.png"; sourceTree = "<group>"; };
		B0B1243A1DB5A59D00A2BEA1 /* kawataki_thumbnail@2x.png */ = {isa = PBXFileReference; lastKnownFileType = image.png; path = "kawataki_thumbnail@2x.png"; sourceTree = "<group>"; };
		B0B1243B1DB5A59D00A2BEA1 /* meanGirls_thumbnail@2x.png */ = {isa = PBXFileReference; lastKnownFileType = image.png; path = "meanGirls_thumbnail@2x.png"; sourceTree = "<group>"; };
		B0B1243C1DB5A59D00A2BEA1 /* sorority_thumbnail@2x.png */ = {isa = PBXFileReference; lastKnownFileType = image.png; path = "sorority_thumbnail@2x.png"; sourceTree = "<group>"; };
		B0B1243D1DB5A59D00A2BEA1 /* sundosia_thumbnail@2x.png */ = {isa = PBXFileReference; lastKnownFileType = image.png; path = "sundosia_thumbnail@2x.png"; sourceTree = "<group>"; };
		B0B124481DB5AE6A00A2BEA1 /* FeedItemLayout.xib */ = {isa = PBXFileReference; fileEncoding = 4; lastKnownFileType = file.xib; path = FeedItemLayout.xib; sourceTree = "<group>"; };
		B0B1244A1DB5AF7A00A2BEA1 /* iconFeedActions@2x.png */ = {isa = PBXFileReference; lastKnownFileType = image.png; path = "iconFeedActions@2x.png"; sourceTree = "<group>"; };
		B0B1244C1DB5AFEA00A2BEA1 /* FeedItem.swift */ = {isa = PBXFileReference; fileEncoding = 4; lastKnownFileType = sourcecode.swift; path = FeedItem.swift; sourceTree = "<group>"; };
		B0F27EDB1DBA93BE00BD8462 /* Sparkle.sks */ = {isa = PBXFileReference; lastKnownFileType = file.sks; path = Sparkle.sks; sourceTree = "<group>"; };
		B0F27EDC1DBA93BE00BD8462 /* spark.png */ = {isa = PBXFileReference; lastKnownFileType = image.png; path = spark.png; sourceTree = "<group>"; };
		B0F7395B1DB6DCB800AA2DF9 /* FeedLayout.xib */ = {isa = PBXFileReference; fileEncoding = 4; lastKnownFileType = file.xib; path = FeedLayout.xib; sourceTree = "<group>"; };
		B0F7395D1DB6DD4600AA2DF9 /* FeedController.swift */ = {isa = PBXFileReference; fileEncoding = 4; lastKnownFileType = sourcecode.swift; path = FeedController.swift; sourceTree = "<group>"; };
		B0F739681DB7E2CF00AA2DF9 /* iconComment@2x.png */ = {isa = PBXFileReference; lastKnownFileType = image.png; path = "iconComment@2x.png"; sourceTree = "<group>"; };
		B0F739691DB7E2CF00AA2DF9 /* iconHeart@2x.png */ = {isa = PBXFileReference; lastKnownFileType = image.png; path = "iconHeart@2x.png"; sourceTree = "<group>"; };
		B0F7396A1DB7E2CF00AA2DF9 /* iconHeartSelected@2x.png */ = {isa = PBXFileReference; lastKnownFileType = image.png; path = "iconHeartSelected@2x.png"; sourceTree = "<group>"; };
		B0F7396B1DB7E2CF00AA2DF9 /* iconReport@2x.png */ = {isa = PBXFileReference; lastKnownFileType = image.png; path = "iconReport@2x.png"; sourceTree = "<group>"; };
		B0F739701DB7E70B00AA2DF9 /* CommentThreadLayout.xib */ = {isa = PBXFileReference; fileEncoding = 4; lastKnownFileType = file.xib; path = CommentThreadLayout.xib; sourceTree = "<group>"; };
		B0F739721DB7E7C200AA2DF9 /* iconX@2x.png */ = {isa = PBXFileReference; lastKnownFileType = image.png; path = "iconX@2x.png"; sourceTree = "<group>"; };
		B0F739741DB7EBB900AA2DF9 /* CommentsController.swift */ = {isa = PBXFileReference; fileEncoding = 4; lastKnownFileType = sourcecode.swift; path = CommentsController.swift; sourceTree = "<group>"; };
		B0F739771DB7F2DB00AA2DF9 /* mugshotCass@2x.png */ = {isa = PBXFileReference; lastKnownFileType = image.png; path = "mugshotCass@2x.png"; sourceTree = "<group>"; };
		B0F739791DB7F2F600AA2DF9 /* CommentLayout.xib */ = {isa = PBXFileReference; fileEncoding = 4; lastKnownFileType = file.xib; path = CommentLayout.xib; sourceTree = "<group>"; };
		B0F7397B1DB7F4C600AA2DF9 /* Comment.swift */ = {isa = PBXFileReference; fileEncoding = 4; lastKnownFileType = sourcecode.swift; path = Comment.swift; sourceTree = "<group>"; };
		B0F7397D1DB7FA5600AA2DF9 /* mugshotColonelSanders@2x.png */ = {isa = PBXFileReference; lastKnownFileType = image.png; path = "mugshotColonelSanders@2x.png"; sourceTree = "<group>"; };
		B0F7398D1DB81F9800AA2DF9 /* GameModel.swift */ = {isa = PBXFileReference; fileEncoding = 4; lastKnownFileType = sourcecode.swift; path = GameModel.swift; sourceTree = "<group>"; };
		B0F7398E1DB81F9800AA2DF9 /* Profile.swift */ = {isa = PBXFileReference; fileEncoding = 4; lastKnownFileType = sourcecode.swift; path = Profile.swift; sourceTree = "<group>"; };
		B0F739911DB82CD800AA2DF9 /* max@2x.png */ = {isa = PBXFileReference; lastKnownFileType = image.png; path = "max@2x.png"; sourceTree = "<group>"; };
		B0F739931DB82E3600AA2DF9 /* search_thumbnail@2x.png */ = {isa = PBXFileReference; lastKnownFileType = image.png; path = "search_thumbnail@2x.png"; sourceTree = "<group>"; };
		B0F739971DB844E300AA2DF9 /* bgKarma@2x.png */ = {isa = PBXFileReference; lastKnownFileType = image.png; path = "bgKarma@2x.png"; sourceTree = "<group>"; };
		B0F739991DB8451600AA2DF9 /* SimplePopupController.swift */ = {isa = PBXFileReference; fileEncoding = 4; lastKnownFileType = sourcecode.swift; path = SimplePopupController.swift; sourceTree = "<group>"; };
		B0F7399B1DB845DD00AA2DF9 /* SimplePopupLayout.xib */ = {isa = PBXFileReference; fileEncoding = 4; lastKnownFileType = file.xib; path = SimplePopupLayout.xib; sourceTree = "<group>"; };
		B0F7399F1DB95E4100AA2DF9 /* add_thumbnail@2x.png */ = {isa = PBXFileReference; lastKnownFileType = image.png; path = "add_thumbnail@2x.png"; sourceTree = "<group>"; };
		B0F739A11DB9606A00AA2DF9 /* bgCameraMenu@2x.png */ = {isa = PBXFileReference; lastKnownFileType = image.png; path = "bgCameraMenu@2x.png"; sourceTree = "<group>"; };
		B0F739A51DB97C2100AA2DF9 /* iconLaurelRainbow@2x.png */ = {isa = PBXFileReference; lastKnownFileType = image.png; path = "iconLaurelRainbow@2x.png"; sourceTree = "<group>"; };
		B0F739AB1DB98DCB00AA2DF9 /* CommentData.swift */ = {isa = PBXFileReference; fileEncoding = 4; lastKnownFileType = sourcecode.swift; path = CommentData.swift; sourceTree = "<group>"; };
		C8CB0284A79FBE28DD962FAC /* Pods_Profile.framework */ = {isa = PBXFileReference; explicitFileType = wrapper.framework; includeInIndex = 0; name = Pods_Profile.framework; path = "../../../../../../../../../Users/maxglin/Library/Developer/Xcode/DerivedData/Profile-fpxrrbyzxfsbhtbdoqelqjiqylfk/Build/Products/Debug-iphoneos/Pods_Profile.framework"; sourceTree = SDKROOT; };
		CFA22C04DEDBB1968E3C188E /* Pods-Profile.debug.xcconfig */ = {isa = PBXFileReference; includeInIndex = 1; lastKnownFileType = text.xcconfig; name = "Pods-Profile.debug.xcconfig"; path = "Pods/Target Support Files/Pods-Profile/Pods-Profile.debug.xcconfig"; sourceTree = "<group>"; };
/* End PBXFileReference section */

/* Begin PBXFrameworksBuildPhase section */
		B04348651D99EEEF00C8EE2B /* Frameworks */ = {
			isa = PBXFrameworksBuildPhase;
			buildActionMask = 2147483647;
			files = (
				4F50B31628B09FEDA02A19DD /* Pods_Profile.framework in Frameworks */,
			);
			runOnlyForDeploymentPostprocessing = 0;
		};
/* End PBXFrameworksBuildPhase section */

/* Begin PBXGroup section */
		2ED624087EE1DFF80A8F2F57 /* Pods */ = {
			isa = PBXGroup;
			children = (
				CFA22C04DEDBB1968E3C188E /* Pods-Profile.debug.xcconfig */,
				73E9B5F83674E9B7E8A0185B /* Pods-Profile.release.xcconfig */,
			);
			name = Pods;
			sourceTree = "<group>";
		};
		B0041D671DB041230013C56A /* StoryFrames */ = {
			isa = PBXGroup;
			children = (
				B070AFEB1DC01C5800EA627F /* story1@2x.png */,
				B070AFEC1DC01C5800EA627F /* story2@2x.png */,
				B070AFED1DC01C5800EA627F /* story3@2x.png */,
				B070AFEE1DC01C5800EA627F /* story4@2x.png */,
				B01F6CF21DC17FCE00F78591 /* story5@2x.png */,
				B070AFF91DC0372100EA627F /* storyReminder.png */,
			);
			path = StoryFrames;
			sourceTree = "<group>";
		};
		B03789951DAD56F100DCCACC /* Fonts */ = {
			isa = PBXGroup;
			children = (
				B03789981DAD571A00DCCACC /* DidactGothic.ttf */,
			);
			path = Fonts;
			sourceTree = "<group>";
		};
		B043485F1D99EEEF00C8EE2B = {
			isa = PBXGroup;
			children = (
				B09AE6951D9B19A2001E6EAC /* Assets */,
				B04348811D99F05300C8EE2B /* Controllers */,
				B0F7398C1DB81F9800AA2DF9 /* Model */,
				B043486A1D99EEEF00C8EE2B /* Profile */,
				B04348971D99F43C00C8EE2B /* Scenes */,
				B04348861D99F0E800C8EE2B /* Utils */,
				B043911F1D9EDF52000CC018 /* Views */,
				B04348691D99EEEF00C8EE2B /* Products */,
				2ED624087EE1DFF80A8F2F57 /* Pods */,
				B6F9AF2959293F1BF070E6BB /* Frameworks */,
			);
			sourceTree = "<group>";
		};
		B04348691D99EEEF00C8EE2B /* Products */ = {
			isa = PBXGroup;
			children = (
				B04348681D99EEEF00C8EE2B /* Profile.app */,
			);
			name = Products;
			sourceTree = "<group>";
		};
		B043486A1D99EEEF00C8EE2B /* Profile */ = {
			isa = PBXGroup;
			children = (
				B043486B1D99EEEF00C8EE2B /* AppDelegate.swift */,
				B04348761D99EEEF00C8EE2B /* Assets.xcassets */,
				B043487B1D99EEEF00C8EE2B /* Info.plist */,
				B04FF3C41DC2B04C0087E4B7 /* Profile-Bridging-Header.m */,
				B04FF3C31DC2B04C0087E4B7 /* Profile-Bridging-Header.h */,
			);
			path = Profile;
			sourceTree = "<group>";
		};
		B04348811D99F05300C8EE2B /* Controllers */ = {
			isa = PBXGroup;
			children = (
				B01F6CF41DC1841D00F78591 /* ChoicesController.swift */,
				B0F739741DB7EBB900AA2DF9 /* CommentsController.swift */,
				B0B124261DB5662100A2BEA1 /* EndOfChapterController.swift */,
				B0F7395D1DB6DD4600AA2DF9 /* FeedController.swift */,
				B01F6CEC1DC12F1800F78591 /* FullStoryCardController.swift */,
				B04348841D99F0BF00C8EE2B /* GameScene.swift */,
				B043911B1D9EDC51000CC018 /* MasterController.swift */,
				B05508251DAEE07400BDD1F2 /* MyShelfController.swift */,
				B03789891DAD501100DCCACC /* PortalController.swift */,
				B0003DAD1DADB8BF00F710C8 /* ProfileController.swift */,
				B0B124301DB58DC200A2BEA1 /* ShortController.swift */,
				B0F739991DB8451600AA2DF9 /* SimplePopupController.swift */,
				B037898A1DAD501100DCCACC /* StoryController.swift */,
			);
			path = Controllers;
			sourceTree = "<group>";
		};
		B04348861D99F0E800C8EE2B /* Utils */ = {
			isa = PBXGroup;
			children = (
				B04348891D99F18A00C8EE2B /* Atlasser.swift */,
				B043488A1D99F18A00C8EE2B /* DataUtils.swift */,
				B043488B1D99F18A00C8EE2B /* SKMultilineLabel.swift */,
				B04348871D99F0E800C8EE2B /* SKScenePlus.swift */,
				B043488C1D99F18A00C8EE2B /* SpriteKitUtils.swift */,
				B055081F1DAEBD7200BDD1F2 /* StylizedButton.swift */,
				B04391191D9EDC44000CC018 /* UIKitUtils.swift */,
			);
			path = Utils;
			sourceTree = "<group>";
		};
		B04348971D99F43C00C8EE2B /* Scenes */ = {
			isa = PBXGroup;
			children = (
				B05508351DAF025E00BDD1F2 /* AchievementLayout.xib */,
				B0B124321DB59A5C00A2BEA1 /* BubbleLayout.xib */,
				B01F6D081DC1872800F78591 /* ChoiceCellLayout.xib */,
				B01F6CF81DC184AB00F78591 /* ChoicesLayout.xib */,
				B0F739791DB7F2F600AA2DF9 /* CommentLayout.xib */,
				B0F739701DB7E70B00AA2DF9 /* CommentThreadLayout.xib */,
				B05508331DAEED4300BDD1F2 /* CredBarLayout.xib */,
				B0041D721DB043910013C56A /* EndOfChapterLayout.xib */,
				B0B124481DB5AE6A00A2BEA1 /* FeedItemLayout.xib */,
				B0F7395B1DB6DCB800AA2DF9 /* FeedLayout.xib */,
				B09AE6911D9B012B001E6EAC /* LaunchScreen.storyboard */,
				B05508211DAEC66C00BDD1F2 /* MyShelfLayout.xib */,
				B00F405A1DAD5C940020C2CE /* NavCellLayout.xib */,
				B0003DA91DADB86B00F710C8 /* ProfileLayout.xib */,
				B037898D1DAD54BF00DCCACC /* PortalLayout.xib */,
				B05508481DAF117B00BDD1F2 /* ShelfLayout.xib */,
				B0F27EDC1DBA93BE00BD8462 /* spark.png */,
				B05508291DAEE15400BDD1F2 /* ShortSceneLayout.xib */,
				B0F7399B1DB845DD00AA2DF9 /* SimplePopupLayout.xib */,
				B0F27EDB1DBA93BE00BD8462 /* Sparkle.sks */,
				B01F6CEA1DC12D9A00F78591 /* StoryCardFullLayout.xib */,
				B05508531DB02DEE00BDD1F2 /* StoryCardLayout.xib */,
				B0041D631DB03D070013C56A /* StoryLayout.xib */,
			);
			path = Scenes;
			sourceTree = "<group>";
		};
		B043911F1D9EDF52000CC018 /* Views */ = {
			isa = PBXGroup;
			children = (
				B055083D1DAF040300BDD1F2 /* Achievement.swift */,
				B0B124341DB59B6B00A2BEA1 /* Bubble.swift */,
				B01F6D0A1DC1873700F78591 /* ChoiceCell.swift */,
				B0F7397B1DB7F4C600AA2DF9 /* Comment.swift */,
				B05508311DAEECFD00BDD1F2 /* CredBar.swift */,
				B0B1244C1DB5AFEA00A2BEA1 /* FeedItem.swift */,
				B00F405E1DAD5D870020C2CE /* NavCell.swift */,
				B00F40601DAD64580020C2CE /* NavMenu.swift */,
				B055084A1DAF118500BDD1F2 /* Shelf.swift */,
				B05508551DB02EA300BDD1F2 /* StoryCard.swift */,
			);
			path = Views;
			sourceTree = "<group>";
		};
		B05508431DAF0A7100BDD1F2 /* Controls */ = {
			isa = PBXGroup;
			children = (
				B070AFF71DC0302000EA627F /* buttonChoice@2x.png */,
				B05508441DAF0A7100BDD1F2 /* buttonFollow@2x.png */,
				B05508451DAF0A7100BDD1F2 /* buttonFollowing@2x.png */,
				B0B124201DB560C200A2BEA1 /* buttonLight@2x.png */,
				B0B124241DB5649600A2BEA1 /* buttonLovedIt@2x.png */,
				B070AFFB1DC039CF00EA627F /* buttonLovingIt@2x.png */,
				B0B1241E1DB55FC500A2BEA1 /* buttonReadNext@2x.png */,
				B0B1242A1DB579F600A2BEA1 /* buttonWhite@2x.png */,
				B0B1242C1DB57AA600A2BEA1 /* buttonWhiteSelected@2x.png */,
			);
			path = Controls;
			sourceTree = "<group>";
		};
		B05508671DB038D400BDD1F2 /* StoryCards */ = {
			isa = PBXGroup;
			children = (
				B0F7399F1DB95E4100AA2DF9 /* add_thumbnail@2x.png */,
				B0B124361DB5A59D00A2BEA1 /* bff_thumbnail@2x.png */,
				B0041D611DB03B750013C56A /* campfire@2x.png */,
				B0B124371DB5A59D00A2BEA1 /* campfire_thumbnail@2x.png */,
				B0B124381DB5A59D00A2BEA1 /* demi_thumbnail@2x.png */,
				B0B124391DB5A59D00A2BEA1 /* guy_thumbnail@2x.png */,
				B0B1243A1DB5A59D00A2BEA1 /* kawataki_thumbnail@2x.png */,
				B0B1243B1DB5A59D00A2BEA1 /* meanGirls_thumbnail@2x.png */,
				B01F6CE81DC12D5200F78591 /* pll_full@2x.png */,
				B070AFF31DC01FDD00EA627F /* pll_thumbnail@2x.png */,
				B070AFF41DC01FDD00EA627F /* pll.png */,
				B0F739931DB82E3600AA2DF9 /* search_thumbnail@2x.png */,
				B0B1243C1DB5A59D00A2BEA1 /* sorority_thumbnail@2x.png */,
				B0B1243D1DB5A59D00A2BEA1 /* sundosia_thumbnail@2x.png */,
			);
			path = StoryCards;
			sourceTree = "<group>";
		};
		B09AE6951D9B19A2001E6EAC /* Assets */ = {
			isa = PBXGroup;
			children = (
				B09AE6961D9B19A2001E6EAC /* Backgrounds */,
				B09AE6991D9B1AEC001E6EAC /* Characters */,
				B05508431DAF0A7100BDD1F2 /* Controls */,
				B0F7395F1DB6F49D00AA2DF9 /* Feeds */,
				B03789951DAD56F100DCCACC /* Fonts */,
				B09AE6A01D9B475F001E6EAC /* Icons */,
				B0F739761DB7F2DB00AA2DF9 /* Mugshots */,
				B05508671DB038D400BDD1F2 /* StoryCards */,
				B0041D671DB041230013C56A /* StoryFrames */,
			);
			path = Assets;
			sourceTree = "<group>";
		};
		B09AE6961D9B19A2001E6EAC /* Backgrounds */ = {
			isa = PBXGroup;
			children = (
				B0F739A11DB9606A00AA2DF9 /* bgCameraMenu@2x.png */,
				B09AE6971D9B19A2001E6EAC /* bgCollege.png */,
				B070AFC91DBEC4B900EA627F /* bgHome@2x.png */,
				B0F739971DB844E300AA2DF9 /* bgKarma@2x.png */,
				B00F40541DAD588D0020C2CE /* bgLoading.png */,
				B055084C1DAF125200BDD1F2 /* bgShelfHeader@2x.png */,
				B09AE69E1D9B4057001E6EAC /* bgSpeechBubble@2x.png */,
			);
			path = Backgrounds;
			sourceTree = "<group>";
		};
		B09AE6991D9B1AEC001E6EAC /* Characters */ = {
			isa = PBXGroup;
			children = (
				B055082B1DAEE31F00BDD1F2 /* cass@2x.png */,
				B0B124221DB561DD00A2BEA1 /* colonelSanders@2x.png */,
				B01F6CEE1DC131A900F78591 /* marlene@2x.png */,
				B0F739911DB82CD800AA2DF9 /* max@2x.png */,
			);
			path = Characters;
			sourceTree = "<group>";
		};
		B09AE6A01D9B475F001E6EAC /* Icons */ = {
			isa = PBXGroup;
			children = (
				B01F6CFC1DC1861500F78591 /* choiceFlight@2x.png */,
				B01F6CFD1DC1861500F78591 /* choiceHam@2x.png */,
				B01F6CFE1DC1861500F78591 /* choiceInvisibility@2x.png */,
				B01F6CFF1DC1861500F78591 /* choiceSad@2x.png */,
				B01F6D001DC1861500F78591 /* choiceStarstruck@2x.png */,
				B01F6D011DC1861500F78591 /* choiceStrawberry@2x.png */,
				B01F6D0C1DC2767200F78591 /* iconBadge@2x.png */,
				B055082D1DAEE60400BDD1F2 /* iconCassName@2x.png */,
				B0F739681DB7E2CF00AA2DF9 /* iconComment@2x.png */,
				B055082F1DAEE7A500BDD1F2 /* iconEdit@2x.png */,
				B0B1244A1DB5AF7A00A2BEA1 /* iconFeedActions@2x.png */,
				B01F6D0E1DC27A5800F78591 /* iconFollower@2x.png */,
				B0F739691DB7E2CF00AA2DF9 /* iconHeart@2x.png */,
				B0F7396A1DB7E2CF00AA2DF9 /* iconHeartSelected@2x.png */,
				B05508371DAF034A00BDD1F2 /* iconLaurelGold@2x.png */,
				B05508381DAF034A00BDD1F2 /* iconLaurelGray@2x.png */,
				B05508391DAF034A00BDD1F2 /* iconLaurelPlatinum@2x.png */,
				B0F739A51DB97C2100AA2DF9 /* iconLaurelRainbow@2x.png */,
				B09AE6A11D9B475F001E6EAC /* iconMenu.png */,
				B00F405C1DAD5D330020C2CE /* iconNav.png */,
				B070AFCD1DBECD9700EA627F /* iconPlay@2x.png */,
				B0F7396B1DB7E2CF00AA2DF9 /* iconReport@2x.png */,
				B0B1242E1DB5825700A2BEA1 /* iconRose@2x.png */,
				B0F739721DB7E7C200AA2DF9 /* iconX@2x.png */,
				B070AFB11DBEC1BE00EA627F /* navAdventures@2x.png */,
				B070AFB21DBEC1BE00EA627F /* navCreate@2x.png */,
				B070AFB31DBEC1BE00EA627F /* navDemi@2x.png */,
				B070AFB41DBEC1BE00EA627F /* navFeatured@2x.png */,
				B070AFB51DBEC1BE00EA627F /* navFeed@2x.png */,
				B070AFB61DBEC1BE00EA627F /* navGenres@2x.png */,
				B01F6D101DC27DAF00F78591 /* navHeart@2x.png */,
				B070AFB71DBEC1BE00EA627F /* navHome@2x.png */,
				B070AFB91DBEC1BE00EA627F /* navMeanGirls@2x.png */,
				B070AFC71DBEC2CE00EA627F /* navProfile@2x.png */,
				B070AFBA1DBEC1BE00EA627F /* navSettings@2x.png */,
				B070AFBB1DBEC1BE00EA627F /* navUserStories@2x.png */,
			);
			path = Icons;
			sourceTree = "<group>";
		};
		B0F7395F1DB6F49D00AA2DF9 /* Feeds */ = {
			isa = PBXGroup;
			children = (
				B01F6CE01DC126E100F78591 /* feedChoiceFun@2x.png */,
				B01F6CE11DC126E100F78591 /* feedChoiceSerious@2x.png */,
				B01F6CE41DC128E900F78591 /* feedGucci@2x.png */,
				B070AFCF1DBED31600EA627F /* feedLink@2x.png */,
				B070AFD01DBED31600EA627F /* feedMessageCollaborators@2x.png */,
				B070AFD11DBED31600EA627F /* feedMessageRec@2x.png */,
				B070AFE51DC006C700EA627F /* feedMessageUser@2x.png */,
				B070AFD21DBED31600EA627F /* feedPost@2x.png */,
				B070AFD31DBED31600EA627F /* feedSceneCapture@2x.png */,
				B070AFD41DBED31600EA627F /* feedScreenCapture@2x.png */,
				B070AFD51DBED31600EA627F /* feedShort@2x.png */,
				B014A0331DC2D6D500B62ABD /* feedShort0a@2x.png */,
				B014A0341DC2D6D500B62ABD /* feedShort0b@2x.png */,
				B014A0351DC2D6D500B62ABD /* feedShort1a@2x.png */,
				B014A0361DC2D6D500B62ABD /* feedShort1b@2x.png */,
				B014A0371DC2D6D500B62ABD /* feedShort2a@2x.png */,
				B014A0381DC2D6D500B62ABD /* feedShort2b@2x.png */,
				B014A0391DC2D6D500B62ABD /* feedShort3a@2x.png */,
				B014A03A1DC2D6D500B62ABD /* feedShort3b@2x.png */,
				B014A03B1DC2D6D500B62ABD /* feedShort4a@2x.png */,
				B014A03C1DC2D6D500B62ABD /* feedShort4b@2x.png */,
				B070AFD61DBED31600EA627F /* feedSurvey@2x.png */,
				B070AFD71DBED31600EA627F /* feedVideo@2x.png */,
			);
			path = Feeds;
			sourceTree = "<group>";
		};
		B0F739761DB7F2DB00AA2DF9 /* Mugshots */ = {
			isa = PBXGroup;
			children = (
				B01F6CE61DC1297C00F78591 /* mugshotAngela@2x.png */,
				B0F739771DB7F2DB00AA2DF9 /* mugshotCass@2x.png */,
				B070AFE11DBED53200EA627F /* mugshotChristine@2x.png */,
				B0F7397D1DB7FA5600AA2DF9 /* mugshotColonelSanders@2x.png */,
				B01F6CF01DC131EA00F78591 /* mugshotMarlene@2x.png */,
				B070AFE31DBED6A200EA627F /* mugshotMax@2x.png */,
			);
			path = Mugshots;
			sourceTree = "<group>";
		};
		B0F7398C1DB81F9800AA2DF9 /* Model */ = {
			isa = PBXGroup;
			children = (
				B01F6CFA1DC1850700F78591 /* ChoiceData.swift */,
				B0F739AB1DB98DCB00AA2DF9 /* CommentData.swift */,
				B070AFCB1DBECCBC00EA627F /* FeedData.swift */,
				B0F7398D1DB81F9800AA2DF9 /* GameModel.swift */,
				B0F7398E1DB81F9800AA2DF9 /* Profile.swift */,
			);
			path = Model;
			sourceTree = "<group>";
		};
		B6F9AF2959293F1BF070E6BB /* Frameworks */ = {
			isa = PBXGroup;
			children = (
				C8CB0284A79FBE28DD962FAC /* Pods_Profile.framework */,
			);
			name = Frameworks;
			sourceTree = "<group>";
		};
/* End PBXGroup section */

/* Begin PBXNativeTarget section */
		B04348671D99EEEF00C8EE2B /* Profile */ = {
			isa = PBXNativeTarget;
			buildConfigurationList = B043487E1D99EEEF00C8EE2B /* Build configuration list for PBXNativeTarget "Profile" */;
			buildPhases = (
				85DD498814664F45E807247D /* [CP] Check Pods Manifest.lock */,
				B04348641D99EEEF00C8EE2B /* Sources */,
				B04348651D99EEEF00C8EE2B /* Frameworks */,
				B04348661D99EEEF00C8EE2B /* Resources */,
				2247451C55A9A17E9E831856 /* [CP] Embed Pods Frameworks */,
				6D9C47C5DB79B6260F7E6F1A /* [CP] Copy Pods Resources */,
			);
			buildRules = (
			);
			dependencies = (
			);
			name = Profile;
			productName = Profile;
			productReference = B04348681D99EEEF00C8EE2B /* Profile.app */;
			productType = "com.apple.product-type.application";
		};
/* End PBXNativeTarget section */

/* Begin PBXProject section */
		B04348601D99EEEF00C8EE2B /* Project object */ = {
			isa = PBXProject;
			attributes = {
				LastSwiftUpdateCheck = 0730;
				LastUpgradeCheck = 0800;
				ORGANIZATIONNAME = "Mushroom Studio";
				TargetAttributes = {
					B04348671D99EEEF00C8EE2B = {
						CreatedOnToolsVersion = 7.3;
						DevelopmentTeam = 298F5G8964;
						LastSwiftMigration = 0800;
					};
				};
			};
			buildConfigurationList = B04348631D99EEEF00C8EE2B /* Build configuration list for PBXProject "Profile" */;
			compatibilityVersion = "Xcode 3.2";
			developmentRegion = English;
			hasScannedForEncodings = 0;
			knownRegions = (
				en,
				Base,
			);
			mainGroup = B043485F1D99EEEF00C8EE2B;
			productRefGroup = B04348691D99EEEF00C8EE2B /* Products */;
			projectDirPath = "";
			projectRoot = "";
			targets = (
				B04348671D99EEEF00C8EE2B /* Profile */,
			);
		};
/* End PBXProject section */

/* Begin PBXResourcesBuildPhase section */
		B04348661D99EEEF00C8EE2B /* Resources */ = {
			isa = PBXResourcesBuildPhase;
			buildActionMask = 2147483647;
			files = (
				B070AFC11DBEC1BE00EA627F /* navGenres@2x.png in Resources */,
				B0F739781DB7F2DB00AA2DF9 /* mugshotCass@2x.png in Resources */,
				B0B124491DB5AE6A00A2BEA1 /* FeedItemLayout.xib in Resources */,
				B070AFC01DBEC1BE00EA627F /* navFeed@2x.png in Resources */,
				B09AE6981D9B19A2001E6EAC /* bgCollege.png in Resources */,
				B055084D1DAF125200BDD1F2 /* bgShelfHeader@2x.png in Resources */,
				B0F739941DB82E3600AA2DF9 /* search_thumbnail@2x.png in Resources */,
				B0B1242D1DB57AA600A2BEA1 /* buttonWhiteSelected@2x.png in Resources */,
				B01F6CEB1DC12D9A00F78591 /* StoryCardFullLayout.xib in Resources */,
				B070AFD91DBED31600EA627F /* feedMessageCollaborators@2x.png in Resources */,
				B0F7397A1DB7F2F600AA2DF9 /* CommentLayout.xib in Resources */,
				B0B124231DB561DD00A2BEA1 /* colonelSanders@2x.png in Resources */,
				B0B1243F1DB5A59D00A2BEA1 /* campfire_thumbnail@2x.png in Resources */,
				B0B124211DB560C200A2BEA1 /* buttonLight@2x.png in Resources */,
				B070AFF01DC01C5800EA627F /* story2@2x.png in Resources */,
				B05508361DAF025E00BDD1F2 /* AchievementLayout.xib in Resources */,
				B055082A1DAEE15400BDD1F2 /* ShortSceneLayout.xib in Resources */,
				B070AFDB1DBED31600EA627F /* feedPost@2x.png in Resources */,
				B01F6CEF1DC131A900F78591 /* marlene@2x.png in Resources */,
				B055082C1DAEE31F00BDD1F2 /* cass@2x.png in Resources */,
				B070AFDE1DBED31600EA627F /* feedShort@2x.png in Resources */,
				B00F405B1DAD5C940020C2CE /* NavCellLayout.xib in Resources */,
				B070AFCE1DBECD9700EA627F /* iconPlay@2x.png in Resources */,
				B0F739A61DB97C2100AA2DF9 /* iconLaurelRainbow@2x.png in Resources */,
				B070AFEF1DC01C5800EA627F /* story1@2x.png in Resources */,
				B05508341DAEED4300BDD1F2 /* CredBarLayout.xib in Resources */,
				B070AFDA1DBED31600EA627F /* feedMessageRec@2x.png in Resources */,
				B0F7396F1DB7E2CF00AA2DF9 /* iconReport@2x.png in Resources */,
				B014A03D1DC2D6D500B62ABD /* feedShort0a@2x.png in Resources */,
				B070AFF61DC01FDD00EA627F /* pll.png in Resources */,
				B0F739731DB7E7C200AA2DF9 /* iconX@2x.png in Resources */,
				B0B124431DB5A59D00A2BEA1 /* meanGirls_thumbnail@2x.png in Resources */,
				B070AFE21DBED53200EA627F /* mugshotChristine@2x.png in Resources */,
				B070AFDD1DBED31600EA627F /* feedScreenCapture@2x.png in Resources */,
				B014A0401DC2D6D500B62ABD /* feedShort1b@2x.png in Resources */,
				B01F6D091DC1872800F78591 /* ChoiceCellLayout.xib in Resources */,
				B0B1243E1DB5A59D00A2BEA1 /* bff_thumbnail@2x.png in Resources */,
				B070AFFA1DC0372100EA627F /* storyReminder.png in Resources */,
				B0041D641DB03D070013C56A /* StoryLayout.xib in Resources */,
				B0041D621DB03B750013C56A /* campfire@2x.png in Resources */,
				B014A0441DC2D6D500B62ABD /* feedShort3b@2x.png in Resources */,
				B014A0461DC2D6D500B62ABD /* feedShort4b@2x.png in Resources */,
				B01F6D041DC1861500F78591 /* choiceInvisibility@2x.png in Resources */,
				B0F7396C1DB7E2CF00AA2DF9 /* iconComment@2x.png in Resources */,
				B070AFCA1DBEC4B900EA627F /* bgHome@2x.png in Resources */,
				B070AFD81DBED31600EA627F /* feedLink@2x.png in Resources */,
				B070AFE41DBED6A200EA627F /* mugshotMax@2x.png in Resources */,
				B014A03F1DC2D6D500B62ABD /* feedShort1a@2x.png in Resources */,
				B01F6CF31DC17FCE00F78591 /* story5@2x.png in Resources */,
				B070AFDC1DBED31600EA627F /* feedSceneCapture@2x.png in Resources */,
				B0F7399C1DB845DD00AA2DF9 /* SimplePopupLayout.xib in Resources */,
				B0B124411DB5A59D00A2BEA1 /* guy_thumbnail@2x.png in Resources */,
				B01F6D0D1DC2767200F78591 /* iconBadge@2x.png in Resources */,
				B0B124331DB59A5C00A2BEA1 /* BubbleLayout.xib in Resources */,
				B03789991DAD571A00DCCACC /* DidactGothic.ttf in Resources */,
				B0F7396D1DB7E2CF00AA2DF9 /* iconHeart@2x.png in Resources */,
				B0B124421DB5A59D00A2BEA1 /* kawataki_thumbnail@2x.png in Resources */,
				B05508541DB02DEE00BDD1F2 /* StoryCardLayout.xib in Resources */,
				B055083B1DAF034A00BDD1F2 /* iconLaurelGray@2x.png in Resources */,
				B070AFC81DBEC2CE00EA627F /* navProfile@2x.png in Resources */,
				B070AFBF1DBEC1BE00EA627F /* navFeatured@2x.png in Resources */,
				B0F7397E1DB7FA5600AA2DF9 /* mugshotColonelSanders@2x.png in Resources */,
				B05508461DAF0A7100BDD1F2 /* buttonFollow@2x.png in Resources */,
				B055082E1DAEE60400BDD1F2 /* iconCassName@2x.png in Resources */,
				B0F739981DB844E300AA2DF9 /* bgKarma@2x.png in Resources */,
				B0B1241F1DB55FC500A2BEA1 /* buttonReadNext@2x.png in Resources */,
				B070AFFC1DC039CF00EA627F /* buttonLovingIt@2x.png in Resources */,
				B0F739A21DB9606A00AA2DF9 /* bgCameraMenu@2x.png in Resources */,
				B014A0431DC2D6D500B62ABD /* feedShort3a@2x.png in Resources */,
				B0B1242F1DB5825700A2BEA1 /* iconRose@2x.png in Resources */,
				B070AFC41DBEC1BE00EA627F /* navMeanGirls@2x.png in Resources */,
				B070AFF21DC01C5800EA627F /* story4@2x.png in Resources */,
				B070AFC51DBEC1BE00EA627F /* navSettings@2x.png in Resources */,
				B070AFC61DBEC1BE00EA627F /* navUserStories@2x.png in Resources */,
				B037898E1DAD54BF00DCCACC /* PortalLayout.xib in Resources */,
				B0F739711DB7E70B00AA2DF9 /* CommentThreadLayout.xib in Resources */,
				B070AFF11DC01C5800EA627F /* story3@2x.png in Resources */,
				B070AFDF1DBED31600EA627F /* feedSurvey@2x.png in Resources */,
				B05508301DAEE7A500BDD1F2 /* iconEdit@2x.png in Resources */,
				B070AFC21DBEC1BE00EA627F /* navHome@2x.png in Resources */,
				B0B124251DB5649600A2BEA1 /* buttonLovedIt@2x.png in Resources */,
				B070AFF51DC01FDD00EA627F /* pll_thumbnail@2x.png in Resources */,
				B01F6D111DC27DAF00F78591 /* navHeart@2x.png in Resources */,
				B070AFBE1DBEC1BE00EA627F /* navDemi@2x.png in Resources */,
				B05508471DAF0A7100BDD1F2 /* buttonFollowing@2x.png in Resources */,
				B01F6CF91DC184AB00F78591 /* ChoicesLayout.xib in Resources */,
				B0B1244B1DB5AF7A00A2BEA1 /* iconFeedActions@2x.png in Resources */,
				B01F6CE91DC12D5200F78591 /* pll_full@2x.png in Resources */,
				B01F6CE31DC126E100F78591 /* feedChoiceSerious@2x.png in Resources */,
				B01F6D061DC1861600F78591 /* choiceStarstruck@2x.png in Resources */,
				B070AFBC1DBEC1BE00EA627F /* navAdventures@2x.png in Resources */,
				B01F6CE51DC128E900F78591 /* feedGucci@2x.png in Resources */,
				B09AE6921D9B012B001E6EAC /* LaunchScreen.storyboard in Resources */,
				B05508491DAF117B00BDD1F2 /* ShelfLayout.xib in Resources */,
				B0F27EDD1DBA93BE00BD8462 /* Sparkle.sks in Resources */,
				B070AFBD1DBEC1BE00EA627F /* navCreate@2x.png in Resources */,
				B01F6D051DC1861500F78591 /* choiceSad@2x.png in Resources */,
				B0B124451DB5A59D00A2BEA1 /* sundosia_thumbnail@2x.png in Resources */,
				B0F7396E1DB7E2CF00AA2DF9 /* iconHeartSelected@2x.png in Resources */,
				B00F40551DAD588D0020C2CE /* bgLoading.png in Resources */,
				B055083A1DAF034A00BDD1F2 /* iconLaurelGold@2x.png in Resources */,
				B0B124441DB5A59D00A2BEA1 /* sorority_thumbnail@2x.png in Resources */,
				B014A03E1DC2D6D500B62ABD /* feedShort0b@2x.png in Resources */,
				B070AFE81DC006C700EA627F /* feedMessageUser@2x.png in Resources */,
				B04348771D99EEEF00C8EE2B /* Assets.xcassets in Resources */,
				B00F405D1DAD5D330020C2CE /* iconNav.png in Resources */,
				B014A0421DC2D6D500B62ABD /* feedShort2b@2x.png in Resources */,
				B01F6CE71DC1297C00F78591 /* mugshotAngela@2x.png in Resources */,
				B070AFE01DBED31600EA627F /* feedVideo@2x.png in Resources */,
				B055083C1DAF034A00BDD1F2 /* iconLaurelPlatinum@2x.png in Resources */,
				B01F6D031DC1861500F78591 /* choiceHam@2x.png in Resources */,
				B01F6CE21DC126E100F78591 /* feedChoiceFun@2x.png in Resources */,
				B09AE6A21D9B475F001E6EAC /* iconMenu.png in Resources */,
				B0F739921DB82CD800AA2DF9 /* max@2x.png in Resources */,
				B0B124401DB5A59D00A2BEA1 /* demi_thumbnail@2x.png in Resources */,
				B01F6D0F1DC27A5800F78591 /* iconFollower@2x.png in Resources */,
				B01F6CF11DC131EA00F78591 /* mugshotMarlene@2x.png in Resources */,
				B0F27EDE1DBA93BE00BD8462 /* spark.png in Resources */,
				B014A0451DC2D6D500B62ABD /* feedShort4a@2x.png in Resources */,
				B09AE69F1D9B4057001E6EAC /* bgSpeechBubble@2x.png in Resources */,
				B05508221DAEC66C00BDD1F2 /* MyShelfLayout.xib in Resources */,
				B01F6D021DC1861500F78591 /* choiceFlight@2x.png in Resources */,
				B014A0411DC2D6D500B62ABD /* feedShort2a@2x.png in Resources */,
				B01F6D071DC1861600F78591 /* choiceStrawberry@2x.png in Resources */,
				B0B1242B1DB579F600A2BEA1 /* buttonWhite@2x.png in Resources */,
				B0F7395C1DB6DCB800AA2DF9 /* FeedLayout.xib in Resources */,
				B0003DAA1DADB86B00F710C8 /* ProfileLayout.xib in Resources */,
				B0F739A01DB95E4200AA2DF9 /* add_thumbnail@2x.png in Resources */,
				B0041D731DB043910013C56A /* EndOfChapterLayout.xib in Resources */,
				B070AFF81DC0302000EA627F /* buttonChoice@2x.png in Resources */,
			);
			runOnlyForDeploymentPostprocessing = 0;
		};
/* End PBXResourcesBuildPhase section */

/* Begin PBXShellScriptBuildPhase section */
		2247451C55A9A17E9E831856 /* [CP] Embed Pods Frameworks */ = {
			isa = PBXShellScriptBuildPhase;
			buildActionMask = 2147483647;
			files = (
			);
			inputPaths = (
			);
			name = "[CP] Embed Pods Frameworks";
			outputPaths = (
			);
			runOnlyForDeploymentPostprocessing = 0;
			shellPath = /bin/sh;
			shellScript = "\"${SRCROOT}/Pods/Target Support Files/Pods-Profile/Pods-Profile-frameworks.sh\"\n";
			showEnvVarsInLog = 0;
		};
		6D9C47C5DB79B6260F7E6F1A /* [CP] Copy Pods Resources */ = {
			isa = PBXShellScriptBuildPhase;
			buildActionMask = 2147483647;
			files = (
			);
			inputPaths = (
			);
			name = "[CP] Copy Pods Resources";
			outputPaths = (
			);
			runOnlyForDeploymentPostprocessing = 0;
			shellPath = /bin/sh;
			shellScript = "\"${SRCROOT}/Pods/Target Support Files/Pods-Profile/Pods-Profile-resources.sh\"\n";
			showEnvVarsInLog = 0;
		};
		85DD498814664F45E807247D /* [CP] Check Pods Manifest.lock */ = {
			isa = PBXShellScriptBuildPhase;
			buildActionMask = 2147483647;
			files = (
			);
			inputPaths = (
			);
			name = "[CP] Check Pods Manifest.lock";
			outputPaths = (
			);
			runOnlyForDeploymentPostprocessing = 0;
			shellPath = /bin/sh;
			shellScript = "diff \"${PODS_ROOT}/../Podfile.lock\" \"${PODS_ROOT}/Manifest.lock\" > /dev/null\nif [ $? != 0 ] ; then\n    # print error to STDERR\n    echo \"error: The sandbox is not in sync with the Podfile.lock. Run 'pod install' or update your CocoaPods installation.\" >&2\n    exit 1\nfi\n";
			showEnvVarsInLog = 0;
		};
/* End PBXShellScriptBuildPhase section */

/* Begin PBXSourcesBuildPhase section */
		B04348641D99EEEF00C8EE2B /* Sources */ = {
			isa = PBXSourcesBuildPhase;
			buildActionMask = 2147483647;
			files = (
				B01F6CF51DC1841D00F78591 /* ChoicesController.swift in Sources */,
				B055084B1DAF118500BDD1F2 /* Shelf.swift in Sources */,
				B01F6D0B1DC1873700F78591 /* ChoiceCell.swift in Sources */,
				B04348881D99F0E800C8EE2B /* SKScenePlus.swift in Sources */,
				B0F739901DB81F9800AA2DF9 /* Profile.swift in Sources */,
				B0003DAE1DADB8BF00F710C8 /* ProfileController.swift in Sources */,
				B0F7397C1DB7F4C600AA2DF9 /* Comment.swift in Sources */,
				B05508561DB02EA300BDD1F2 /* StoryCard.swift in Sources */,
				B0F7398F1DB81F9800AA2DF9 /* GameModel.swift in Sources */,
				B0B124311DB58DC200A2BEA1 /* ShortController.swift in Sources */,
				B043488F1D99F18A00C8EE2B /* DataUtils.swift in Sources */,
				B05508261DAEE07400BDD1F2 /* MyShelfController.swift in Sources */,
				B0B124271DB5662100A2BEA1 /* EndOfChapterController.swift in Sources */,
				B04348901D99F18A00C8EE2B /* SKMultilineLabel.swift in Sources */,
				B0F7395E1DB6DD4600AA2DF9 /* FeedController.swift in Sources */,
				B00F40611DAD64580020C2CE /* NavMenu.swift in Sources */,
				B0F739751DB7EBB900AA2DF9 /* CommentsController.swift in Sources */,
				B05508201DAEBD7200BDD1F2 /* StylizedButton.swift in Sources */,
				B0F7399A1DB8451600AA2DF9 /* SimplePopupController.swift in Sources */,
				B043488E1D99F18A00C8EE2B /* Atlasser.swift in Sources */,
				B043911A1D9EDC44000CC018 /* UIKitUtils.swift in Sources */,
				B05508321DAEECFD00BDD1F2 /* CredBar.swift in Sources */,
				B037898C1DAD501100DCCACC /* StoryController.swift in Sources */,
				B04348851D99F0BF00C8EE2B /* GameScene.swift in Sources */,
				B043486C1D99EEEF00C8EE2B /* AppDelegate.swift in Sources */,
				B070AFCC1DBECCBC00EA627F /* FeedData.swift in Sources */,
				B043911C1D9EDC51000CC018 /* MasterController.swift in Sources */,
				B04FF3C51DC2B04C0087E4B7 /* Profile-Bridging-Header.m in Sources */,
				B04348911D99F18A00C8EE2B /* SpriteKitUtils.swift in Sources */,
				B0B124351DB59B6B00A2BEA1 /* Bubble.swift in Sources */,
				B0F739AC1DB98DCB00AA2DF9 /* CommentData.swift in Sources */,
				B00F405F1DAD5D870020C2CE /* NavCell.swift in Sources */,
				B01F6CFB1DC1850700F78591 /* ChoiceData.swift in Sources */,
				B01F6CED1DC12F1800F78591 /* FullStoryCardController.swift in Sources */,
				B055083E1DAF040300BDD1F2 /* Achievement.swift in Sources */,
				B0B1244D1DB5AFEA00A2BEA1 /* FeedItem.swift in Sources */,
				B037898B1DAD501100DCCACC /* PortalController.swift in Sources */,
			);
			runOnlyForDeploymentPostprocessing = 0;
		};
/* End PBXSourcesBuildPhase section */

/* Begin XCBuildConfiguration section */
		B043487C1D99EEEF00C8EE2B /* Debug */ = {
			isa = XCBuildConfiguration;
			buildSettings = {
				ALWAYS_SEARCH_USER_PATHS = NO;
				CLANG_ANALYZER_NONNULL = YES;
				CLANG_CXX_LANGUAGE_STANDARD = "gnu++0x";
				CLANG_CXX_LIBRARY = "libc++";
				CLANG_ENABLE_MODULES = YES;
				CLANG_ENABLE_OBJC_ARC = YES;
				CLANG_WARN_BOOL_CONVERSION = YES;
				CLANG_WARN_CONSTANT_CONVERSION = YES;
				CLANG_WARN_DIRECT_OBJC_ISA_USAGE = YES_ERROR;
				CLANG_WARN_EMPTY_BODY = YES;
				CLANG_WARN_ENUM_CONVERSION = YES;
				CLANG_WARN_INFINITE_RECURSION = YES;
				CLANG_WARN_INT_CONVERSION = YES;
				CLANG_WARN_OBJC_ROOT_CLASS = YES_ERROR;
				CLANG_WARN_SUSPICIOUS_MOVE = YES;
				CLANG_WARN_UNREACHABLE_CODE = YES;
				CLANG_WARN__DUPLICATE_METHOD_MATCH = YES;
				"CODE_SIGN_IDENTITY[sdk=iphoneos*]" = "iPhone Developer";
				COPY_PHASE_STRIP = NO;
				DEBUG_INFORMATION_FORMAT = "dwarf-with-dsym";
				ENABLE_STRICT_OBJC_MSGSEND = YES;
				ENABLE_TESTABILITY = YES;
				GCC_C_LANGUAGE_STANDARD = gnu99;
				GCC_DYNAMIC_NO_PIC = NO;
				GCC_NO_COMMON_BLOCKS = YES;
				GCC_OPTIMIZATION_LEVEL = 0;
				GCC_PREPROCESSOR_DEFINITIONS = (
					"DEBUG=1",
					"$(inherited)",
				);
				GCC_WARN_64_TO_32_BIT_CONVERSION = YES;
				GCC_WARN_ABOUT_RETURN_TYPE = YES_ERROR;
				GCC_WARN_UNDECLARED_SELECTOR = YES;
				GCC_WARN_UNINITIALIZED_AUTOS = YES_AGGRESSIVE;
				GCC_WARN_UNUSED_FUNCTION = YES;
				GCC_WARN_UNUSED_VARIABLE = YES;
				IPHONEOS_DEPLOYMENT_TARGET = 9.3;
				MTL_ENABLE_DEBUG_INFO = YES;
				ONLY_ACTIVE_ARCH = YES;
				SDKROOT = iphoneos;
				SWIFT_OPTIMIZATION_LEVEL = "-Onone";
			};
			name = Debug;
		};
		B043487D1D99EEEF00C8EE2B /* Release */ = {
			isa = XCBuildConfiguration;
			buildSettings = {
				ALWAYS_SEARCH_USER_PATHS = NO;
				CLANG_ANALYZER_NONNULL = YES;
				CLANG_CXX_LANGUAGE_STANDARD = "gnu++0x";
				CLANG_CXX_LIBRARY = "libc++";
				CLANG_ENABLE_MODULES = YES;
				CLANG_ENABLE_OBJC_ARC = YES;
				CLANG_WARN_BOOL_CONVERSION = YES;
				CLANG_WARN_CONSTANT_CONVERSION = YES;
				CLANG_WARN_DIRECT_OBJC_ISA_USAGE = YES_ERROR;
				CLANG_WARN_EMPTY_BODY = YES;
				CLANG_WARN_ENUM_CONVERSION = YES;
				CLANG_WARN_INFINITE_RECURSION = YES;
				CLANG_WARN_INT_CONVERSION = YES;
				CLANG_WARN_OBJC_ROOT_CLASS = YES_ERROR;
				CLANG_WARN_SUSPICIOUS_MOVE = YES;
				CLANG_WARN_UNREACHABLE_CODE = YES;
				CLANG_WARN__DUPLICATE_METHOD_MATCH = YES;
				"CODE_SIGN_IDENTITY[sdk=iphoneos*]" = "iPhone Developer";
				COPY_PHASE_STRIP = NO;
				DEBUG_INFORMATION_FORMAT = "dwarf-with-dsym";
				ENABLE_NS_ASSERTIONS = NO;
				ENABLE_STRICT_OBJC_MSGSEND = YES;
				GCC_C_LANGUAGE_STANDARD = gnu99;
				GCC_NO_COMMON_BLOCKS = YES;
				GCC_WARN_64_TO_32_BIT_CONVERSION = YES;
				GCC_WARN_ABOUT_RETURN_TYPE = YES_ERROR;
				GCC_WARN_UNDECLARED_SELECTOR = YES;
				GCC_WARN_UNINITIALIZED_AUTOS = YES_AGGRESSIVE;
				GCC_WARN_UNUSED_FUNCTION = YES;
				GCC_WARN_UNUSED_VARIABLE = YES;
				IPHONEOS_DEPLOYMENT_TARGET = 9.3;
				MTL_ENABLE_DEBUG_INFO = NO;
				SDKROOT = iphoneos;
				SWIFT_OPTIMIZATION_LEVEL = "-Owholemodule";
				VALIDATE_PRODUCT = YES;
			};
			name = Release;
		};
		B043487F1D99EEEF00C8EE2B /* Debug */ = {
			isa = XCBuildConfiguration;
			baseConfigurationReference = CFA22C04DEDBB1968E3C188E /* Pods-Profile.debug.xcconfig */;
			buildSettings = {
				ASSETCATALOG_COMPILER_APPICON_NAME = AppIcon;
				CLANG_ENABLE_MODULES = YES;
				DEVELOPMENT_TEAM = 298F5G8964;
				INFOPLIST_FILE = Profile/Info.plist;
				LD_RUNPATH_SEARCH_PATHS = "$(inherited) @executable_path/Frameworks";
				PRODUCT_BUNDLE_IDENTIFIER = com.mushroomStudio.Profile;
				PRODUCT_NAME = "$(TARGET_NAME)";
				SWIFT_OBJC_BRIDGING_HEADER = "Profile/Profile-Bridging-Header.h";
				SWIFT_OPTIMIZATION_LEVEL = "-Onone";
				SWIFT_VERSION = 3.0;
			};
			name = Debug;
		};
		B04348801D99EEEF00C8EE2B /* Release */ = {
			isa = XCBuildConfiguration;
			baseConfigurationReference = 73E9B5F83674E9B7E8A0185B /* Pods-Profile.release.xcconfig */;
			buildSettings = {
				ASSETCATALOG_COMPILER_APPICON_NAME = AppIcon;
				CLANG_ENABLE_MODULES = YES;
				DEVELOPMENT_TEAM = 298F5G8964;
				INFOPLIST_FILE = Profile/Info.plist;
				LD_RUNPATH_SEARCH_PATHS = "$(inherited) @executable_path/Frameworks";
				PRODUCT_BUNDLE_IDENTIFIER = com.mushroomStudio.Profile;
				PRODUCT_NAME = "$(TARGET_NAME)";
				SWIFT_OBJC_BRIDGING_HEADER = "Profile/Profile-Bridging-Header.h";
				SWIFT_VERSION = 3.0;
			};
			name = Release;
		};
/* End XCBuildConfiguration section */

/* Begin XCConfigurationList section */
		B04348631D99EEEF00C8EE2B /* Build configuration list for PBXProject "Profile" */ = {
			isa = XCConfigurationList;
			buildConfigurations = (
				B043487C1D99EEEF00C8EE2B /* Debug */,
				B043487D1D99EEEF00C8EE2B /* Release */,
			);
			defaultConfigurationIsVisible = 0;
			defaultConfigurationName = Release;
		};
		B043487E1D99EEEF00C8EE2B /* Build configuration list for PBXNativeTarget "Profile" */ = {
			isa = XCConfigurationList;
			buildConfigurations = (
				B043487F1D99EEEF00C8EE2B /* Debug */,
				B04348801D99EEEF00C8EE2B /* Release */,
			);
			defaultConfigurationIsVisible = 0;
			defaultConfigurationName = Release;
		};
/* End XCConfigurationList section */
	};
	rootObject = B04348601D99EEEF00C8EE2B /* Project object */;
}
